// !$*UTF8*$!
{
	archiveVersion = 1;
	classes = {
	};
	objectVersion = 51;
	objects = {

/* Begin PBXBuildFile section */
		41CC8F7976D19EAE759EA3FA /* Pods_Fetch___Remastered.framework in Frameworks */ = {isa = PBXBuildFile; fileRef = 24B2C114BEC5BA9CD572FD77 /* Pods_Fetch___Remastered.framework */; };
		C9042C1124E5712200783805 /* gold1.wav in Resources */ = {isa = PBXBuildFile; fileRef = C9042C0E24E5712200783805 /* gold1.wav */; };
		C9042C1224E5712200783805 /* gold2.mp3 in Resources */ = {isa = PBXBuildFile; fileRef = C9042C0F24E5712200783805 /* gold2.mp3 */; };
		C9042C1324E5712200783805 /* wind.wav in Resources */ = {isa = PBXBuildFile; fileRef = C9042C1024E5712200783805 /* wind.wav */; };
		C9042C1624E5EC3800783805 /* beep.mp3 in Resources */ = {isa = PBXBuildFile; fileRef = C9042C1524E5EC3700783805 /* beep.mp3 */; };
		C91D437A2675556D00B166A8 /* Universals.swift in Sources */ = {isa = PBXBuildFile; fileRef = C91D43792675556D00B166A8 /* Universals.swift */; };
		C93D2E30268BAEEF00C981E0 /* Fetchremasteredshadow-Regular.ttf in Resources */ = {isa = PBXBuildFile; fileRef = C93D2E2F268BAEEF00C981E0 /* Fetchremasteredshadow-Regular.ttf */; };
		C93D2E3B268C21E600C981E0 /* Fetchremasteredtitleshadow-Regular.ttf in Resources */ = {isa = PBXBuildFile; fileRef = C93D2E39268C21E500C981E0 /* Fetchremasteredtitleshadow-Regular.ttf */; };
		C93D2E3C268C21E600C981E0 /* Fetchremasteretitle-Regular.ttf in Resources */ = {isa = PBXBuildFile; fileRef = C93D2E3A268C21E600C981E0 /* Fetchremasteretitle-Regular.ttf */; };
		C94CC55C24D9DADF00C0274C /* GameModifiersExtension.swift in Sources */ = {isa = PBXBuildFile; fileRef = C94CC55B24D9DADF00C0274C /* GameModifiersExtension.swift */; };
		C953C00C24DCDE9E0011F5F8 /* goldCoins.sks in Resources */ = {isa = PBXBuildFile; fileRef = C953C00B24DCDE9E0011F5F8 /* goldCoins.sks */; };
		C95AAB10268D2DC80063A62E /* UIUniversals.swift in Sources */ = {isa = PBXBuildFile; fileRef = C95AAB0F268D2DC80063A62E /* UIUniversals.swift */; };
		C9662499267E4AE9002317D7 /* Ball.swift in Sources */ = {isa = PBXBuildFile; fileRef = C9662498267E4AE9002317D7 /* Ball.swift */; };
		C9670B7624DC4ACA00BD5F7B /* SettingsViewController.swift in Sources */ = {isa = PBXBuildFile; fileRef = C9670B7524DC4ACA00BD5F7B /* SettingsViewController.swift */; };
		C98C31D924E40FD500217317 /* Stickers.xcassets in Resources */ = {isa = PBXBuildFile; fileRef = C98C31D824E40FD500217317 /* Stickers.xcassets */; };
		C98C31DD24E40FD500217317 /* Fetch - Remastered Stickers.appex in Embed App Extensions */ = {isa = PBXBuildFile; fileRef = C98C31D624E40FD200217317 /* Fetch - Remastered Stickers.appex */; settings = {ATTRIBUTES = (RemoveHeadersOnCopy, ); }; };
		C98F212124D4545200D709F9 /* GameModifiersViewController.swift in Sources */ = {isa = PBXBuildFile; fileRef = C98F212024D4545200D709F9 /* GameModifiersViewController.swift */; };
		C98F212324D4546400D709F9 /* ProfileViewController.swift in Sources */ = {isa = PBXBuildFile; fileRef = C98F212224D4546400D709F9 /* ProfileViewController.swift */; };
		C98F212524D4546E00D709F9 /* GoldViewController.swift in Sources */ = {isa = PBXBuildFile; fileRef = C98F212424D4546E00D709F9 /* GoldViewController.swift */; };
		C98F212924D4C62700D709F9 /* StoreKit.framework in Frameworks */ = {isa = PBXBuildFile; fileRef = C98F212824D4C62700D709F9 /* StoreKit.framework */; };
		C99B9BCE2675BB1800B79947 /* Flipping Label.swift in Sources */ = {isa = PBXBuildFile; fileRef = C99B9BCD2675BB1800B79947 /* Flipping Label.swift */; };
		C99B9BD226767AA600B79947 /* Fetch_remasteredFont-Regular.ttf in Resources */ = {isa = PBXBuildFile; fileRef = C99B9BD12676781500B79947 /* Fetch_remasteredFont-Regular.ttf */; };
		C99B9BD42679780800B79947 /* CustomAnimation.swift in Sources */ = {isa = PBXBuildFile; fileRef = C99B9BD32679780700B79947 /* CustomAnimation.swift */; };
		C9A9CA442671351100FF8199 /* Dog.swift in Sources */ = {isa = PBXBuildFile; fileRef = C9A9CA432671351100FF8199 /* Dog.swift */; };
		C9AF7B8424D375A10030D5A9 /* GameScene.swift in Sources */ = {isa = PBXBuildFile; fileRef = C9AF7B8324D375A10030D5A9 /* GameScene.swift */; };
		C9AF7B8624D375A10030D5A9 /* GameViewController.swift in Sources */ = {isa = PBXBuildFile; fileRef = C9AF7B8524D375A10030D5A9 /* GameViewController.swift */; };
		C9AF7B8B24D375A20030D5A9 /* Assets.xcassets in Resources */ = {isa = PBXBuildFile; fileRef = C9AF7B8A24D375A20030D5A9 /* Assets.xcassets */; };
		C9AF7B8E24D375A20030D5A9 /* LaunchScreen.storyboard in Resources */ = {isa = PBXBuildFile; fileRef = C9AF7B8C24D375A20030D5A9 /* LaunchScreen.storyboard */; };
		C9AF7B9924D392670030D5A9 /* Main.storyboard in Resources */ = {isa = PBXBuildFile; fileRef = C9AF7B9724D392670030D5A9 /* Main.storyboard */; };
		C9AF7B9C24D3939A0030D5A9 /* PixelEmulator-xq08.ttf in Resources */ = {isa = PBXBuildFile; fileRef = C9AF7B9A24D392CD0030D5A9 /* PixelEmulator-xq08.ttf */; };
		C9BC16E92687661700C81391 /* model.swift in Sources */ = {isa = PBXBuildFile; fileRef = C9BC16E82687661700C81391 /* model.swift */; };
		C9BCEB19267318F7002DF882 /* CameraObject.swift in Sources */ = {isa = PBXBuildFile; fileRef = C9BCEB18267318F6002DF882 /* CameraObject.swift */; };
		C9D9A47124DB8E39001784ED /* clouds.sks in Resources */ = {isa = PBXBuildFile; fileRef = C9D9A46F24DB8E39001784ED /* clouds.sks */; };
		C9D9A47224DB8E39001784ED /* Assets.xcassets in Resources */ = {isa = PBXBuildFile; fileRef = C9D9A47024DB8E39001784ED /* Assets.xcassets */; };
		C9DFBEF226857BD20046F8F4 /* Fetch-RemasteredApp.swift in Sources */ = {isa = PBXBuildFile; fileRef = C9DFBEF126857BD20046F8F4 /* Fetch-RemasteredApp.swift */; };
		C9DFBEF7268699A30046F8F4 /* Sheets.swift in Sources */ = {isa = PBXBuildFile; fileRef = C9DFBEF6268699A30046F8F4 /* Sheets.swift */; };
		C9DFBEF92686A7330046F8F4 /* ViewModels.swift in Sources */ = {isa = PBXBuildFile; fileRef = C9DFBEF82686A7330046F8F4 /* ViewModels.swift */; };
		C9E98DB624FFE7380081FE9C /* GameView.swift in Sources */ = {isa = PBXBuildFile; fileRef = C9E98DB524FFE7380081FE9C /* GameView.swift */; };
		C9FD364824FE945B00409963 /* Fire.sks in Resources */ = {isa = PBXBuildFile; fileRef = C9FD364724FE945B00409963 /* Fire.sks */; };
		C9FD364A24FE954000409963 /* Smoke.sks in Resources */ = {isa = PBXBuildFile; fileRef = C9FD364924FE954000409963 /* Smoke.sks */; };
		C9FD364C24FE9FB600409963 /* Snow.sks in Resources */ = {isa = PBXBuildFile; fileRef = C9FD364B24FE9FB600409963 /* Snow.sks */; };
		C9FD364E24FEA3ED00409963 /* Rain.sks in Resources */ = {isa = PBXBuildFile; fileRef = C9FD364D24FEA3ED00409963 /* Rain.sks */; };
		E03F9075C1729E9D9F5F2CD1 /* Pods_Fetch___Remastered_Stickers.framework in Frameworks */ = {isa = PBXBuildFile; fileRef = CF2ECECC7528590D8C35F81A /* Pods_Fetch___Remastered_Stickers.framework */; };
/* End PBXBuildFile section */

/* Begin PBXContainerItemProxy section */
		C98C31DB24E40FD500217317 /* PBXContainerItemProxy */ = {
			isa = PBXContainerItemProxy;
			containerPortal = C9AF7B7224D375A10030D5A9 /* Project object */;
			proxyType = 1;
			remoteGlobalIDString = C98C31D524E40FD200217317;
			remoteInfo = "Fetch - Remastered Stickers";
		};
/* End PBXContainerItemProxy section */

/* Begin PBXCopyFilesBuildPhase section */
		C9CAC16524DF7B2E00C9E543 /* Embed App Extensions */ = {
			isa = PBXCopyFilesBuildPhase;
			buildActionMask = 2147483647;
			dstPath = "";
			dstSubfolderSpec = 13;
			files = (
				C98C31DD24E40FD500217317 /* Fetch - Remastered Stickers.appex in Embed App Extensions */,
			);
			name = "Embed App Extensions";
			runOnlyForDeploymentPostprocessing = 0;
		};
/* End PBXCopyFilesBuildPhase section */

/* Begin PBXFileReference section */
		1537978B994E633AB3040499 /* Pods-Fetch - Remastered Stickers.release.xcconfig */ = {isa = PBXFileReference; includeInIndex = 1; lastKnownFileType = text.xcconfig; name = "Pods-Fetch - Remastered Stickers.release.xcconfig"; path = "Target Support Files/Pods-Fetch - Remastered Stickers/Pods-Fetch - Remastered Stickers.release.xcconfig"; sourceTree = "<group>"; };
		24B2C114BEC5BA9CD572FD77 /* Pods_Fetch___Remastered.framework */ = {isa = PBXFileReference; explicitFileType = wrapper.framework; includeInIndex = 0; path = "Pods_Fetch___Remastered.framework"; sourceTree = BUILT_PRODUCTS_DIR; };
		76F129A63FD81F5274790A73 /* Pods-Fetch - Remastered.release.xcconfig */ = {isa = PBXFileReference; includeInIndex = 1; lastKnownFileType = text.xcconfig; name = "Pods-Fetch - Remastered.release.xcconfig"; path = "Target Support Files/Pods-Fetch - Remastered/Pods-Fetch - Remastered.release.xcconfig"; sourceTree = "<group>"; };
		7F39160D1199E40C84AB5A8B /* Pods-Fetch - Remastered Stickers.debug.xcconfig */ = {isa = PBXFileReference; includeInIndex = 1; lastKnownFileType = text.xcconfig; name = "Pods-Fetch - Remastered Stickers.debug.xcconfig"; path = "Target Support Files/Pods-Fetch - Remastered Stickers/Pods-Fetch - Remastered Stickers.debug.xcconfig"; sourceTree = "<group>"; };
		C9042C0E24E5712200783805 /* gold1.wav */ = {isa = PBXFileReference; lastKnownFileType = audio.wav; path = gold1.wav; sourceTree = "<group>"; };
		C9042C0F24E5712200783805 /* gold2.mp3 */ = {isa = PBXFileReference; lastKnownFileType = audio.mp3; path = gold2.mp3; sourceTree = "<group>"; };
		C9042C1024E5712200783805 /* wind.wav */ = {isa = PBXFileReference; lastKnownFileType = audio.wav; path = wind.wav; sourceTree = "<group>"; };
		C9042C1524E5EC3700783805 /* beep.mp3 */ = {isa = PBXFileReference; lastKnownFileType = audio.mp3; path = beep.mp3; sourceTree = "<group>"; };
		C91D43792675556D00B166A8 /* Universals.swift */ = {isa = PBXFileReference; lastKnownFileType = sourcecode.swift; path = Universals.swift; sourceTree = "<group>"; };
		C92C43A824D79810003EF9CC /* Fetch-Remastered.kra */ = {isa = PBXFileReference; lastKnownFileType = file; path = "Fetch-Remastered.kra"; sourceTree = "<group>"; };
		C93D2E2F268BAEEF00C981E0 /* Fetchremasteredshadow-Regular.ttf */ = {isa = PBXFileReference; lastKnownFileType = file; path = "Fetchremasteredshadow-Regular.ttf"; sourceTree = "<group>"; };
		C93D2E39268C21E500C981E0 /* Fetchremasteredtitleshadow-Regular.ttf */ = {isa = PBXFileReference; lastKnownFileType = file; path = "Fetchremasteredtitleshadow-Regular.ttf"; sourceTree = "<group>"; };
		C93D2E3A268C21E600C981E0 /* Fetchremasteretitle-Regular.ttf */ = {isa = PBXFileReference; lastKnownFileType = file; path = "Fetchremasteretitle-Regular.ttf"; sourceTree = "<group>"; };
		C94CC55B24D9DADF00C0274C /* GameModifiersExtension.swift */ = {isa = PBXFileReference; lastKnownFileType = sourcecode.swift; path = GameModifiersExtension.swift; sourceTree = "<group>"; };
		C953C00B24DCDE9E0011F5F8 /* goldCoins.sks */ = {isa = PBXFileReference; lastKnownFileType = file.sks; path = goldCoins.sks; sourceTree = "<group>"; };
		C95AAB0F268D2DC80063A62E /* UIUniversals.swift */ = {isa = PBXFileReference; lastKnownFileType = sourcecode.swift; path = UIUniversals.swift; sourceTree = "<group>"; };
		C9662498267E4AE9002317D7 /* Ball.swift */ = {isa = PBXFileReference; lastKnownFileType = sourcecode.swift; path = Ball.swift; sourceTree = "<group>"; };
		C9670B7524DC4ACA00BD5F7B /* SettingsViewController.swift */ = {isa = PBXFileReference; lastKnownFileType = sourcecode.swift; path = SettingsViewController.swift; sourceTree = "<group>"; };
		C98C31D624E40FD200217317 /* Fetch - Remastered Stickers.appex */ = {isa = PBXFileReference; explicitFileType = "wrapper.app-extension"; includeInIndex = 0; path = "Fetch - Remastered Stickers.appex"; sourceTree = BUILT_PRODUCTS_DIR; };
		C98C31D824E40FD500217317 /* Stickers.xcassets */ = {isa = PBXFileReference; lastKnownFileType = folder.assetcatalog; path = Stickers.xcassets; sourceTree = "<group>"; };
		C98C31DA24E40FD500217317 /* Info.plist */ = {isa = PBXFileReference; lastKnownFileType = text.plist.xml; path = Info.plist; sourceTree = "<group>"; };
		C98F212024D4545200D709F9 /* GameModifiersViewController.swift */ = {isa = PBXFileReference; lastKnownFileType = sourcecode.swift; path = GameModifiersViewController.swift; sourceTree = "<group>"; };
		C98F212224D4546400D709F9 /* ProfileViewController.swift */ = {isa = PBXFileReference; lastKnownFileType = sourcecode.swift; path = ProfileViewController.swift; sourceTree = "<group>"; };
		C98F212424D4546E00D709F9 /* GoldViewController.swift */ = {isa = PBXFileReference; lastKnownFileType = sourcecode.swift; path = GoldViewController.swift; sourceTree = "<group>"; };
		C98F212824D4C62700D709F9 /* StoreKit.framework */ = {isa = PBXFileReference; lastKnownFileType = wrapper.framework; name = StoreKit.framework; path = System/Library/Frameworks/StoreKit.framework; sourceTree = SDKROOT; };
		C99B9BCB2675B68300B79947 /* GoogleMobileAds.xcframework */ = {isa = PBXFileReference; lastKnownFileType = wrapper.xcframework; name = GoogleMobileAds.xcframework; path = "Pods/Google-Mobile-Ads-SDK/Frameworks/GoogleMobileAdsFramework-Current/GoogleMobileAds.xcframework"; sourceTree = "<group>"; };
		C99B9BCD2675BB1800B79947 /* Flipping Label.swift */ = {isa = PBXFileReference; lastKnownFileType = sourcecode.swift; path = "Flipping Label.swift"; sourceTree = "<group>"; };
		C99B9BD12676781500B79947 /* Fetch_remasteredFont-Regular.ttf */ = {isa = PBXFileReference; lastKnownFileType = file; path = "Fetch_remasteredFont-Regular.ttf"; sourceTree = "<group>"; };
		C99B9BD32679780700B79947 /* CustomAnimation.swift */ = {isa = PBXFileReference; lastKnownFileType = sourcecode.swift; path = CustomAnimation.swift; sourceTree = "<group>"; };
		C9A9CA432671351100FF8199 /* Dog.swift */ = {isa = PBXFileReference; explicitFileType = sourcecode.swift; path = Dog.swift; sourceTree = "<group>"; };
		C9AF7B7A24D375A10030D5A9 /* Fetch - Remastered.app */ = {isa = PBXFileReference; explicitFileType = wrapper.application; includeInIndex = 0; path = "Fetch - Remastered.app"; sourceTree = BUILT_PRODUCTS_DIR; };
		C9AF7B8324D375A10030D5A9 /* GameScene.swift */ = {isa = PBXFileReference; lastKnownFileType = sourcecode.swift; path = GameScene.swift; sourceTree = "<group>"; };
		C9AF7B8524D375A10030D5A9 /* GameViewController.swift */ = {isa = PBXFileReference; lastKnownFileType = sourcecode.swift; path = GameViewController.swift; sourceTree = "<group>"; };
		C9AF7B8A24D375A20030D5A9 /* Assets.xcassets */ = {isa = PBXFileReference; lastKnownFileType = folder.assetcatalog; path = Assets.xcassets; sourceTree = "<group>"; };
		C9AF7B8D24D375A20030D5A9 /* Base */ = {isa = PBXFileReference; lastKnownFileType = file.storyboard; name = Base; path = Base.lproj/LaunchScreen.storyboard; sourceTree = "<group>"; };
		C9AF7B8F24D375A20030D5A9 /* Info.plist */ = {isa = PBXFileReference; lastKnownFileType = text.plist.xml; path = Info.plist; sourceTree = "<group>"; };
		C9AF7B9824D392670030D5A9 /* Base */ = {isa = PBXFileReference; lastKnownFileType = file.storyboard; name = Base; path = Base.lproj/Main.storyboard; sourceTree = "<group>"; };
		C9AF7B9A24D392CD0030D5A9 /* PixelEmulator-xq08.ttf */ = {isa = PBXFileReference; lastKnownFileType = file; path = "PixelEmulator-xq08.ttf"; sourceTree = "<group>"; };
		C9BC16E82687661700C81391 /* model.swift */ = {isa = PBXFileReference; lastKnownFileType = sourcecode.swift; path = model.swift; sourceTree = "<group>"; };
		C9BCEB18267318F6002DF882 /* CameraObject.swift */ = {isa = PBXFileReference; lastKnownFileType = sourcecode.swift; path = CameraObject.swift; sourceTree = "<group>"; };
		C9D9A46F24DB8E39001784ED /* clouds.sks */ = {isa = PBXFileReference; lastKnownFileType = file.sks; path = clouds.sks; sourceTree = "<group>"; };
		C9D9A47024DB8E39001784ED /* Assets.xcassets */ = {isa = PBXFileReference; lastKnownFileType = folder.assetcatalog; path = Assets.xcassets; sourceTree = "<group>"; };
		C9DFBEF126857BD20046F8F4 /* Fetch-RemasteredApp.swift */ = {isa = PBXFileReference; lastKnownFileType = sourcecode.swift; path = "Fetch-RemasteredApp.swift"; sourceTree = "<group>"; };
		C9DFBEF6268699A30046F8F4 /* Sheets.swift */ = {isa = PBXFileReference; lastKnownFileType = sourcecode.swift; path = Sheets.swift; sourceTree = "<group>"; };
		C9DFBEF82686A7330046F8F4 /* ViewModels.swift */ = {isa = PBXFileReference; lastKnownFileType = sourcecode.swift; path = ViewModels.swift; sourceTree = "<group>"; };
		C9E98DB524FFE7380081FE9C /* GameView.swift */ = {isa = PBXFileReference; lastKnownFileType = sourcecode.swift; path = GameView.swift; sourceTree = "<group>"; };
		C9FD364724FE945B00409963 /* Fire.sks */ = {isa = PBXFileReference; lastKnownFileType = file.sks; path = Fire.sks; sourceTree = "<group>"; };
		C9FD364924FE954000409963 /* Smoke.sks */ = {isa = PBXFileReference; lastKnownFileType = file.sks; path = Smoke.sks; sourceTree = "<group>"; };
		C9FD364B24FE9FB600409963 /* Snow.sks */ = {isa = PBXFileReference; lastKnownFileType = file.sks; path = Snow.sks; sourceTree = "<group>"; };
		C9FD364D24FEA3ED00409963 /* Rain.sks */ = {isa = PBXFileReference; lastKnownFileType = file.sks; path = Rain.sks; sourceTree = "<group>"; };
		CF2ECECC7528590D8C35F81A /* Pods_Fetch___Remastered_Stickers.framework */ = {isa = PBXFileReference; explicitFileType = wrapper.framework; includeInIndex = 0; path = "Pods_Fetch___Remastered_Stickers.framework"; sourceTree = BUILT_PRODUCTS_DIR; };
		F32032213D10C29FFEE270AB /* Pods-Fetch - Remastered.debug.xcconfig */ = {isa = PBXFileReference; includeInIndex = 1; lastKnownFileType = text.xcconfig; name = "Pods-Fetch - Remastered.debug.xcconfig"; path = "Target Support Files/Pods-Fetch - Remastered/Pods-Fetch - Remastered.debug.xcconfig"; sourceTree = "<group>"; };
/* End PBXFileReference section */

/* Begin PBXFrameworksBuildPhase section */
		C9AF7B7724D375A10030D5A9 /* Frameworks */ = {
			isa = PBXFrameworksBuildPhase;
			buildActionMask = 2147483647;
			files = (
				C98F212924D4C62700D709F9 /* StoreKit.framework in Frameworks */,
				41CC8F7976D19EAE759EA3FA /* Pods_Fetch___Remastered.framework in Frameworks */,
			);
			runOnlyForDeploymentPostprocessing = 0;
		};
		CCA81482816D666CFE0D1996 /* Frameworks */ = {
			isa = PBXFrameworksBuildPhase;
			buildActionMask = 2147483647;
			files = (
				E03F9075C1729E9D9F5F2CD1 /* Pods_Fetch___Remastered_Stickers.framework in Frameworks */,
			);
			runOnlyForDeploymentPostprocessing = 0;
		};
/* End PBXFrameworksBuildPhase section */

/* Begin PBXGroup section */
		9EEFAA530CB7594466B22AB2 /* Pods */ = {
			isa = PBXGroup;
			children = (
				F32032213D10C29FFEE270AB /* Pods-Fetch - Remastered.debug.xcconfig */,
				76F129A63FD81F5274790A73 /* Pods-Fetch - Remastered.release.xcconfig */,
				7F39160D1199E40C84AB5A8B /* Pods-Fetch - Remastered Stickers.debug.xcconfig */,
				1537978B994E633AB3040499 /* Pods-Fetch - Remastered Stickers.release.xcconfig */,
			);
			path = Pods;
			sourceTree = "<group>";
		};
		C9042C1424E5712700783805 /* Music and Sounds */ = {
			isa = PBXGroup;
			children = (
				C9042C0E24E5712200783805 /* gold1.wav */,
				C9042C0F24E5712200783805 /* gold2.mp3 */,
				C9042C1024E5712200783805 /* wind.wav */,
				C9042C1524E5EC3700783805 /* beep.mp3 */,
			);
			path = "Music and Sounds";
			sourceTree = "<group>";
		};
		C92C43A924D79813003EF9CC /* Drawings */ = {
			isa = PBXGroup;
			children = (
				C92C43A824D79810003EF9CC /* Fetch-Remastered.kra */,
			);
			path = Drawings;
			sourceTree = "<group>";
		};
		C98C31D724E40FD200217317 /* Fetch - Remastered Stickers */ = {
			isa = PBXGroup;
			children = (
				C98C31D824E40FD500217317 /* Stickers.xcassets */,
				C98C31DA24E40FD500217317 /* Info.plist */,
			);
			path = "Fetch - Remastered Stickers";
			sourceTree = "<group>";
		};
		C98F212624D4548000D709F9 /* View Controllers */ = {
			isa = PBXGroup;
			children = (
				C9AF7B8524D375A10030D5A9 /* GameViewController.swift */,
				C98F212024D4545200D709F9 /* GameModifiersViewController.swift */,
				C94CC55B24D9DADF00C0274C /* GameModifiersExtension.swift */,
				C98F212224D4546400D709F9 /* ProfileViewController.swift */,
				C98F212424D4546E00D709F9 /* GoldViewController.swift */,
				C9670B7524DC4ACA00BD5F7B /* SettingsViewController.swift */,
				C9DFBEF6268699A30046F8F4 /* Sheets.swift */,
				C95AAB0F268D2DC80063A62E /* UIUniversals.swift */,
			);
			path = "View Controllers";
			sourceTree = "<group>";
		};
		C98F212724D4C62700D709F9 /* Frameworks */ = {
			isa = PBXGroup;
			children = (
				C99B9BCB2675B68300B79947 /* GoogleMobileAds.xcframework */,
				C98F212824D4C62700D709F9 /* StoreKit.framework */,
				24B2C114BEC5BA9CD572FD77 /* Pods_Fetch___Remastered.framework */,
				CF2ECECC7528590D8C35F81A /* Pods_Fetch___Remastered_Stickers.framework */,
			);
			name = Frameworks;
			sourceTree = "<group>";
		};
		C9AF7B7124D375A10030D5A9 = {
			isa = PBXGroup;
			children = (
				C9042C1424E5712700783805 /* Music and Sounds */,
				C9D9A47324DB8E44001784ED /* Particles */,
				C92C43A924D79813003EF9CC /* Drawings */,
				C9AF7B7C24D375A10030D5A9 /* Fetch - Remastered */,
				C98C31D724E40FD200217317 /* Fetch - Remastered Stickers */,
				C9AF7B7B24D375A10030D5A9 /* Products */,
				C9AF7B9B24D392D50030D5A9 /* fonts */,
				C98F212724D4C62700D709F9 /* Frameworks */,
				9EEFAA530CB7594466B22AB2 /* Pods */,
			);
			sourceTree = "<group>";
		};
		C9AF7B7B24D375A10030D5A9 /* Products */ = {
			isa = PBXGroup;
			children = (
				C9AF7B7A24D375A10030D5A9 /* Fetch - Remastered.app */,
				C98C31D624E40FD200217317 /* Fetch - Remastered Stickers.appex */,
			);
			name = Products;
			sourceTree = "<group>";
		};
		C9AF7B7C24D375A10030D5A9 /* Fetch - Remastered */ = {
			isa = PBXGroup;
			children = (
				C9DFBEF52685966B0046F8F4 /* Main */,
				C9DFBEF3268596290046F8F4 /* GameClasses */,
				C98F212624D4548000D709F9 /* View Controllers */,
				C9AF7B8A24D375A20030D5A9 /* Assets.xcassets */,
				C9AF7B9724D392670030D5A9 /* Main.storyboard */,
				C9AF7B8C24D375A20030D5A9 /* LaunchScreen.storyboard */,
				C9AF7B8F24D375A20030D5A9 /* Info.plist */,
			);
			path = "Fetch - Remastered";
			sourceTree = "<group>";
		};
		C9AF7B9B24D392D50030D5A9 /* fonts */ = {
			isa = PBXGroup;
			children = (
				C93D2E39268C21E500C981E0 /* Fetchremasteredtitleshadow-Regular.ttf */,
				C93D2E3A268C21E600C981E0 /* Fetchremasteretitle-Regular.ttf */,
				C93D2E2F268BAEEF00C981E0 /* Fetchremasteredshadow-Regular.ttf */,
				C9AF7B9A24D392CD0030D5A9 /* PixelEmulator-xq08.ttf */,
				C99B9BD12676781500B79947 /* Fetch_remasteredFont-Regular.ttf */,
			);
			path = fonts;
			sourceTree = "<group>";
		};
		C9D9A47324DB8E44001784ED /* Particles */ = {
			isa = PBXGroup;
			children = (
				C9D9A46F24DB8E39001784ED /* clouds.sks */,
				C9D9A47024DB8E39001784ED /* Assets.xcassets */,
				C953C00B24DCDE9E0011F5F8 /* goldCoins.sks */,
				C9FD364724FE945B00409963 /* Fire.sks */,
				C9FD364924FE954000409963 /* Smoke.sks */,
				C9FD364B24FE9FB600409963 /* Snow.sks */,
				C9FD364D24FEA3ED00409963 /* Rain.sks */,
			);
			path = Particles;
			sourceTree = "<group>";
		};
		C9DFBEF3268596290046F8F4 /* GameClasses */ = {
			isa = PBXGroup;
			children = (
				C9DFBEF4268596500046F8F4 /* Infastructure */,
				C9A9CA432671351100FF8199 /* Dog.swift */,
				C9662498267E4AE9002317D7 /* Ball.swift */,
			);
			path = GameClasses;
			sourceTree = "<group>";
		};
		C9DFBEF4268596500046F8F4 /* Infastructure */ = {
			isa = PBXGroup;
			children = (
				C9BCEB18267318F6002DF882 /* CameraObject.swift */,
				C99B9BCD2675BB1800B79947 /* Flipping Label.swift */,
				C99B9BD32679780700B79947 /* CustomAnimation.swift */,
			);
			path = Infastructure;
			sourceTree = "<group>";
		};
		C9DFBEF52685966B0046F8F4 /* Main */ = {
			isa = PBXGroup;
			children = (
				C9E98DB524FFE7380081FE9C /* GameView.swift */,
				C9AF7B8324D375A10030D5A9 /* GameScene.swift */,
				C91D43792675556D00B166A8 /* Universals.swift */,
				C9BC16E82687661700C81391 /* model.swift */,
				C9DFBEF126857BD20046F8F4 /* Fetch-RemasteredApp.swift */,
				C9DFBEF82686A7330046F8F4 /* ViewModels.swift */,
			);
			path = Main;
			sourceTree = "<group>";
		};
/* End PBXGroup section */

/* Begin PBXNativeTarget section */
		C98C31D524E40FD200217317 /* Fetch - Remastered Stickers */ = {
			isa = PBXNativeTarget;
			buildConfigurationList = C98C31E024E40FD500217317 /* Build configuration list for PBXNativeTarget "Fetch - Remastered Stickers" */;
			buildPhases = (
				756F432E49413E73B29D3F21 /* [CP] Check Pods Manifest.lock */,
				C98C31D424E40FD200217317 /* Resources */,
				CCA81482816D666CFE0D1996 /* Frameworks */,
			);
			buildRules = (
			);
			dependencies = (
			);
			name = "Fetch - Remastered Stickers";
			productName = "Fetch - Remastered Stickers";
			productReference = C98C31D624E40FD200217317 /* Fetch - Remastered Stickers.appex */;
			productType = "com.apple.product-type.app-extension.messages-sticker-pack";
		};
		C9AF7B7924D375A10030D5A9 /* Fetch - Remastered */ = {
			isa = PBXNativeTarget;
			buildConfigurationList = C9AF7B9224D375A20030D5A9 /* Build configuration list for PBXNativeTarget "Fetch - Remastered" */;
			buildPhases = (
				B4BA9275BC23A8B6946C3211 /* [CP] Check Pods Manifest.lock */,
				C9AF7B7624D375A10030D5A9 /* Sources */,
				C9AF7B7724D375A10030D5A9 /* Frameworks */,
				C9AF7B7824D375A10030D5A9 /* Resources */,
				C9CAC16524DF7B2E00C9E543 /* Embed App Extensions */,
				AEBE618436D8388E5097F958 /* [CP] Embed Pods Frameworks */,
			);
			buildRules = (
			);
			dependencies = (
				C98C31DC24E40FD500217317 /* PBXTargetDependency */,
			);
			name = "Fetch - Remastered";
			productName = "Fetch - Remastered";
			productReference = C9AF7B7A24D375A10030D5A9 /* Fetch - Remastered.app */;
			productType = "com.apple.product-type.application";
		};
/* End PBXNativeTarget section */

/* Begin PBXProject section */
		C9AF7B7224D375A10030D5A9 /* Project object */ = {
			isa = PBXProject;
			attributes = {
				LastSwiftUpdateCheck = 1160;
				LastUpgradeCheck = 1250;
				ORGANIZATIONNAME = "Brian Masse";
				TargetAttributes = {
					C98C31D524E40FD200217317 = {
						CreatedOnToolsVersion = 11.6;
					};
					C9AF7B7924D375A10030D5A9 = {
						CreatedOnToolsVersion = 11.6;
					};
				};
			};
			buildConfigurationList = C9AF7B7524D375A10030D5A9 /* Build configuration list for PBXProject "Fetch - Remastered" */;
			compatibilityVersion = "Xcode 9.3";
			developmentRegion = en;
			hasScannedForEncodings = 0;
			knownRegions = (
				en,
				Base,
			);
			mainGroup = C9AF7B7124D375A10030D5A9;
			productRefGroup = C9AF7B7B24D375A10030D5A9 /* Products */;
			projectDirPath = "";
			projectRoot = "";
			targets = (
				C9AF7B7924D375A10030D5A9 /* Fetch - Remastered */,
				C98C31D524E40FD200217317 /* Fetch - Remastered Stickers */,
			);
		};
/* End PBXProject section */

/* Begin PBXResourcesBuildPhase section */
		C98C31D424E40FD200217317 /* Resources */ = {
			isa = PBXResourcesBuildPhase;
			buildActionMask = 2147483647;
			files = (
				C98C31D924E40FD500217317 /* Stickers.xcassets in Resources */,
			);
			runOnlyForDeploymentPostprocessing = 0;
		};
		C9AF7B7824D375A10030D5A9 /* Resources */ = {
			isa = PBXResourcesBuildPhase;
			buildActionMask = 2147483647;
			files = (
				C9042C1124E5712200783805 /* gold1.wav in Resources */,
				C9042C1624E5EC3800783805 /* beep.mp3 in Resources */,
				C9FD364A24FE954000409963 /* Smoke.sks in Resources */,
				C9D9A47124DB8E39001784ED /* clouds.sks in Resources */,
				C9AF7B9924D392670030D5A9 /* Main.storyboard in Resources */,
				C9D9A47224DB8E39001784ED /* Assets.xcassets in Resources */,
				C9AF7B8B24D375A20030D5A9 /* Assets.xcassets in Resources */,
				C9FD364C24FE9FB600409963 /* Snow.sks in Resources */,
				C9042C1224E5712200783805 /* gold2.mp3 in Resources */,
				C93D2E30268BAEEF00C981E0 /* Fetchremasteredshadow-Regular.ttf in Resources */,
				C93D2E3C268C21E600C981E0 /* Fetchremasteretitle-Regular.ttf in Resources */,
				C9FD364E24FEA3ED00409963 /* Rain.sks in Resources */,
				C9042C1324E5712200783805 /* wind.wav in Resources */,
				C9AF7B9C24D3939A0030D5A9 /* PixelEmulator-xq08.ttf in Resources */,
				C9FD364824FE945B00409963 /* Fire.sks in Resources */,
				C9AF7B8E24D375A20030D5A9 /* LaunchScreen.storyboard in Resources */,
				C93D2E3B268C21E600C981E0 /* Fetchremasteredtitleshadow-Regular.ttf in Resources */,
				C99B9BD226767AA600B79947 /* Fetch_remasteredFont-Regular.ttf in Resources */,
				C953C00C24DCDE9E0011F5F8 /* goldCoins.sks in Resources */,
			);
			runOnlyForDeploymentPostprocessing = 0;
		};
/* End PBXResourcesBuildPhase section */

/* Begin PBXShellScriptBuildPhase section */
		756F432E49413E73B29D3F21 /* [CP] Check Pods Manifest.lock */ = {
			isa = PBXShellScriptBuildPhase;
			buildActionMask = 2147483647;
			files = (
			);
			inputFileListPaths = (
			);
			inputPaths = (
				"${PODS_PODFILE_DIR_PATH}/Podfile.lock",
				"${PODS_ROOT}/Manifest.lock",
			);
			name = "[CP] Check Pods Manifest.lock";
			outputFileListPaths = (
			);
			outputPaths = (
				"$(DERIVED_FILE_DIR)/Pods-Fetch - Remastered Stickers-checkManifestLockResult.txt",
			);
			runOnlyForDeploymentPostprocessing = 0;
			shellPath = /bin/sh;
			shellScript = "diff \"${PODS_PODFILE_DIR_PATH}/Podfile.lock\" \"${PODS_ROOT}/Manifest.lock\" > /dev/null\nif [ $? != 0 ] ; then\n    # print error to STDERR\n    echo \"error: The sandbox is not in sync with the Podfile.lock. Run 'pod install' or update your CocoaPods installation.\" >&2\n    exit 1\nfi\n# This output is used by Xcode 'outputs' to avoid re-running this script phase.\necho \"SUCCESS\" > \"${SCRIPT_OUTPUT_FILE_0}\"\n";
			showEnvVarsInLog = 0;
		};
		AEBE618436D8388E5097F958 /* [CP] Embed Pods Frameworks */ = {
			isa = PBXShellScriptBuildPhase;
			buildActionMask = 2147483647;
			files = (
			);
			inputFileListPaths = (
				"${PODS_ROOT}/Target Support Files/Pods-Fetch - Remastered/Pods-Fetch - Remastered-frameworks-${CONFIGURATION}-input-files.xcfilelist",
			);
			name = "[CP] Embed Pods Frameworks";
			outputFileListPaths = (
				"${PODS_ROOT}/Target Support Files/Pods-Fetch - Remastered/Pods-Fetch - Remastered-frameworks-${CONFIGURATION}-output-files.xcfilelist",
			);
			runOnlyForDeploymentPostprocessing = 0;
			shellPath = /bin/sh;
			shellScript = "\"${PODS_ROOT}/Target Support Files/Pods-Fetch - Remastered/Pods-Fetch - Remastered-frameworks.sh\"\n";
			showEnvVarsInLog = 0;
		};
		B4BA9275BC23A8B6946C3211 /* [CP] Check Pods Manifest.lock */ = {
			isa = PBXShellScriptBuildPhase;
			buildActionMask = 2147483647;
			files = (
			);
			inputFileListPaths = (
			);
			inputPaths = (
				"${PODS_PODFILE_DIR_PATH}/Podfile.lock",
				"${PODS_ROOT}/Manifest.lock",
			);
			name = "[CP] Check Pods Manifest.lock";
			outputFileListPaths = (
			);
			outputPaths = (
				"$(DERIVED_FILE_DIR)/Pods-Fetch - Remastered-checkManifestLockResult.txt",
			);
			runOnlyForDeploymentPostprocessing = 0;
			shellPath = /bin/sh;
			shellScript = "diff \"${PODS_PODFILE_DIR_PATH}/Podfile.lock\" \"${PODS_ROOT}/Manifest.lock\" > /dev/null\nif [ $? != 0 ] ; then\n    # print error to STDERR\n    echo \"error: The sandbox is not in sync with the Podfile.lock. Run 'pod install' or update your CocoaPods installation.\" >&2\n    exit 1\nfi\n# This output is used by Xcode 'outputs' to avoid re-running this script phase.\necho \"SUCCESS\" > \"${SCRIPT_OUTPUT_FILE_0}\"\n";
			showEnvVarsInLog = 0;
		};
/* End PBXShellScriptBuildPhase section */

/* Begin PBXSourcesBuildPhase section */
		C9AF7B7624D375A10030D5A9 /* Sources */ = {
			isa = PBXSourcesBuildPhase;
			buildActionMask = 2147483647;
			files = (
				C9662499267E4AE9002317D7 /* Ball.swift in Sources */,
				C9AF7B8424D375A10030D5A9 /* GameScene.swift in Sources */,
				C9A9CA442671351100FF8199 /* Dog.swift in Sources */,
				C9DFBEF7268699A30046F8F4 /* Sheets.swift in Sources */,
				C99B9BCE2675BB1800B79947 /* Flipping Label.swift in Sources */,
				C95AAB10268D2DC80063A62E /* UIUniversals.swift in Sources */,
				C94CC55C24D9DADF00C0274C /* GameModifiersExtension.swift in Sources */,
				C98F212124D4545200D709F9 /* GameModifiersViewController.swift in Sources */,
				C9BC16E92687661700C81391 /* model.swift in Sources */,
				C98F212324D4546400D709F9 /* ProfileViewController.swift in Sources */,
				C9AF7B8624D375A10030D5A9 /* GameViewController.swift in Sources */,
				C98F212524D4546E00D709F9 /* GoldViewController.swift in Sources */,
				C9DFBEF92686A7330046F8F4 /* ViewModels.swift in Sources */,
				C9BCEB19267318F7002DF882 /* CameraObject.swift in Sources */,
				C9DFBEF226857BD20046F8F4 /* Fetch-RemasteredApp.swift in Sources */,
				C91D437A2675556D00B166A8 /* Universals.swift in Sources */,
				C9E98DB624FFE7380081FE9C /* GameView.swift in Sources */,
				C99B9BD42679780800B79947 /* CustomAnimation.swift in Sources */,
				C9670B7624DC4ACA00BD5F7B /* SettingsViewController.swift in Sources */,
			);
			runOnlyForDeploymentPostprocessing = 0;
		};
/* End PBXSourcesBuildPhase section */

/* Begin PBXTargetDependency section */
		C98C31DC24E40FD500217317 /* PBXTargetDependency */ = {
			isa = PBXTargetDependency;
			target = C98C31D524E40FD200217317 /* Fetch - Remastered Stickers */;
			targetProxy = C98C31DB24E40FD500217317 /* PBXContainerItemProxy */;
		};
/* End PBXTargetDependency section */

/* Begin PBXVariantGroup section */
		C9AF7B8C24D375A20030D5A9 /* LaunchScreen.storyboard */ = {
			isa = PBXVariantGroup;
			children = (
				C9AF7B8D24D375A20030D5A9 /* Base */,
			);
			name = LaunchScreen.storyboard;
			sourceTree = "<group>";
		};
		C9AF7B9724D392670030D5A9 /* Main.storyboard */ = {
			isa = PBXVariantGroup;
			children = (
				C9AF7B9824D392670030D5A9 /* Base */,
			);
			name = Main.storyboard;
			sourceTree = "<group>";
		};
/* End PBXVariantGroup section */

/* Begin XCBuildConfiguration section */
		C98C31DE24E40FD500217317 /* Debug */ = {
			isa = XCBuildConfiguration;
			baseConfigurationReference = 7F39160D1199E40C84AB5A8B /* Pods-Fetch - Remastered Stickers.debug.xcconfig */;
			buildSettings = {
				ASSETCATALOG_COMPILER_APPICON_NAME = "iMessage App Icon";
				CODE_SIGN_IDENTITY = "Apple Development";
				CODE_SIGN_STYLE = Automatic;
				CURRENT_PROJECT_VERSION = 1.8;
				DEVELOPMENT_TEAM = LN4JU8GNV7;
				INFOPLIST_FILE = "Fetch - Remastered Stickers/Info.plist";
				IPHONEOS_DEPLOYMENT_TARGET = 12.0;
				MARKETING_VERSION = 1.1;
				PRODUCT_BUNDLE_IDENTIFIER = "Brian-Masse.Fetch---Remastered.Fetch---Remastered-Stickers";
				PRODUCT_NAME = "$(TARGET_NAME)";
				SKIP_INSTALL = YES;
				TARGETED_DEVICE_FAMILY = 1;
			};
			name = Debug;
		};
		C98C31DF24E40FD500217317 /* Release */ = {
			isa = XCBuildConfiguration;
			baseConfigurationReference = 1537978B994E633AB3040499 /* Pods-Fetch - Remastered Stickers.release.xcconfig */;
			buildSettings = {
				ASSETCATALOG_COMPILER_APPICON_NAME = "iMessage App Icon";
				CODE_SIGN_IDENTITY = "Apple Development";
				CODE_SIGN_STYLE = Automatic;
				CURRENT_PROJECT_VERSION = 1.8;
				DEVELOPMENT_TEAM = LN4JU8GNV7;
				INFOPLIST_FILE = "Fetch - Remastered Stickers/Info.plist";
				IPHONEOS_DEPLOYMENT_TARGET = 12.0;
				MARKETING_VERSION = 1.1;
				PRODUCT_BUNDLE_IDENTIFIER = "Brian-Masse.Fetch---Remastered.Fetch---Remastered-Stickers";
				PRODUCT_NAME = "$(TARGET_NAME)";
				SKIP_INSTALL = YES;
				TARGETED_DEVICE_FAMILY = 1;
			};
			name = Release;
		};
		C9AF7B9024D375A20030D5A9 /* Debug */ = {
			isa = XCBuildConfiguration;
			buildSettings = {
				ALWAYS_SEARCH_USER_PATHS = NO;
				CLANG_ANALYZER_NONNULL = YES;
				CLANG_ANALYZER_NUMBER_OBJECT_CONVERSION = YES_AGGRESSIVE;
				CLANG_CXX_LANGUAGE_STANDARD = "gnu++14";
				CLANG_CXX_LIBRARY = "libc++";
				CLANG_ENABLE_MODULES = YES;
				CLANG_ENABLE_OBJC_ARC = YES;
				CLANG_ENABLE_OBJC_WEAK = YES;
				CLANG_WARN_BLOCK_CAPTURE_AUTORELEASING = YES;
				CLANG_WARN_BOOL_CONVERSION = YES;
				CLANG_WARN_COMMA = YES;
				CLANG_WARN_CONSTANT_CONVERSION = YES;
				CLANG_WARN_DEPRECATED_OBJC_IMPLEMENTATIONS = YES;
				CLANG_WARN_DIRECT_OBJC_ISA_USAGE = YES_ERROR;
				CLANG_WARN_DOCUMENTATION_COMMENTS = YES;
				CLANG_WARN_EMPTY_BODY = YES;
				CLANG_WARN_ENUM_CONVERSION = YES;
				CLANG_WARN_INFINITE_RECURSION = YES;
				CLANG_WARN_INT_CONVERSION = YES;
				CLANG_WARN_NON_LITERAL_NULL_CONVERSION = YES;
				CLANG_WARN_OBJC_IMPLICIT_RETAIN_SELF = YES;
				CLANG_WARN_OBJC_LITERAL_CONVERSION = YES;
				CLANG_WARN_OBJC_ROOT_CLASS = YES_ERROR;
				CLANG_WARN_QUOTED_INCLUDE_IN_FRAMEWORK_HEADER = YES;
				CLANG_WARN_RANGE_LOOP_ANALYSIS = YES;
				CLANG_WARN_STRICT_PROTOTYPES = YES;
				CLANG_WARN_SUSPICIOUS_MOVE = YES;
				CLANG_WARN_UNGUARDED_AVAILABILITY = YES_AGGRESSIVE;
				CLANG_WARN_UNREACHABLE_CODE = YES;
				CLANG_WARN__DUPLICATE_METHOD_MATCH = YES;
				COPY_PHASE_STRIP = NO;
				DEBUG_INFORMATION_FORMAT = dwarf;
				ENABLE_STRICT_OBJC_MSGSEND = YES;
				ENABLE_TESTABILITY = YES;
				GCC_C_LANGUAGE_STANDARD = gnu11;
				GCC_DYNAMIC_NO_PIC = NO;
				GCC_NO_COMMON_BLOCKS = YES;
				GCC_OPTIMIZATION_LEVEL = 0;
				GCC_PREPROCESSOR_DEFINITIONS = (
					"DEBUG=1",
					"$(inherited)",
				);
				GCC_WARN_64_TO_32_BIT_CONVERSION = YES;
				GCC_WARN_ABOUT_RETURN_TYPE = YES_ERROR;
				GCC_WARN_UNDECLARED_SELECTOR = YES;
				GCC_WARN_UNINITIALIZED_AUTOS = YES_AGGRESSIVE;
				GCC_WARN_UNUSED_FUNCTION = YES;
				GCC_WARN_UNUSED_VARIABLE = YES;
				IPHONEOS_DEPLOYMENT_TARGET = 14.1;
				MTL_ENABLE_DEBUG_INFO = INCLUDE_SOURCE;
				MTL_FAST_MATH = YES;
				ONLY_ACTIVE_ARCH = YES;
				SDKROOT = iphoneos;
				SWIFT_ACTIVE_COMPILATION_CONDITIONS = DEBUG;
				SWIFT_OPTIMIZATION_LEVEL = "-Onone";
			};
			name = Debug;
		};
		C9AF7B9124D375A20030D5A9 /* Release */ = {
			isa = XCBuildConfiguration;
			buildSettings = {
				ALWAYS_SEARCH_USER_PATHS = NO;
				CLANG_ANALYZER_NONNULL = YES;
				CLANG_ANALYZER_NUMBER_OBJECT_CONVERSION = YES_AGGRESSIVE;
				CLANG_CXX_LANGUAGE_STANDARD = "gnu++14";
				CLANG_CXX_LIBRARY = "libc++";
				CLANG_ENABLE_MODULES = YES;
				CLANG_ENABLE_OBJC_ARC = YES;
				CLANG_ENABLE_OBJC_WEAK = YES;
				CLANG_WARN_BLOCK_CAPTURE_AUTORELEASING = YES;
				CLANG_WARN_BOOL_CONVERSION = YES;
				CLANG_WARN_COMMA = YES;
				CLANG_WARN_CONSTANT_CONVERSION = YES;
				CLANG_WARN_DEPRECATED_OBJC_IMPLEMENTATIONS = YES;
				CLANG_WARN_DIRECT_OBJC_ISA_USAGE = YES_ERROR;
				CLANG_WARN_DOCUMENTATION_COMMENTS = YES;
				CLANG_WARN_EMPTY_BODY = YES;
				CLANG_WARN_ENUM_CONVERSION = YES;
				CLANG_WARN_INFINITE_RECURSION = YES;
				CLANG_WARN_INT_CONVERSION = YES;
				CLANG_WARN_NON_LITERAL_NULL_CONVERSION = YES;
				CLANG_WARN_OBJC_IMPLICIT_RETAIN_SELF = YES;
				CLANG_WARN_OBJC_LITERAL_CONVERSION = YES;
				CLANG_WARN_OBJC_ROOT_CLASS = YES_ERROR;
				CLANG_WARN_QUOTED_INCLUDE_IN_FRAMEWORK_HEADER = YES;
				CLANG_WARN_RANGE_LOOP_ANALYSIS = YES;
				CLANG_WARN_STRICT_PROTOTYPES = YES;
				CLANG_WARN_SUSPICIOUS_MOVE = YES;
				CLANG_WARN_UNGUARDED_AVAILABILITY = YES_AGGRESSIVE;
				CLANG_WARN_UNREACHABLE_CODE = YES;
				CLANG_WARN__DUPLICATE_METHOD_MATCH = YES;
				COPY_PHASE_STRIP = NO;
				DEBUG_INFORMATION_FORMAT = "dwarf-with-dsym";
				ENABLE_NS_ASSERTIONS = NO;
				ENABLE_STRICT_OBJC_MSGSEND = YES;
				GCC_C_LANGUAGE_STANDARD = gnu11;
				GCC_NO_COMMON_BLOCKS = YES;
				GCC_WARN_64_TO_32_BIT_CONVERSION = YES;
				GCC_WARN_ABOUT_RETURN_TYPE = YES_ERROR;
				GCC_WARN_UNDECLARED_SELECTOR = YES;
				GCC_WARN_UNINITIALIZED_AUTOS = YES_AGGRESSIVE;
				GCC_WARN_UNUSED_FUNCTION = YES;
				GCC_WARN_UNUSED_VARIABLE = YES;
				IPHONEOS_DEPLOYMENT_TARGET = 14.1;
				MTL_ENABLE_DEBUG_INFO = NO;
				MTL_FAST_MATH = YES;
				SDKROOT = iphoneos;
				SWIFT_COMPILATION_MODE = wholemodule;
				SWIFT_OPTIMIZATION_LEVEL = "-O";
				VALIDATE_PRODUCT = YES;
			};
			name = Release;
		};
		C9AF7B9324D375A20030D5A9 /* Debug */ = {
			isa = XCBuildConfiguration;
			baseConfigurationReference = F32032213D10C29FFEE270AB /* Pods-Fetch - Remastered.debug.xcconfig */;
			buildSettings = {
				ASSETCATALOG_COMPILER_APPICON_NAME = AppIcon;
				CODE_SIGN_IDENTITY = "Apple Development";
				CODE_SIGN_STYLE = Automatic;
				CURRENT_PROJECT_VERSION = 1.8;
				DEVELOPMENT_TEAM = LN4JU8GNV7;
				INFOPLIST_FILE = "Fetch - Remastered/Info.plist";
				IPHONEOS_DEPLOYMENT_TARGET = 14.1;
				LD_RUNPATH_SEARCH_PATHS = (
					"$(inherited)",
					"@executable_path/Frameworks",
				);
				MARKETING_VERSION = 1.1;
				PRODUCT_BUNDLE_IDENTIFIER = "Brian-Masse.Fetch---Remastered";
				PRODUCT_NAME = "$(TARGET_NAME)";
				PROVISIONING_PROFILE_SPECIFIER = "";
				SWIFT_VERSION = 5.0;
				TARGETED_DEVICE_FAMILY = "1,2";
			};
			name = Debug;
		};
		C9AF7B9424D375A20030D5A9 /* Release */ = {
			isa = XCBuildConfiguration;
			baseConfigurationReference = 76F129A63FD81F5274790A73 /* Pods-Fetch - Remastered.release.xcconfig */;
			buildSettings = {
				ASSETCATALOG_COMPILER_APPICON_NAME = AppIcon;
				CODE_SIGN_IDENTITY = "Apple Development";
				CODE_SIGN_STYLE = Automatic;
				CURRENT_PROJECT_VERSION = 1.8;
				DEVELOPMENT_TEAM = LN4JU8GNV7;
				INFOPLIST_FILE = "Fetch - Remastered/Info.plist";
				IPHONEOS_DEPLOYMENT_TARGET = 14.1;
				LD_RUNPATH_SEARCH_PATHS = (
					"$(inherited)",
					"@executable_path/Frameworks",
				);
				MARKETING_VERSION = 1.1;
				PRODUCT_BUNDLE_IDENTIFIER = "Brian-Masse.Fetch---Remastered";
				PRODUCT_NAME = "$(TARGET_NAME)";
				PROVISIONING_PROFILE_SPECIFIER = "";
				SWIFT_VERSION = 5.0;
				TARGETED_DEVICE_FAMILY = "1,2";
			};
			name = Release;
		};
/* End XCBuildConfiguration section */

/* Begin XCConfigurationList section */
		C98C31E024E40FD500217317 /* Build configuration list for PBXNativeTarget "Fetch - Remastered Stickers" */ = {
			isa = XCConfigurationList;
			buildConfigurations = (
				C98C31DE24E40FD500217317 /* Debug */,
				C98C31DF24E40FD500217317 /* Release */,
			);
			defaultConfigurationIsVisible = 0;
			defaultConfigurationName = Release;
		};
		C9AF7B7524D375A10030D5A9 /* Build configuration list for PBXProject "Fetch - Remastered" */ = {
			isa = XCConfigurationList;
			buildConfigurations = (
				C9AF7B9024D375A20030D5A9 /* Debug */,
				C9AF7B9124D375A20030D5A9 /* Release */,
			);
			defaultConfigurationIsVisible = 0;
			defaultConfigurationName = Release;
		};
		C9AF7B9224D375A20030D5A9 /* Build configuration list for PBXNativeTarget "Fetch - Remastered" */ = {
			isa = XCConfigurationList;
			buildConfigurations = (
				C9AF7B9324D375A20030D5A9 /* Debug */,
				C9AF7B9424D375A20030D5A9 /* Release */,
			);
			defaultConfigurationIsVisible = 0;
			defaultConfigurationName = Release;
		};
/* End XCConfigurationList section */
	};
	rootObject = C9AF7B7224D375A10030D5A9 /* Project object */;
}
