// !$*UTF8*$!
{
	archiveVersion = 1;
	classes = {
	};
	objectVersion = 52;
	objects = {

/* Begin PBXBuildFile section */
		C91D437A2675556D00B166A8 /* Universals.swift in Sources */ = {isa = PBXBuildFile; fileRef = C91D43792675556D00B166A8 /* Universals.swift */; };
		C9461F7E26B6D97500617412 /* FetchBoldDefault.ttf in Resources */ = {isa = PBXBuildFile; fileRef = C9461F7D26B6D97400617412 /* FetchBoldDefault.ttf */; };
		C9461F8026B7038B00617412 /* GamePrefs.swift in Sources */ = {isa = PBXBuildFile; fileRef = C9461F7F26B7038A00617412 /* GamePrefs.swift */; };
		C9461F8226B7042500617412 /* SettingsSheet.swift in Sources */ = {isa = PBXBuildFile; fileRef = C9461F8126B7042500617412 /* SettingsSheet.swift */; };
		C94CADA926DBDF8F00E36499 /* UIUniversals.swift in Sources */ = {isa = PBXBuildFile; fileRef = C95AAB0F268D2DC80063A62E /* UIUniversals.swift */; };
		C94CADAA26DBDF8F00E36499 /* UIUniversals.swift in Sources */ = {isa = PBXBuildFile; fileRef = C95AAB0F268D2DC80063A62E /* UIUniversals.swift */; };
		C94CADAC26DD6F2C00E36499 /* WidgetSelector.swift in Sources */ = {isa = PBXBuildFile; fileRef = C94CADAB26DD6F2C00E36499 /* WidgetSelector.swift */; };
		C94CADAE26DD7DCC00E36499 /* Colors.swift in Sources */ = {isa = PBXBuildFile; fileRef = C94CADAD26DD7DCC00E36499 /* Colors.swift */; };
		C94CADAF26DD877500E36499 /* Colors.swift in Sources */ = {isa = PBXBuildFile; fileRef = C94CADAD26DD7DCC00E36499 /* Colors.swift */; };
		C94CADB026DD877600E36499 /* Colors.swift in Sources */ = {isa = PBXBuildFile; fileRef = C94CADAD26DD7DCC00E36499 /* Colors.swift */; };
		C94CADB126DD8DAA00E36499 /* fetchLowerFont.ttf in Resources */ = {isa = PBXBuildFile; fileRef = C9774DFC26A78A5E00CEA920 /* fetchLowerFont.ttf */; };
		C94CADB226DD8DAA00E36499 /* fetchLowerFont.ttf in Resources */ = {isa = PBXBuildFile; fileRef = C9774DFC26A78A5E00CEA920 /* fetchLowerFont.ttf */; };
		C94CADB326DD8DAC00E36499 /* fetchTitleFont.ttf in Resources */ = {isa = PBXBuildFile; fileRef = C9774DFE26A8846100CEA920 /* fetchTitleFont.ttf */; };
		C94CADB426DD8DAD00E36499 /* fetchTitleFont.ttf in Resources */ = {isa = PBXBuildFile; fileRef = C9774DFE26A8846100CEA920 /* fetchTitleFont.ttf */; };
		C94CADB526DD8DB000E36499 /* FetchBoldDefault.ttf in Resources */ = {isa = PBXBuildFile; fileRef = C9461F7D26B6D97400617412 /* FetchBoldDefault.ttf */; };
		C94CADB626DD8DB000E36499 /* FetchBoldDefault.ttf in Resources */ = {isa = PBXBuildFile; fileRef = C9461F7D26B6D97400617412 /* FetchBoldDefault.ttf */; };
		C95AAB10268D2DC80063A62E /* UIUniversals.swift in Sources */ = {isa = PBXBuildFile; fileRef = C95AAB0F268D2DC80063A62E /* UIUniversals.swift */; };
		C9662499267E4AE9002317D7 /* Ball.swift in Sources */ = {isa = PBXBuildFile; fileRef = C9662498267E4AE9002317D7 /* Ball.swift */; };
		C966652626FA1D8B00721B30 /* Particle.swift in Sources */ = {isa = PBXBuildFile; fileRef = C966652526FA1D8B00721B30 /* Particle.swift */; };
		C971014E26D591540080A284 /* Fetch_Remastered_Widgets.swift in Sources */ = {isa = PBXBuildFile; fileRef = C9BD6F8B26D527D000C8C55B /* Fetch_Remastered_Widgets.swift */; };
		C971015626D5B80C0080A284 /* AudioToolbox.framework in Frameworks */ = {isa = PBXBuildFile; fileRef = C971015526D5B80C0080A284 /* AudioToolbox.framework */; };
		C971015926D5B8880080A284 /* appGroup.swift in Sources */ = {isa = PBXBuildFile; fileRef = C971015826D5B8880080A284 /* appGroup.swift */; };
		C971015A26D5B9AD0080A284 /* appGroup.swift in Sources */ = {isa = PBXBuildFile; fileRef = C971015826D5B8880080A284 /* appGroup.swift */; };
		C971015B26D5B9AD0080A284 /* appGroup.swift in Sources */ = {isa = PBXBuildFile; fileRef = C971015826D5B8880080A284 /* appGroup.swift */; };
		C971015F26D722DC0080A284 /* WidgetBuilder.swift in Sources */ = {isa = PBXBuildFile; fileRef = C971015E26D722DC0080A284 /* WidgetBuilder.swift */; };
		C971016126D7D6A00080A284 /* Stats.swift in Sources */ = {isa = PBXBuildFile; fileRef = C9BF843726B2E210001EDF07 /* Stats.swift */; };
		C971016526D7D78C0080A284 /* WidgetView.swift in Sources */ = {isa = PBXBuildFile; fileRef = C9BD6F9926D52EEF00C8C55B /* WidgetView.swift */; };
		C971016926D7D7CC0080A284 /* WidgetView.swift in Sources */ = {isa = PBXBuildFile; fileRef = C9BD6F9926D52EEF00C8C55B /* WidgetView.swift */; };
		C971016A26D7D7CC0080A284 /* WidgetView.swift in Sources */ = {isa = PBXBuildFile; fileRef = C9BD6F9926D52EEF00C8C55B /* WidgetView.swift */; };
		C9774DFD26A78A5E00CEA920 /* fetchLowerFont.ttf in Resources */ = {isa = PBXBuildFile; fileRef = C9774DFC26A78A5E00CEA920 /* fetchLowerFont.ttf */; };
		C9774DFF26A8846100CEA920 /* fetchTitleFont.ttf in Resources */ = {isa = PBXBuildFile; fileRef = C9774DFE26A8846100CEA920 /* fetchTitleFont.ttf */; };
		C98C31D924E40FD500217317 /* Stickers.xcassets in Resources */ = {isa = PBXBuildFile; fileRef = C98C31D824E40FD500217317 /* Stickers.xcassets */; };
		C98C31DD24E40FD500217317 /* Fetch - Remastered Stickers.appex in Embed App Extensions */ = {isa = PBXBuildFile; fileRef = C98C31D624E40FD200217317 /* Fetch - Remastered Stickers.appex */; platformFilter = ios; settings = {ATTRIBUTES = (RemoveHeadersOnCopy, ); }; };
		C98F212924D4C62700D709F9 /* StoreKit.framework in Frameworks */ = {isa = PBXBuildFile; fileRef = C98F212824D4C62700D709F9 /* StoreKit.framework */; };
		C99B9BD42679780800B79947 /* CustomAnimation.swift in Sources */ = {isa = PBXBuildFile; fileRef = C99B9BD32679780700B79947 /* CustomAnimation.swift */; };
		C99B9F3526A351A900D9177A /* UpgradesSheet.swift in Sources */ = {isa = PBXBuildFile; fileRef = C99B9F3426A351A900D9177A /* UpgradesSheet.swift */; };
		C9A2227A26B87AA500D79FC1 /* ProfileSheet.swift in Sources */ = {isa = PBXBuildFile; fileRef = C9A2227926B87AA500D79FC1 /* ProfileSheet.swift */; };
		C9A9CA442671351100FF8199 /* Dog.swift in Sources */ = {isa = PBXBuildFile; fileRef = C9A9CA432671351100FF8199 /* Dog.swift */; };
		C9AF7B8424D375A10030D5A9 /* GameScene.swift in Sources */ = {isa = PBXBuildFile; fileRef = C9AF7B8324D375A10030D5A9 /* GameScene.swift */; };
		C9AF7B8B24D375A20030D5A9 /* Assets.xcassets in Resources */ = {isa = PBXBuildFile; fileRef = C9AF7B8A24D375A20030D5A9 /* Assets.xcassets */; };
		C9AF7B9924D392670030D5A9 /* Main.storyboard in Resources */ = {isa = PBXBuildFile; fileRef = C9AF7B9724D392670030D5A9 /* Main.storyboard */; };
		C9BC16E92687661700C81391 /* model.swift in Sources */ = {isa = PBXBuildFile; fileRef = C9BC16E82687661700C81391 /* model.swift */; };
		C9BCEB19267318F7002DF882 /* CameraObject.swift in Sources */ = {isa = PBXBuildFile; fileRef = C9BCEB18267318F6002DF882 /* CameraObject.swift */; };
		C9BD6F8726D527D000C8C55B /* WidgetKit.framework in Frameworks */ = {isa = PBXBuildFile; fileRef = C9BD6F8626D527D000C8C55B /* WidgetKit.framework */; };
		C9BD6F8926D527D000C8C55B /* SwiftUI.framework in Frameworks */ = {isa = PBXBuildFile; fileRef = C9BD6F8826D527D000C8C55B /* SwiftUI.framework */; };
		C9BD6F8C26D527D000C8C55B /* Fetch_Remastered_Widgets.swift in Sources */ = {isa = PBXBuildFile; fileRef = C9BD6F8B26D527D000C8C55B /* Fetch_Remastered_Widgets.swift */; };
		C9BD6F8F26D527D600C8C55B /* Assets.xcassets in Resources */ = {isa = PBXBuildFile; fileRef = C9BD6F8E26D527D600C8C55B /* Assets.xcassets */; };
		C9BD6F9126D527D600C8C55B /* Fetch_Remastered_Widgets.intentdefinition in Sources */ = {isa = PBXBuildFile; fileRef = C9BD6F8D26D527D000C8C55B /* Fetch_Remastered_Widgets.intentdefinition */; };
		C9BD6F9226D527D600C8C55B /* Fetch_Remastered_Widgets.intentdefinition in Sources */ = {isa = PBXBuildFile; fileRef = C9BD6F8D26D527D000C8C55B /* Fetch_Remastered_Widgets.intentdefinition */; };
		C9BD6F9526D527D600C8C55B /* Fetch-Remastered-WidgetsExtension.appex in Embed App Extensions */ = {isa = PBXBuildFile; fileRef = C9BD6F8526D527D000C8C55B /* Fetch-Remastered-WidgetsExtension.appex */; platformFilter = ios; settings = {ATTRIBUTES = (RemoveHeadersOnCopy, ); }; };
		C9BD6FA226D543BA00C8C55B /* Intents.framework in Frameworks */ = {isa = PBXBuildFile; fileRef = C9BD6FA126D543BA00C8C55B /* Intents.framework */; };
		C9BD6FA526D543BA00C8C55B /* IntentHandler.swift in Sources */ = {isa = PBXBuildFile; fileRef = C9BD6FA426D543BA00C8C55B /* IntentHandler.swift */; };
		C9BD6FA926D543BA00C8C55B /* Fetch-RemasteredIntents.appex in Embed App Extensions */ = {isa = PBXBuildFile; fileRef = C9BD6FA026D543BA00C8C55B /* Fetch-RemasteredIntents.appex */; platformFilter = ios; settings = {ATTRIBUTES = (RemoveHeadersOnCopy, ); }; };
		C9BD6FAE26D5454C00C8C55B /* IntentHandler.swift in Sources */ = {isa = PBXBuildFile; fileRef = C9BD6FA426D543BA00C8C55B /* IntentHandler.swift */; };
		C9BD6FAF26D546FA00C8C55B /* Fetch_Remastered_Widgets.intentdefinition in Sources */ = {isa = PBXBuildFile; fileRef = C9BD6F8D26D527D000C8C55B /* Fetch_Remastered_Widgets.intentdefinition */; };
		C9CF453626DEA36100B50C79 /* WidgetData.swift in Sources */ = {isa = PBXBuildFile; fileRef = C9CF453526DEA36100B50C79 /* WidgetData.swift */; };
		C9CF453726DEA36100B50C79 /* WidgetData.swift in Sources */ = {isa = PBXBuildFile; fileRef = C9CF453526DEA36100B50C79 /* WidgetData.swift */; };
		C9CF453826DEA36100B50C79 /* WidgetData.swift in Sources */ = {isa = PBXBuildFile; fileRef = C9CF453526DEA36100B50C79 /* WidgetData.swift */; };
		C9CF55B326E52AF600AE28D9 /* FetchDefaultText.ttf in Resources */ = {isa = PBXBuildFile; fileRef = C9CF55AD26E5298600AE28D9 /* FetchDefaultText.ttf */; };
		C9D9A47224DB8E39001784ED /* Assets.xcassets in Resources */ = {isa = PBXBuildFile; fileRef = C9D9A47024DB8E39001784ED /* Assets.xcassets */; };
		C9DFBEF226857BD20046F8F4 /* Fetch-RemasteredApp.swift in Sources */ = {isa = PBXBuildFile; fileRef = C9DFBEF126857BD20046F8F4 /* Fetch-RemasteredApp.swift */; };
		C9DFBEF7268699A30046F8F4 /* CosmeticsSheet.swift in Sources */ = {isa = PBXBuildFile; fileRef = C9DFBEF6268699A30046F8F4 /* CosmeticsSheet.swift */; };
		C9DFBEF92686A7330046F8F4 /* ViewModels.swift in Sources */ = {isa = PBXBuildFile; fileRef = C9DFBEF82686A7330046F8F4 /* ViewModels.swift */; };
		C9E98DB624FFE7380081FE9C /* GameView.swift in Sources */ = {isa = PBXBuildFile; fileRef = C9E98DB524FFE7380081FE9C /* GameView.swift */; };
		C9F5143526D913F6009D91E8 /* IntentHandler.swift in Sources */ = {isa = PBXBuildFile; fileRef = C9BD6FA426D543BA00C8C55B /* IntentHandler.swift */; };
		C9FE93C8274D3E9100981F64 /* LaunchScreen.storyboard in Resources */ = {isa = PBXBuildFile; fileRef = C9FE93C7274D3E9100981F64 /* LaunchScreen.storyboard */; };
		C9FE93CA274D6A9500981F64 /* 1.png in Resources */ = {isa = PBXBuildFile; fileRef = C9FE93C9274D6A9500981F64 /* 1.png */; };
/* End PBXBuildFile section */

/* Begin PBXContainerItemProxy section */
		C98C31DB24E40FD500217317 /* PBXContainerItemProxy */ = {
			isa = PBXContainerItemProxy;
			containerPortal = C9AF7B7224D375A10030D5A9 /* Project object */;
			proxyType = 1;
			remoteGlobalIDString = C98C31D524E40FD200217317;
			remoteInfo = "Fetch - Remastered Stickers";
		};
		C9BD6F9326D527D600C8C55B /* PBXContainerItemProxy */ = {
			isa = PBXContainerItemProxy;
			containerPortal = C9AF7B7224D375A10030D5A9 /* Project object */;
			proxyType = 1;
			remoteGlobalIDString = C9BD6F8426D527D000C8C55B;
			remoteInfo = "Fetch-Remastered-WidgetsExtension";
		};
		C9BD6FA726D543BA00C8C55B /* PBXContainerItemProxy */ = {
			isa = PBXContainerItemProxy;
			containerPortal = C9AF7B7224D375A10030D5A9 /* Project object */;
			proxyType = 1;
			remoteGlobalIDString = C9BD6F9F26D543BA00C8C55B;
			remoteInfo = "Fetch-RemasteredIntents";
		};
/* End PBXContainerItemProxy section */

/* Begin PBXCopyFilesBuildPhase section */
		C9CAC16524DF7B2E00C9E543 /* Embed App Extensions */ = {
			isa = PBXCopyFilesBuildPhase;
			buildActionMask = 2147483647;
			dstPath = "";
			dstSubfolderSpec = 13;
			files = (
				C9BD6FA926D543BA00C8C55B /* Fetch-RemasteredIntents.appex in Embed App Extensions */,
				C98C31DD24E40FD500217317 /* Fetch - Remastered Stickers.appex in Embed App Extensions */,
				C9BD6F9526D527D600C8C55B /* Fetch-Remastered-WidgetsExtension.appex in Embed App Extensions */,
			);
			name = "Embed App Extensions";
			runOnlyForDeploymentPostprocessing = 0;
		};
		C9F8CB7F26C0C98C009F5F22 /* Embed Frameworks */ = {
			isa = PBXCopyFilesBuildPhase;
			buildActionMask = 2147483647;
			dstPath = "";
			dstSubfolderSpec = 10;
			files = (
			);
			name = "Embed Frameworks";
			runOnlyForDeploymentPostprocessing = 0;
		};
/* End PBXCopyFilesBuildPhase section */

/* Begin PBXFileReference section */
		C91D43792675556D00B166A8 /* Universals.swift */ = {isa = PBXFileReference; lastKnownFileType = sourcecode.swift; path = Universals.swift; sourceTree = "<group>"; };
		C9461F7D26B6D97400617412 /* FetchBoldDefault.ttf */ = {isa = PBXFileReference; lastKnownFileType = file; path = FetchBoldDefault.ttf; sourceTree = "<group>"; };
		C9461F7F26B7038A00617412 /* GamePrefs.swift */ = {isa = PBXFileReference; lastKnownFileType = sourcecode.swift; path = GamePrefs.swift; sourceTree = "<group>"; };
		C9461F8126B7042500617412 /* SettingsSheet.swift */ = {isa = PBXFileReference; lastKnownFileType = sourcecode.swift; path = SettingsSheet.swift; sourceTree = "<group>"; };
		C94CADAB26DD6F2C00E36499 /* WidgetSelector.swift */ = {isa = PBXFileReference; lastKnownFileType = sourcecode.swift; path = WidgetSelector.swift; sourceTree = "<group>"; };
		C94CADAD26DD7DCC00E36499 /* Colors.swift */ = {isa = PBXFileReference; lastKnownFileType = sourcecode.swift; path = Colors.swift; sourceTree = "<group>"; };
		C95AAB0F268D2DC80063A62E /* UIUniversals.swift */ = {isa = PBXFileReference; lastKnownFileType = sourcecode.swift; path = UIUniversals.swift; sourceTree = "<group>"; };
		C9662498267E4AE9002317D7 /* Ball.swift */ = {isa = PBXFileReference; lastKnownFileType = sourcecode.swift; path = Ball.swift; sourceTree = "<group>"; };
		C966652526FA1D8B00721B30 /* Particle.swift */ = {isa = PBXFileReference; lastKnownFileType = sourcecode.swift; path = Particle.swift; sourceTree = "<group>"; };
		C971015326D5B78F0080A284 /* Fetch - Remastered.entitlements */ = {isa = PBXFileReference; lastKnownFileType = text.plist.entitlements; path = "Fetch - Remastered.entitlements"; sourceTree = "<group>"; };
		C971015526D5B80C0080A284 /* AudioToolbox.framework */ = {isa = PBXFileReference; lastKnownFileType = wrapper.framework; name = AudioToolbox.framework; path = System/Library/Frameworks/AudioToolbox.framework; sourceTree = SDKROOT; };
		C971015726D5B8240080A284 /* Fetch-RemasteredIntents.entitlements */ = {isa = PBXFileReference; lastKnownFileType = text.plist.entitlements; path = "Fetch-RemasteredIntents.entitlements"; sourceTree = "<group>"; };
		C971015826D5B8880080A284 /* appGroup.swift */ = {isa = PBXFileReference; lastKnownFileType = sourcecode.swift; path = appGroup.swift; sourceTree = "<group>"; };
		C971015E26D722DC0080A284 /* WidgetBuilder.swift */ = {isa = PBXFileReference; lastKnownFileType = sourcecode.swift; path = WidgetBuilder.swift; sourceTree = "<group>"; };
		C9774DFC26A78A5E00CEA920 /* fetchLowerFont.ttf */ = {isa = PBXFileReference; lastKnownFileType = file; path = fetchLowerFont.ttf; sourceTree = "<group>"; };
		C9774DFE26A8846100CEA920 /* fetchTitleFont.ttf */ = {isa = PBXFileReference; lastKnownFileType = file; path = fetchTitleFont.ttf; sourceTree = "<group>"; };
		C98C31D624E40FD200217317 /* Fetch - Remastered Stickers.appex */ = {isa = PBXFileReference; explicitFileType = "wrapper.app-extension"; includeInIndex = 0; path = "Fetch - Remastered Stickers.appex"; sourceTree = BUILT_PRODUCTS_DIR; };
		C98C31D824E40FD500217317 /* Stickers.xcassets */ = {isa = PBXFileReference; lastKnownFileType = folder.assetcatalog; path = Stickers.xcassets; sourceTree = "<group>"; };
		C98C31DA24E40FD500217317 /* Info.plist */ = {isa = PBXFileReference; lastKnownFileType = text.plist.xml; path = Info.plist; sourceTree = "<group>"; };
		C98F212824D4C62700D709F9 /* StoreKit.framework */ = {isa = PBXFileReference; lastKnownFileType = wrapper.framework; name = StoreKit.framework; path = System/Library/Frameworks/StoreKit.framework; sourceTree = SDKROOT; };
		C99B9BCB2675B68300B79947 /* GoogleMobileAds.xcframework */ = {isa = PBXFileReference; lastKnownFileType = wrapper.xcframework; name = GoogleMobileAds.xcframework; path = "Pods/Google-Mobile-Ads-SDK/Frameworks/GoogleMobileAdsFramework-Current/GoogleMobileAds.xcframework"; sourceTree = "<group>"; };
		C99B9BD32679780700B79947 /* CustomAnimation.swift */ = {isa = PBXFileReference; lastKnownFileType = sourcecode.swift; path = CustomAnimation.swift; sourceTree = "<group>"; };
		C99B9F3426A351A900D9177A /* UpgradesSheet.swift */ = {isa = PBXFileReference; lastKnownFileType = sourcecode.swift; path = UpgradesSheet.swift; sourceTree = "<group>"; };
		C9A2227926B87AA500D79FC1 /* ProfileSheet.swift */ = {isa = PBXFileReference; lastKnownFileType = sourcecode.swift; path = ProfileSheet.swift; sourceTree = "<group>"; };
		C9A9CA432671351100FF8199 /* Dog.swift */ = {isa = PBXFileReference; explicitFileType = sourcecode.swift; path = Dog.swift; sourceTree = "<group>"; };
		C9AF7B7A24D375A10030D5A9 /* Fetch - Remastered.app */ = {isa = PBXFileReference; explicitFileType = wrapper.application; includeInIndex = 0; path = "Fetch - Remastered.app"; sourceTree = BUILT_PRODUCTS_DIR; };
		C9AF7B8324D375A10030D5A9 /* GameScene.swift */ = {isa = PBXFileReference; lastKnownFileType = sourcecode.swift; path = GameScene.swift; sourceTree = "<group>"; };
		C9AF7B8A24D375A20030D5A9 /* Assets.xcassets */ = {isa = PBXFileReference; lastKnownFileType = folder.assetcatalog; path = Assets.xcassets; sourceTree = "<group>"; };
		C9AF7B8F24D375A20030D5A9 /* Info.plist */ = {isa = PBXFileReference; lastKnownFileType = text.plist.xml; path = Info.plist; sourceTree = "<group>"; };
		C9AF7B9824D392670030D5A9 /* Base */ = {isa = PBXFileReference; lastKnownFileType = file.storyboard; name = Base; path = Base.lproj/Main.storyboard; sourceTree = "<group>"; };
		C9BC16E82687661700C81391 /* model.swift */ = {isa = PBXFileReference; lastKnownFileType = sourcecode.swift; path = model.swift; sourceTree = "<group>"; };
		C9BCEB18267318F6002DF882 /* CameraObject.swift */ = {isa = PBXFileReference; lastKnownFileType = sourcecode.swift; path = CameraObject.swift; sourceTree = "<group>"; };
		C9BD6F8526D527D000C8C55B /* Fetch-Remastered-WidgetsExtension.appex */ = {isa = PBXFileReference; explicitFileType = "wrapper.app-extension"; includeInIndex = 0; path = "Fetch-Remastered-WidgetsExtension.appex"; sourceTree = BUILT_PRODUCTS_DIR; };
		C9BD6F8626D527D000C8C55B /* WidgetKit.framework */ = {isa = PBXFileReference; lastKnownFileType = wrapper.framework; name = WidgetKit.framework; path = System/Library/Frameworks/WidgetKit.framework; sourceTree = SDKROOT; };
		C9BD6F8826D527D000C8C55B /* SwiftUI.framework */ = {isa = PBXFileReference; lastKnownFileType = wrapper.framework; name = SwiftUI.framework; path = System/Library/Frameworks/SwiftUI.framework; sourceTree = SDKROOT; };
		C9BD6F8B26D527D000C8C55B /* Fetch_Remastered_Widgets.swift */ = {isa = PBXFileReference; lastKnownFileType = sourcecode.swift; path = Fetch_Remastered_Widgets.swift; sourceTree = "<group>"; };
		C9BD6F8D26D527D000C8C55B /* Fetch_Remastered_Widgets.intentdefinition */ = {isa = PBXFileReference; lastKnownFileType = file.intentdefinition; path = Fetch_Remastered_Widgets.intentdefinition; sourceTree = "<group>"; };
		C9BD6F8E26D527D600C8C55B /* Assets.xcassets */ = {isa = PBXFileReference; lastKnownFileType = folder.assetcatalog; path = Assets.xcassets; sourceTree = "<group>"; };
		C9BD6F9026D527D600C8C55B /* Info.plist */ = {isa = PBXFileReference; lastKnownFileType = text.plist.xml; path = Info.plist; sourceTree = "<group>"; };
		C9BD6F9926D52EEF00C8C55B /* WidgetView.swift */ = {isa = PBXFileReference; lastKnownFileType = sourcecode.swift; path = WidgetView.swift; sourceTree = "<group>"; };
		C9BD6FA026D543BA00C8C55B /* Fetch-RemasteredIntents.appex */ = {isa = PBXFileReference; explicitFileType = "wrapper.app-extension"; includeInIndex = 0; path = "Fetch-RemasteredIntents.appex"; sourceTree = BUILT_PRODUCTS_DIR; };
		C9BD6FA126D543BA00C8C55B /* Intents.framework */ = {isa = PBXFileReference; lastKnownFileType = wrapper.framework; name = Intents.framework; path = System/Library/Frameworks/Intents.framework; sourceTree = SDKROOT; };
		C9BD6FA426D543BA00C8C55B /* IntentHandler.swift */ = {isa = PBXFileReference; lastKnownFileType = sourcecode.swift; path = IntentHandler.swift; sourceTree = "<group>"; };
		C9BD6FA626D543BA00C8C55B /* Info.plist */ = {isa = PBXFileReference; lastKnownFileType = text.plist.xml; path = Info.plist; sourceTree = "<group>"; };
		C9BF843726B2E210001EDF07 /* Stats.swift */ = {isa = PBXFileReference; lastKnownFileType = sourcecode.swift; path = Stats.swift; sourceTree = "<group>"; };
		C9CF453526DEA36100B50C79 /* WidgetData.swift */ = {isa = PBXFileReference; lastKnownFileType = sourcecode.swift; path = WidgetData.swift; sourceTree = "<group>"; };
		C9CF55AD26E5298600AE28D9 /* FetchDefaultText.ttf */ = {isa = PBXFileReference; lastKnownFileType = file; path = FetchDefaultText.ttf; sourceTree = "<group>"; };
		C9D9A47024DB8E39001784ED /* Assets.xcassets */ = {isa = PBXFileReference; lastKnownFileType = folder.assetcatalog; path = Assets.xcassets; sourceTree = "<group>"; };
		C9DFBEF126857BD20046F8F4 /* Fetch-RemasteredApp.swift */ = {isa = PBXFileReference; lastKnownFileType = sourcecode.swift; path = "Fetch-RemasteredApp.swift"; sourceTree = "<group>"; };
		C9DFBEF6268699A30046F8F4 /* CosmeticsSheet.swift */ = {isa = PBXFileReference; lastKnownFileType = sourcecode.swift; path = CosmeticsSheet.swift; sourceTree = "<group>"; };
		C9DFBEF82686A7330046F8F4 /* ViewModels.swift */ = {isa = PBXFileReference; lastKnownFileType = sourcecode.swift; path = ViewModels.swift; sourceTree = "<group>"; };
		C9E98DB524FFE7380081FE9C /* GameView.swift */ = {isa = PBXFileReference; lastKnownFileType = sourcecode.swift; path = GameView.swift; sourceTree = "<group>"; };
		C9FE93C7274D3E9100981F64 /* LaunchScreen.storyboard */ = {isa = PBXFileReference; fileEncoding = 4; lastKnownFileType = file.storyboard; path = LaunchScreen.storyboard; sourceTree = "<group>"; };
		C9FE93C9274D6A9500981F64 /* 1.png */ = {isa = PBXFileReference; lastKnownFileType = image.png; path = 1.png; sourceTree = "<group>"; };
/* End PBXFileReference section */

/* Begin PBXFrameworksBuildPhase section */
		C9AF7B7724D375A10030D5A9 /* Frameworks */ = {
			isa = PBXFrameworksBuildPhase;
			buildActionMask = 2147483647;
			files = (
				C98F212924D4C62700D709F9 /* StoreKit.framework in Frameworks */,
			);
			runOnlyForDeploymentPostprocessing = 0;
		};
		C9BD6F8226D527D000C8C55B /* Frameworks */ = {
			isa = PBXFrameworksBuildPhase;
			buildActionMask = 2147483647;
			files = (
				C9BD6F8926D527D000C8C55B /* SwiftUI.framework in Frameworks */,
				C9BD6F8726D527D000C8C55B /* WidgetKit.framework in Frameworks */,
				C971015626D5B80C0080A284 /* AudioToolbox.framework in Frameworks */,
			);
			runOnlyForDeploymentPostprocessing = 0;
		};
		C9BD6F9D26D543BA00C8C55B /* Frameworks */ = {
			isa = PBXFrameworksBuildPhase;
			buildActionMask = 2147483647;
			files = (
				C9BD6FA226D543BA00C8C55B /* Intents.framework in Frameworks */,
			);
			runOnlyForDeploymentPostprocessing = 0;
		};
		CCA81482816D666CFE0D1996 /* Frameworks */ = {
			isa = PBXFrameworksBuildPhase;
			buildActionMask = 2147483647;
			files = (
			);
			runOnlyForDeploymentPostprocessing = 0;
		};
/* End PBXFrameworksBuildPhase section */

/* Begin PBXGroup section */
		9EEFAA530CB7594466B22AB2 /* Pods */ = {
			isa = PBXGroup;
			children = (
			);
			path = Pods;
			sourceTree = "<group>";
		};
		C98C31D724E40FD200217317 /* Fetch - Remastered Stickers */ = {
			isa = PBXGroup;
			children = (
				C98C31D824E40FD500217317 /* Stickers.xcassets */,
				C98C31DA24E40FD500217317 /* Info.plist */,
			);
			path = "Fetch - Remastered Stickers";
			sourceTree = "<group>";
		};
		C98F212624D4548000D709F9 /* Sheets */ = {
			isa = PBXGroup;
			children = (
				C95AAB0F268D2DC80063A62E /* UIUniversals.swift */,
				C9461F7F26B7038A00617412 /* GamePrefs.swift */,
				C99B9F3326A3518100D9177A /* Sheets */,
			);
			path = Sheets;
			sourceTree = "<group>";
		};
		C98F212724D4C62700D709F9 /* Frameworks */ = {
			isa = PBXGroup;
			children = (
				C971015526D5B80C0080A284 /* AudioToolbox.framework */,
				C99B9BCB2675B68300B79947 /* GoogleMobileAds.xcframework */,
				C98F212824D4C62700D709F9 /* StoreKit.framework */,
				C9BD6F8626D527D000C8C55B /* WidgetKit.framework */,
				C9BD6F8826D527D000C8C55B /* SwiftUI.framework */,
				C9BD6FA126D543BA00C8C55B /* Intents.framework */,
			);
			name = Frameworks;
			sourceTree = "<group>";
		};
		C99B9F3326A3518100D9177A /* Sheets */ = {
			isa = PBXGroup;
			children = (
				C9461F8126B7042500617412 /* SettingsSheet.swift */,
				C971015E26D722DC0080A284 /* WidgetBuilder.swift */,
				C94CADAB26DD6F2C00E36499 /* WidgetSelector.swift */,
				C9DFBEF6268699A30046F8F4 /* CosmeticsSheet.swift */,
				C99B9F3426A351A900D9177A /* UpgradesSheet.swift */,
				C9A2227926B87AA500D79FC1 /* ProfileSheet.swift */,
			);
			path = Sheets;
			sourceTree = "<group>";
		};
		C9AF7B7124D375A10030D5A9 = {
			isa = PBXGroup;
			children = (
				C9D9A47324DB8E44001784ED /* Particles */,
				C9AF7B7C24D375A10030D5A9 /* Fetch - Remastered */,
				C98C31D724E40FD200217317 /* Fetch - Remastered Stickers */,
				C9BD6F8A26D527D000C8C55B /* Fetch-Remastered-Widgets */,
				C9BD6FA326D543BA00C8C55B /* Fetch-RemasteredIntents */,
				C9AF7B7B24D375A10030D5A9 /* Products */,
				C9AF7B9B24D392D50030D5A9 /* fonts */,
				C98F212724D4C62700D709F9 /* Frameworks */,
				9EEFAA530CB7594466B22AB2 /* Pods */,
			);
			sourceTree = "<group>";
		};
		C9AF7B7B24D375A10030D5A9 /* Products */ = {
			isa = PBXGroup;
			children = (
				C9AF7B7A24D375A10030D5A9 /* Fetch - Remastered.app */,
				C98C31D624E40FD200217317 /* Fetch - Remastered Stickers.appex */,
				C9BD6F8526D527D000C8C55B /* Fetch-Remastered-WidgetsExtension.appex */,
				C9BD6FA026D543BA00C8C55B /* Fetch-RemasteredIntents.appex */,
			);
			name = Products;
			sourceTree = "<group>";
		};
		C9AF7B7C24D375A10030D5A9 /* Fetch - Remastered */ = {
			isa = PBXGroup;
			children = (
				C971015326D5B78F0080A284 /* Fetch - Remastered.entitlements */,
				C971015826D5B8880080A284 /* appGroup.swift */,
				C9DFBEF52685966B0046F8F4 /* Main */,
				C9DFBEF3268596290046F8F4 /* GameClasses */,
				C98F212624D4548000D709F9 /* Sheets */,
				C9AF7B8A24D375A20030D5A9 /* Assets.xcassets */,
				C9AF7B9724D392670030D5A9 /* Main.storyboard */,
				C9FE93C7274D3E9100981F64 /* LaunchScreen.storyboard */,
				C9AF7B8F24D375A20030D5A9 /* Info.plist */,
			);
			path = "Fetch - Remastered";
			sourceTree = "<group>";
		};
		C9AF7B9B24D392D50030D5A9 /* fonts */ = {
			isa = PBXGroup;
			children = (
				C9CF55AD26E5298600AE28D9 /* FetchDefaultText.ttf */,
				C9774DFC26A78A5E00CEA920 /* fetchLowerFont.ttf */,
				C9774DFE26A8846100CEA920 /* fetchTitleFont.ttf */,
				C9461F7D26B6D97400617412 /* FetchBoldDefault.ttf */,
			);
			path = fonts;
			sourceTree = "<group>";
		};
		C9BD6F8A26D527D000C8C55B /* Fetch-Remastered-Widgets */ = {
			isa = PBXGroup;
			children = (
				C9BD6F9926D52EEF00C8C55B /* WidgetView.swift */,
				C9CF453526DEA36100B50C79 /* WidgetData.swift */,
				C9BD6F8B26D527D000C8C55B /* Fetch_Remastered_Widgets.swift */,
				C9BD6F8D26D527D000C8C55B /* Fetch_Remastered_Widgets.intentdefinition */,
				C9BD6F8E26D527D600C8C55B /* Assets.xcassets */,
				C9BD6F9026D527D600C8C55B /* Info.plist */,
			);
			path = "Fetch-Remastered-Widgets";
			sourceTree = "<group>";
		};
		C9BD6FA326D543BA00C8C55B /* Fetch-RemasteredIntents */ = {
			isa = PBXGroup;
			children = (
				C971015726D5B8240080A284 /* Fetch-RemasteredIntents.entitlements */,
				C9BD6FA426D543BA00C8C55B /* IntentHandler.swift */,
				C9BD6FA626D543BA00C8C55B /* Info.plist */,
			);
			path = "Fetch-RemasteredIntents";
			sourceTree = "<group>";
		};
		C9D9A47324DB8E44001784ED /* Particles */ = {
			isa = PBXGroup;
			children = (
				C9D9A47024DB8E39001784ED /* Assets.xcassets */,
			);
			path = Particles;
			sourceTree = "<group>";
		};
		C9DFBEF3268596290046F8F4 /* GameClasses */ = {
			isa = PBXGroup;
			children = (
				C9DFBEF4268596500046F8F4 /* Infastructure */,
				C9A9CA432671351100FF8199 /* Dog.swift */,
				C9662498267E4AE9002317D7 /* Ball.swift */,
				C966652526FA1D8B00721B30 /* Particle.swift */,
			);
			path = GameClasses;
			sourceTree = "<group>";
		};
		C9DFBEF4268596500046F8F4 /* Infastructure */ = {
			isa = PBXGroup;
			children = (
				C9BCEB18267318F6002DF882 /* CameraObject.swift */,
				C99B9BD32679780700B79947 /* CustomAnimation.swift */,
				C94CADAD26DD7DCC00E36499 /* Colors.swift */,
			);
			path = Infastructure;
			sourceTree = "<group>";
		};
		C9DFBEF52685966B0046F8F4 /* Main */ = {
			isa = PBXGroup;
			children = (
				C9FE93C9274D6A9500981F64 /* 1.png */,
				C9E98DB524FFE7380081FE9C /* GameView.swift */,
				C9AF7B8324D375A10030D5A9 /* GameScene.swift */,
				C91D43792675556D00B166A8 /* Universals.swift */,
				C9BC16E82687661700C81391 /* model.swift */,
				C9DFBEF126857BD20046F8F4 /* Fetch-RemasteredApp.swift */,
				C9DFBEF82686A7330046F8F4 /* ViewModels.swift */,
				C9BF843726B2E210001EDF07 /* Stats.swift */,
			);
			path = Main;
			sourceTree = "<group>";
		};
/* End PBXGroup section */

/* Begin PBXNativeTarget section */
		C98C31D524E40FD200217317 /* Fetch - Remastered Stickers */ = {
			isa = PBXNativeTarget;
			buildConfigurationList = C98C31E024E40FD500217317 /* Build configuration list for PBXNativeTarget "Fetch - Remastered Stickers" */;
			buildPhases = (
				C98C31D424E40FD200217317 /* Resources */,
				CCA81482816D666CFE0D1996 /* Frameworks */,
				C9F8CB7F26C0C98C009F5F22 /* Embed Frameworks */,
			);
			buildRules = (
			);
			dependencies = (
			);
			name = "Fetch - Remastered Stickers";
			productName = "Fetch - Remastered Stickers";
			productReference = C98C31D624E40FD200217317 /* Fetch - Remastered Stickers.appex */;
			productType = "com.apple.product-type.app-extension.messages-sticker-pack";
		};
		C9AF7B7924D375A10030D5A9 /* Fetch - Remastered */ = {
			isa = PBXNativeTarget;
			buildConfigurationList = C9AF7B9224D375A20030D5A9 /* Build configuration list for PBXNativeTarget "Fetch - Remastered" */;
			buildPhases = (
				C9AF7B7624D375A10030D5A9 /* Sources */,
				C9AF7B7724D375A10030D5A9 /* Frameworks */,
				C9AF7B7824D375A10030D5A9 /* Resources */,
				C9CAC16524DF7B2E00C9E543 /* Embed App Extensions */,
			);
			buildRules = (
			);
			dependencies = (
				C98C31DC24E40FD500217317 /* PBXTargetDependency */,
				C9BD6F9426D527D600C8C55B /* PBXTargetDependency */,
				C9BD6FA826D543BA00C8C55B /* PBXTargetDependency */,
			);
			name = "Fetch - Remastered";
			productName = "Fetch - Remastered";
			productReference = C9AF7B7A24D375A10030D5A9 /* Fetch - Remastered.app */;
			productType = "com.apple.product-type.application";
		};
		C9BD6F8426D527D000C8C55B /* Fetch-Remastered-WidgetsExtension */ = {
			isa = PBXNativeTarget;
			buildConfigurationList = C9BD6F9826D527D600C8C55B /* Build configuration list for PBXNativeTarget "Fetch-Remastered-WidgetsExtension" */;
			buildPhases = (
				C9BD6F8126D527D000C8C55B /* Sources */,
				C9BD6F8226D527D000C8C55B /* Frameworks */,
				C9BD6F8326D527D000C8C55B /* Resources */,
			);
			buildRules = (
			);
			dependencies = (
			);
			name = "Fetch-Remastered-WidgetsExtension";
			productName = "Fetch-Remastered-WidgetsExtension";
			productReference = C9BD6F8526D527D000C8C55B /* Fetch-Remastered-WidgetsExtension.appex */;
			productType = "com.apple.product-type.app-extension";
		};
		C9BD6F9F26D543BA00C8C55B /* Fetch-RemasteredIntents */ = {
			isa = PBXNativeTarget;
			buildConfigurationList = C9BD6FAA26D543BA00C8C55B /* Build configuration list for PBXNativeTarget "Fetch-RemasteredIntents" */;
			buildPhases = (
				C9BD6F9C26D543BA00C8C55B /* Sources */,
				C9BD6F9D26D543BA00C8C55B /* Frameworks */,
				C9BD6F9E26D543BA00C8C55B /* Resources */,
			);
			buildRules = (
			);
			dependencies = (
			);
			name = "Fetch-RemasteredIntents";
			productName = "Fetch-RemasteredIntents";
			productReference = C9BD6FA026D543BA00C8C55B /* Fetch-RemasteredIntents.appex */;
			productType = "com.apple.product-type.app-extension";
		};
/* End PBXNativeTarget section */

/* Begin PBXProject section */
		C9AF7B7224D375A10030D5A9 /* Project object */ = {
			isa = PBXProject;
			attributes = {
				LastSwiftUpdateCheck = 1250;
				LastUpgradeCheck = 1300;
				ORGANIZATIONNAME = "Brian Masse";
				TargetAttributes = {
					C98C31D524E40FD200217317 = {
						CreatedOnToolsVersion = 11.6;
					};
					C9AF7B7924D375A10030D5A9 = {
						CreatedOnToolsVersion = 11.6;
					};
					C9BD6F8426D527D000C8C55B = {
						CreatedOnToolsVersion = 12.5.1;
					};
					C9BD6F9F26D543BA00C8C55B = {
						CreatedOnToolsVersion = 12.5.1;
					};
				};
			};
			buildConfigurationList = C9AF7B7524D375A10030D5A9 /* Build configuration list for PBXProject "Fetch - Remastered" */;
			compatibilityVersion = "Xcode 9.3";
			developmentRegion = en;
			hasScannedForEncodings = 0;
			knownRegions = (
				en,
				Base,
			);
			mainGroup = C9AF7B7124D375A10030D5A9;
			productRefGroup = C9AF7B7B24D375A10030D5A9 /* Products */;
			projectDirPath = "";
			projectRoot = "";
			targets = (
				C9AF7B7924D375A10030D5A9 /* Fetch - Remastered */,
				C98C31D524E40FD200217317 /* Fetch - Remastered Stickers */,
				C9BD6F8426D527D000C8C55B /* Fetch-Remastered-WidgetsExtension */,
				C9BD6F9F26D543BA00C8C55B /* Fetch-RemasteredIntents */,
			);
		};
/* End PBXProject section */

/* Begin PBXResourcesBuildPhase section */
		C98C31D424E40FD200217317 /* Resources */ = {
			isa = PBXResourcesBuildPhase;
			buildActionMask = 2147483647;
			files = (
				C98C31D924E40FD500217317 /* Stickers.xcassets in Resources */,
			);
			runOnlyForDeploymentPostprocessing = 0;
		};
		C9AF7B7824D375A10030D5A9 /* Resources */ = {
			isa = PBXResourcesBuildPhase;
			buildActionMask = 2147483647;
			files = (
				C9461F7E26B6D97500617412 /* FetchBoldDefault.ttf in Resources */,
				C9FE93CA274D6A9500981F64 /* 1.png in Resources */,
				C9AF7B9924D392670030D5A9 /* Main.storyboard in Resources */,
				C9774DFF26A8846100CEA920 /* fetchTitleFont.ttf in Resources */,
				C9CF55B326E52AF600AE28D9 /* FetchDefaultText.ttf in Resources */,
				C9D9A47224DB8E39001784ED /* Assets.xcassets in Resources */,
				C9AF7B8B24D375A20030D5A9 /* Assets.xcassets in Resources */,
				C9774DFD26A78A5E00CEA920 /* fetchLowerFont.ttf in Resources */,
				C9FE93C8274D3E9100981F64 /* LaunchScreen.storyboard in Resources */,
			);
			runOnlyForDeploymentPostprocessing = 0;
		};
		C9BD6F8326D527D000C8C55B /* Resources */ = {
			isa = PBXResourcesBuildPhase;
			buildActionMask = 2147483647;
			files = (
				C94CADB526DD8DB000E36499 /* FetchBoldDefault.ttf in Resources */,
				C94CADB326DD8DAC00E36499 /* fetchTitleFont.ttf in Resources */,
				C94CADB126DD8DAA00E36499 /* fetchLowerFont.ttf in Resources */,
				C9BD6F8F26D527D600C8C55B /* Assets.xcassets in Resources */,
			);
			runOnlyForDeploymentPostprocessing = 0;
		};
		C9BD6F9E26D543BA00C8C55B /* Resources */ = {
			isa = PBXResourcesBuildPhase;
			buildActionMask = 2147483647;
			files = (
				C94CADB626DD8DB000E36499 /* FetchBoldDefault.ttf in Resources */,
				C94CADB226DD8DAA00E36499 /* fetchLowerFont.ttf in Resources */,
				C94CADB426DD8DAD00E36499 /* fetchTitleFont.ttf in Resources */,
			);
			runOnlyForDeploymentPostprocessing = 0;
		};
/* End PBXResourcesBuildPhase section */

/* Begin PBXSourcesBuildPhase section */
		C9AF7B7624D375A10030D5A9 /* Sources */ = {
			isa = PBXSourcesBuildPhase;
			buildActionMask = 2147483647;
			files = (
				C9662499267E4AE9002317D7 /* Ball.swift in Sources */,
				C9AF7B8424D375A10030D5A9 /* GameScene.swift in Sources */,
				C94CADAE26DD7DCC00E36499 /* Colors.swift in Sources */,
				C971016526D7D78C0080A284 /* WidgetView.swift in Sources */,
				C9A9CA442671351100FF8199 /* Dog.swift in Sources */,
				C971015926D5B8880080A284 /* appGroup.swift in Sources */,
				C9DFBEF7268699A30046F8F4 /* CosmeticsSheet.swift in Sources */,
				C95AAB10268D2DC80063A62E /* UIUniversals.swift in Sources */,
				C9CF453626DEA36100B50C79 /* WidgetData.swift in Sources */,
				C9A2227A26B87AA500D79FC1 /* ProfileSheet.swift in Sources */,
				C9F5143526D913F6009D91E8 /* IntentHandler.swift in Sources */,
				C9461F8026B7038B00617412 /* GamePrefs.swift in Sources */,
				C9BC16E92687661700C81391 /* model.swift in Sources */,
				C966652626FA1D8B00721B30 /* Particle.swift in Sources */,
				C971015F26D722DC0080A284 /* WidgetBuilder.swift in Sources */,
				C971016126D7D6A00080A284 /* Stats.swift in Sources */,
				C9DFBEF92686A7330046F8F4 /* ViewModels.swift in Sources */,
				C9BCEB19267318F7002DF882 /* CameraObject.swift in Sources */,
				C9DFBEF226857BD20046F8F4 /* Fetch-RemasteredApp.swift in Sources */,
				C91D437A2675556D00B166A8 /* Universals.swift in Sources */,
				C9BD6F9226D527D600C8C55B /* Fetch_Remastered_Widgets.intentdefinition in Sources */,
				C94CADAC26DD6F2C00E36499 /* WidgetSelector.swift in Sources */,
				C9E98DB624FFE7380081FE9C /* GameView.swift in Sources */,
				C99B9BD42679780800B79947 /* CustomAnimation.swift in Sources */,
				C99B9F3526A351A900D9177A /* UpgradesSheet.swift in Sources */,
				C9461F8226B7042500617412 /* SettingsSheet.swift in Sources */,
			);
			runOnlyForDeploymentPostprocessing = 0;
		};
		C9BD6F8126D527D000C8C55B /* Sources */ = {
			isa = PBXSourcesBuildPhase;
			buildActionMask = 2147483647;
			files = (
				C971015A26D5B9AD0080A284 /* appGroup.swift in Sources */,
				C9CF453726DEA36100B50C79 /* WidgetData.swift in Sources */,
				C94CADA926DBDF8F00E36499 /* UIUniversals.swift in Sources */,
				C94CADAF26DD877500E36499 /* Colors.swift in Sources */,
				C9BD6F8C26D527D000C8C55B /* Fetch_Remastered_Widgets.swift in Sources */,
				C9BD6FAE26D5454C00C8C55B /* IntentHandler.swift in Sources */,
				C9BD6F9126D527D600C8C55B /* Fetch_Remastered_Widgets.intentdefinition in Sources */,
				C971016926D7D7CC0080A284 /* WidgetView.swift in Sources */,
			);
			runOnlyForDeploymentPostprocessing = 0;
		};
		C9BD6F9C26D543BA00C8C55B /* Sources */ = {
			isa = PBXSourcesBuildPhase;
			buildActionMask = 2147483647;
			files = (
				C971015B26D5B9AD0080A284 /* appGroup.swift in Sources */,
				C9CF453826DEA36100B50C79 /* WidgetData.swift in Sources */,
				C94CADAA26DBDF8F00E36499 /* UIUniversals.swift in Sources */,
				C94CADB026DD877600E36499 /* Colors.swift in Sources */,
				C9BD6FA526D543BA00C8C55B /* IntentHandler.swift in Sources */,
				C971014E26D591540080A284 /* Fetch_Remastered_Widgets.swift in Sources */,
				C9BD6FAF26D546FA00C8C55B /* Fetch_Remastered_Widgets.intentdefinition in Sources */,
				C971016A26D7D7CC0080A284 /* WidgetView.swift in Sources */,
			);
			runOnlyForDeploymentPostprocessing = 0;
		};
/* End PBXSourcesBuildPhase section */

/* Begin PBXTargetDependency section */
		C98C31DC24E40FD500217317 /* PBXTargetDependency */ = {
			isa = PBXTargetDependency;
			platformFilter = ios;
			target = C98C31D524E40FD200217317 /* Fetch - Remastered Stickers */;
			targetProxy = C98C31DB24E40FD500217317 /* PBXContainerItemProxy */;
		};
		C9BD6F9426D527D600C8C55B /* PBXTargetDependency */ = {
			isa = PBXTargetDependency;
			platformFilter = ios;
			target = C9BD6F8426D527D000C8C55B /* Fetch-Remastered-WidgetsExtension */;
			targetProxy = C9BD6F9326D527D600C8C55B /* PBXContainerItemProxy */;
		};
		C9BD6FA826D543BA00C8C55B /* PBXTargetDependency */ = {
			isa = PBXTargetDependency;
			platformFilter = ios;
			target = C9BD6F9F26D543BA00C8C55B /* Fetch-RemasteredIntents */;
			targetProxy = C9BD6FA726D543BA00C8C55B /* PBXContainerItemProxy */;
		};
/* End PBXTargetDependency section */

/* Begin PBXVariantGroup section */
		C9AF7B9724D392670030D5A9 /* Main.storyboard */ = {
			isa = PBXVariantGroup;
			children = (
				C9AF7B9824D392670030D5A9 /* Base */,
			);
			name = Main.storyboard;
			sourceTree = "<group>";
		};
/* End PBXVariantGroup section */

/* Begin XCBuildConfiguration section */
		C98C31DE24E40FD500217317 /* Debug */ = {
			isa = XCBuildConfiguration;
			buildSettings = {
				ALWAYS_EMBED_SWIFT_STANDARD_LIBRARIES = NO;
				ASSETCATALOG_COMPILER_APPICON_NAME = "iMessage App Icon";
				CODE_SIGN_IDENTITY = "Apple Development";
				CODE_SIGN_STYLE = Automatic;
				CURRENT_PROJECT_VERSION = 1.10;
				DEVELOPMENT_TEAM = LN4JU8GNV7;
				INFOPLIST_FILE = "Fetch - Remastered Stickers/Info.plist";
				IPHONEOS_DEPLOYMENT_TARGET = 12.0;
				MARKETING_VERSION = 2.1;
				ONLY_ACTIVE_ARCH = NO;
				PRODUCT_BUNDLE_IDENTIFIER = "Brian-Masse.Fetch---Remastered.Fetch---Remastered-Stickers";
				PRODUCT_NAME = "$(TARGET_NAME)";
				SKIP_INSTALL = YES;
				SUPPORTS_MACCATALYST = NO;
				TARGETED_DEVICE_FAMILY = 1;
			};
			name = Debug;
		};
		C98C31DF24E40FD500217317 /* Release */ = {
			isa = XCBuildConfiguration;
			buildSettings = {
				ALWAYS_EMBED_SWIFT_STANDARD_LIBRARIES = NO;
				ASSETCATALOG_COMPILER_APPICON_NAME = "iMessage App Icon";
				CODE_SIGN_IDENTITY = "Apple Development";
				CODE_SIGN_STYLE = Automatic;
				CURRENT_PROJECT_VERSION = 1.10;
				DEVELOPMENT_TEAM = LN4JU8GNV7;
				INFOPLIST_FILE = "Fetch - Remastered Stickers/Info.plist";
				IPHONEOS_DEPLOYMENT_TARGET = 12.0;
				MARKETING_VERSION = 2.1;
				PRODUCT_BUNDLE_IDENTIFIER = "Brian-Masse.Fetch---Remastered.Fetch---Remastered-Stickers";
				PRODUCT_NAME = "$(TARGET_NAME)";
				SKIP_INSTALL = YES;
				SUPPORTS_MACCATALYST = NO;
				TARGETED_DEVICE_FAMILY = 1;
			};
			name = Release;
		};
		C9AF7B9024D375A20030D5A9 /* Debug */ = {
			isa = XCBuildConfiguration;
			buildSettings = {
				ALWAYS_EMBED_SWIFT_STANDARD_LIBRARIES = YES;
				ALWAYS_SEARCH_USER_PATHS = NO;
				CLANG_ANALYZER_NONNULL = YES;
				CLANG_ANALYZER_NUMBER_OBJECT_CONVERSION = YES_AGGRESSIVE;
				CLANG_CXX_LANGUAGE_STANDARD = "gnu++14";
				CLANG_CXX_LIBRARY = "libc++";
				CLANG_ENABLE_MODULES = YES;
				CLANG_ENABLE_OBJC_ARC = YES;
				CLANG_ENABLE_OBJC_WEAK = YES;
				CLANG_WARN_BLOCK_CAPTURE_AUTORELEASING = YES;
				CLANG_WARN_BOOL_CONVERSION = YES;
				CLANG_WARN_COMMA = YES;
				CLANG_WARN_CONSTANT_CONVERSION = YES;
				CLANG_WARN_DEPRECATED_OBJC_IMPLEMENTATIONS = YES;
				CLANG_WARN_DIRECT_OBJC_ISA_USAGE = YES_ERROR;
				CLANG_WARN_DOCUMENTATION_COMMENTS = YES;
				CLANG_WARN_EMPTY_BODY = YES;
				CLANG_WARN_ENUM_CONVERSION = YES;
				CLANG_WARN_INFINITE_RECURSION = YES;
				CLANG_WARN_INT_CONVERSION = YES;
				CLANG_WARN_NON_LITERAL_NULL_CONVERSION = YES;
				CLANG_WARN_OBJC_IMPLICIT_RETAIN_SELF = YES;
				CLANG_WARN_OBJC_LITERAL_CONVERSION = YES;
				CLANG_WARN_OBJC_ROOT_CLASS = YES_ERROR;
				CLANG_WARN_QUOTED_INCLUDE_IN_FRAMEWORK_HEADER = YES;
				CLANG_WARN_RANGE_LOOP_ANALYSIS = YES;
				CLANG_WARN_STRICT_PROTOTYPES = YES;
				CLANG_WARN_SUSPICIOUS_MOVE = YES;
				CLANG_WARN_UNGUARDED_AVAILABILITY = YES_AGGRESSIVE;
				CLANG_WARN_UNREACHABLE_CODE = YES;
				CLANG_WARN__DUPLICATE_METHOD_MATCH = YES;
				COPY_PHASE_STRIP = NO;
				DEBUG_INFORMATION_FORMAT = dwarf;
				ENABLE_STRICT_OBJC_MSGSEND = YES;
				ENABLE_TESTABILITY = YES;
				"EXCLUDED_ARCHS[sdk=iphonesimulator*]" = arm64;
				GCC_C_LANGUAGE_STANDARD = gnu11;
				GCC_DYNAMIC_NO_PIC = NO;
				GCC_NO_COMMON_BLOCKS = YES;
				GCC_OPTIMIZATION_LEVEL = 0;
				GCC_PREPROCESSOR_DEFINITIONS = (
					"DEBUG=1",
					"$(inherited)",
				);
				GCC_WARN_64_TO_32_BIT_CONVERSION = YES;
				GCC_WARN_ABOUT_RETURN_TYPE = YES_ERROR;
				GCC_WARN_UNDECLARED_SELECTOR = YES;
				GCC_WARN_UNINITIALIZED_AUTOS = YES_AGGRESSIVE;
				GCC_WARN_UNUSED_FUNCTION = YES;
				GCC_WARN_UNUSED_VARIABLE = YES;
				INFOPLIST_KEY_UIRequiredDeviceCapabilities = arm64;
				IPHONEOS_DEPLOYMENT_TARGET = 14.1;
				MTL_ENABLE_DEBUG_INFO = INCLUDE_SOURCE;
				MTL_FAST_MATH = YES;
				ONLY_ACTIVE_ARCH = YES;
				SDKROOT = iphoneos;
				SWIFT_ACTIVE_COMPILATION_CONDITIONS = DEBUG;
				SWIFT_OPTIMIZATION_LEVEL = "-Onone";
			};
			name = Debug;
		};
		C9AF7B9124D375A20030D5A9 /* Release */ = {
			isa = XCBuildConfiguration;
			buildSettings = {
				ALWAYS_EMBED_SWIFT_STANDARD_LIBRARIES = YES;
				ALWAYS_SEARCH_USER_PATHS = NO;
				CLANG_ANALYZER_NONNULL = YES;
				CLANG_ANALYZER_NUMBER_OBJECT_CONVERSION = YES_AGGRESSIVE;
				CLANG_CXX_LANGUAGE_STANDARD = "gnu++14";
				CLANG_CXX_LIBRARY = "libc++";
				CLANG_ENABLE_MODULES = YES;
				CLANG_ENABLE_OBJC_ARC = YES;
				CLANG_ENABLE_OBJC_WEAK = YES;
				CLANG_WARN_BLOCK_CAPTURE_AUTORELEASING = YES;
				CLANG_WARN_BOOL_CONVERSION = YES;
				CLANG_WARN_COMMA = YES;
				CLANG_WARN_CONSTANT_CONVERSION = YES;
				CLANG_WARN_DEPRECATED_OBJC_IMPLEMENTATIONS = YES;
				CLANG_WARN_DIRECT_OBJC_ISA_USAGE = YES_ERROR;
				CLANG_WARN_DOCUMENTATION_COMMENTS = YES;
				CLANG_WARN_EMPTY_BODY = YES;
				CLANG_WARN_ENUM_CONVERSION = YES;
				CLANG_WARN_INFINITE_RECURSION = YES;
				CLANG_WARN_INT_CONVERSION = YES;
				CLANG_WARN_NON_LITERAL_NULL_CONVERSION = YES;
				CLANG_WARN_OBJC_IMPLICIT_RETAIN_SELF = YES;
				CLANG_WARN_OBJC_LITERAL_CONVERSION = YES;
				CLANG_WARN_OBJC_ROOT_CLASS = YES_ERROR;
				CLANG_WARN_QUOTED_INCLUDE_IN_FRAMEWORK_HEADER = YES;
				CLANG_WARN_RANGE_LOOP_ANALYSIS = YES;
				CLANG_WARN_STRICT_PROTOTYPES = YES;
				CLANG_WARN_SUSPICIOUS_MOVE = YES;
				CLANG_WARN_UNGUARDED_AVAILABILITY = YES_AGGRESSIVE;
				CLANG_WARN_UNREACHABLE_CODE = YES;
				CLANG_WARN__DUPLICATE_METHOD_MATCH = YES;
				COPY_PHASE_STRIP = NO;
				DEBUG_INFORMATION_FORMAT = "dwarf-with-dsym";
				ENABLE_NS_ASSERTIONS = NO;
				ENABLE_STRICT_OBJC_MSGSEND = YES;
				GCC_C_LANGUAGE_STANDARD = gnu11;
				GCC_NO_COMMON_BLOCKS = YES;
				GCC_WARN_64_TO_32_BIT_CONVERSION = YES;
				GCC_WARN_ABOUT_RETURN_TYPE = YES_ERROR;
				GCC_WARN_UNDECLARED_SELECTOR = YES;
				GCC_WARN_UNINITIALIZED_AUTOS = YES_AGGRESSIVE;
				GCC_WARN_UNUSED_FUNCTION = YES;
				GCC_WARN_UNUSED_VARIABLE = YES;
				INFOPLIST_KEY_UIRequiredDeviceCapabilities = arm64;
				IPHONEOS_DEPLOYMENT_TARGET = 14.1;
				MTL_ENABLE_DEBUG_INFO = NO;
				MTL_FAST_MATH = YES;
				ONLY_ACTIVE_ARCH = YES;
				SDKROOT = iphoneos;
				SWIFT_COMPILATION_MODE = wholemodule;
				SWIFT_OPTIMIZATION_LEVEL = "-O";
				VALIDATE_PRODUCT = YES;
			};
			name = Release;
		};
		C9AF7B9324D375A20030D5A9 /* Debug */ = {
			isa = XCBuildConfiguration;
			buildSettings = {
				ASSETCATALOG_COMPILER_APPICON_NAME = AppIcon;
				ASSETCATALOG_COMPILER_INCLUDE_ALL_APPICON_ASSETS = NO;
				CODE_SIGN_ENTITLEMENTS = "Fetch - Remastered/Fetch - Remastered.entitlements";
				CODE_SIGN_IDENTITY = "Apple Development";
				CODE_SIGN_STYLE = Automatic;
				CURRENT_PROJECT_VERSION = 1.10;
				DEVELOPMENT_TEAM = LN4JU8GNV7;
				INFOPLIST_FILE = "Fetch - Remastered/Info.plist";
				IPHONEOS_DEPLOYMENT_TARGET = 14.0;
				LD_RUNPATH_SEARCH_PATHS = (
					"$(inherited)",
					"@executable_path/Frameworks",
				);
				MARKETING_VERSION = 2.1;
				ONLY_ACTIVE_ARCH = NO;
				PRODUCT_BUNDLE_IDENTIFIER = "Brian-Masse.Fetch---Remastered";
				PRODUCT_NAME = "$(TARGET_NAME)";
				PROVISIONING_PROFILE_SPECIFIER = "";
				SUPPORTS_MACCATALYST = YES;
				SUPPORTS_MAC_DESIGNED_FOR_IPHONE_IPAD = NO;
				SWIFT_VERSION = 5.0;
				TARGETED_DEVICE_FAMILY = "1,2";
			};
			name = Debug;
		};
		C9AF7B9424D375A20030D5A9 /* Release */ = {
			isa = XCBuildConfiguration;
			buildSettings = {
				ASSETCATALOG_COMPILER_APPICON_NAME = AppIcon;
				ASSETCATALOG_COMPILER_INCLUDE_ALL_APPICON_ASSETS = NO;
				CODE_SIGN_ENTITLEMENTS = "Fetch - Remastered/Fetch - Remastered.entitlements";
				CODE_SIGN_IDENTITY = "Apple Development";
				CODE_SIGN_STYLE = Automatic;
				CURRENT_PROJECT_VERSION = 1.10;
				DEVELOPMENT_TEAM = LN4JU8GNV7;
				INFOPLIST_FILE = "Fetch - Remastered/Info.plist";
				IPHONEOS_DEPLOYMENT_TARGET = 14.0;
				LD_RUNPATH_SEARCH_PATHS = (
					"$(inherited)",
					"@executable_path/Frameworks",
				);
				MARKETING_VERSION = 2.1;
				PRODUCT_BUNDLE_IDENTIFIER = "Brian-Masse.Fetch---Remastered";
				PRODUCT_NAME = "$(TARGET_NAME)";
				PROVISIONING_PROFILE_SPECIFIER = "";
				SUPPORTS_MACCATALYST = YES;
				SUPPORTS_MAC_DESIGNED_FOR_IPHONE_IPAD = NO;
				SWIFT_VERSION = 5.0;
				TARGETED_DEVICE_FAMILY = "1,2";
			};
			name = Release;
		};
		C9BD6F9626D527D600C8C55B /* Debug */ = {
			isa = XCBuildConfiguration;
			buildSettings = {
				ALWAYS_EMBED_SWIFT_STANDARD_LIBRARIES = NO;
				ASSETCATALOG_COMPILER_GLOBAL_ACCENT_COLOR_NAME = AccentColor;
				ASSETCATALOG_COMPILER_WIDGET_BACKGROUND_COLOR_NAME = WidgetBackground;
				CODE_SIGN_ENTITLEMENTS = "Fetch-Remastered-WidgetsExtension.entitlements";
				CODE_SIGN_IDENTITY = "Apple Development";
				CODE_SIGN_STYLE = Automatic;
				CURRENT_PROJECT_VERSION = 1.10;
				DEVELOPMENT_TEAM = LN4JU8GNV7;
				INFOPLIST_FILE = "Fetch-Remastered-Widgets/Info.plist";
				IPHONEOS_DEPLOYMENT_TARGET = 14.5;
				LD_RUNPATH_SEARCH_PATHS = (
					"$(inherited)",
					"@executable_path/Frameworks",
					"@executable_path/../../Frameworks",
				);
				MARKETING_VERSION = 2.1;
				PRODUCT_BUNDLE_IDENTIFIER = "Brian-Masse.Fetch---Remastered.Fetch-Remastered-Widgets";
				PRODUCT_NAME = "$(TARGET_NAME)";
				SKIP_INSTALL = YES;
				SUPPORTS_MACCATALYST = YES;
				SWIFT_VERSION = 5.0;
				TARGETED_DEVICE_FAMILY = "1,2";
			};
			name = Debug;
		};
		C9BD6F9726D527D600C8C55B /* Release */ = {
			isa = XCBuildConfiguration;
			buildSettings = {
				ALWAYS_EMBED_SWIFT_STANDARD_LIBRARIES = NO;
				ASSETCATALOG_COMPILER_GLOBAL_ACCENT_COLOR_NAME = AccentColor;
				ASSETCATALOG_COMPILER_WIDGET_BACKGROUND_COLOR_NAME = WidgetBackground;
				CODE_SIGN_ENTITLEMENTS = "Fetch-Remastered-WidgetsExtension.entitlements";
				CODE_SIGN_IDENTITY = "Apple Development";
				CODE_SIGN_STYLE = Automatic;
				CURRENT_PROJECT_VERSION = 1.10;
				DEVELOPMENT_TEAM = LN4JU8GNV7;
				INFOPLIST_FILE = "Fetch-Remastered-Widgets/Info.plist";
				IPHONEOS_DEPLOYMENT_TARGET = 14.5;
				LD_RUNPATH_SEARCH_PATHS = (
					"$(inherited)",
					"@executable_path/Frameworks",
					"@executable_path/../../Frameworks",
				);
				MARKETING_VERSION = 2.1;
				PRODUCT_BUNDLE_IDENTIFIER = "Brian-Masse.Fetch---Remastered.Fetch-Remastered-Widgets";
				PRODUCT_NAME = "$(TARGET_NAME)";
				SKIP_INSTALL = YES;
				SUPPORTS_MACCATALYST = YES;
				SWIFT_VERSION = 5.0;
				TARGETED_DEVICE_FAMILY = "1,2";
			};
			name = Release;
		};
		C9BD6FAB26D543BA00C8C55B /* Debug */ = {
			isa = XCBuildConfiguration;
			buildSettings = {
				ALWAYS_EMBED_SWIFT_STANDARD_LIBRARIES = NO;
				CODE_SIGN_ENTITLEMENTS = "Fetch-RemasteredIntents/Fetch-RemasteredIntents.entitlements";
				CODE_SIGN_IDENTITY = "Apple Development";
				CODE_SIGN_STYLE = Automatic;
				CURRENT_PROJECT_VERSION = 1.10;
				DEVELOPMENT_TEAM = LN4JU8GNV7;
				INFOPLIST_FILE = "Fetch-RemasteredIntents/Info.plist";
				IPHONEOS_DEPLOYMENT_TARGET = 14.5;
				LD_RUNPATH_SEARCH_PATHS = (
					"$(inherited)",
					"@executable_path/Frameworks",
					"@executable_path/../../Frameworks",
				);
				MARKETING_VERSION = 2.1;
				PRODUCT_BUNDLE_IDENTIFIER = "Brian-Masse.Fetch---Remastered.Fetch-RemasteredIntents";
				PRODUCT_NAME = "$(TARGET_NAME)";
				SKIP_INSTALL = YES;
				SUPPORTS_MACCATALYST = YES;
				SWIFT_VERSION = 5.0;
				TARGETED_DEVICE_FAMILY = "1,2";
			};
			name = Debug;
		};
		C9BD6FAC26D543BA00C8C55B /* Release */ = {
			isa = XCBuildConfiguration;
			buildSettings = {
				ALWAYS_EMBED_SWIFT_STANDARD_LIBRARIES = NO;
				CODE_SIGN_ENTITLEMENTS = "Fetch-RemasteredIntents/Fetch-RemasteredIntents.entitlements";
				CODE_SIGN_IDENTITY = "Apple Development";
				CODE_SIGN_STYLE = Automatic;
				CURRENT_PROJECT_VERSION = 1.10;
				DEVELOPMENT_TEAM = LN4JU8GNV7;
				INFOPLIST_FILE = "Fetch-RemasteredIntents/Info.plist";
				IPHONEOS_DEPLOYMENT_TARGET = 14.5;
				LD_RUNPATH_SEARCH_PATHS = (
					"$(inherited)",
					"@executable_path/Frameworks",
					"@executable_path/../../Frameworks",
				);
				MARKETING_VERSION = 2.1;
				PRODUCT_BUNDLE_IDENTIFIER = "Brian-Masse.Fetch---Remastered.Fetch-RemasteredIntents";
				PRODUCT_NAME = "$(TARGET_NAME)";
				SKIP_INSTALL = YES;
				SUPPORTS_MACCATALYST = YES;
				SWIFT_VERSION = 5.0;
				TARGETED_DEVICE_FAMILY = "1,2";
			};
			name = Release;
		};
/* End XCBuildConfiguration section */

/* Begin XCConfigurationList section */
		C98C31E024E40FD500217317 /* Build configuration list for PBXNativeTarget "Fetch - Remastered Stickers" */ = {
			isa = XCConfigurationList;
			buildConfigurations = (
				C98C31DE24E40FD500217317 /* Debug */,
				C98C31DF24E40FD500217317 /* Release */,
			);
			defaultConfigurationIsVisible = 0;
			defaultConfigurationName = Release;
		};
		C9AF7B7524D375A10030D5A9 /* Build configuration list for PBXProject "Fetch - Remastered" */ = {
			isa = XCConfigurationList;
			buildConfigurations = (
				C9AF7B9024D375A20030D5A9 /* Debug */,
				C9AF7B9124D375A20030D5A9 /* Release */,
			);
			defaultConfigurationIsVisible = 0;
			defaultConfigurationName = Release;
		};
		C9AF7B9224D375A20030D5A9 /* Build configuration list for PBXNativeTarget "Fetch - Remastered" */ = {
			isa = XCConfigurationList;
			buildConfigurations = (
				C9AF7B9324D375A20030D5A9 /* Debug */,
				C9AF7B9424D375A20030D5A9 /* Release */,
			);
			defaultConfigurationIsVisible = 0;
			defaultConfigurationName = Release;
		};
		C9BD6F9826D527D600C8C55B /* Build configuration list for PBXNativeTarget "Fetch-Remastered-WidgetsExtension" */ = {
			isa = XCConfigurationList;
			buildConfigurations = (
				C9BD6F9626D527D600C8C55B /* Debug */,
				C9BD6F9726D527D600C8C55B /* Release */,
			);
			defaultConfigurationIsVisible = 0;
			defaultConfigurationName = Release;
		};
		C9BD6FAA26D543BA00C8C55B /* Build configuration list for PBXNativeTarget "Fetch-RemasteredIntents" */ = {
			isa = XCConfigurationList;
			buildConfigurations = (
				C9BD6FAB26D543BA00C8C55B /* Debug */,
				C9BD6FAC26D543BA00C8C55B /* Release */,
			);
			defaultConfigurationIsVisible = 0;
			defaultConfigurationName = Release;
		};
/* End XCConfigurationList section */
	};
	rootObject = C9AF7B7224D375A10030D5A9 /* Project object */;
}
