// !$*UTF8*$!
{
	archiveVersion = 1;
	classes = {
	};
	objectVersion = 51;
	objects = {

/* Begin PBXBuildFile section */
		41CC8F7976D19EAE759EA3FA /* Pods_Fetch___Remastered.framework in Frameworks */ = {isa = PBXBuildFile; fileRef = 24B2C114BEC5BA9CD572FD77 /* Pods_Fetch___Remastered.framework */; };
		C9042C1124E5712200783805 /* gold1.wav in Resources */ = {isa = PBXBuildFile; fileRef = C9042C0E24E5712200783805 /* gold1.wav */; };
		C9042C1224E5712200783805 /* gold2.mp3 in Resources */ = {isa = PBXBuildFile; fileRef = C9042C0F24E5712200783805 /* gold2.mp3 */; };
		C9042C1324E5712200783805 /* wind.wav in Resources */ = {isa = PBXBuildFile; fileRef = C9042C1024E5712200783805 /* wind.wav */; };
		C9042C1624E5EC3800783805 /* beep.mp3 in Resources */ = {isa = PBXBuildFile; fileRef = C9042C1524E5EC3700783805 /* beep.mp3 */; };
		C90A513624DA4A730063A10D /* Disco.atlas in Resources */ = {isa = PBXBuildFile; fileRef = C90A513524DA4A730063A10D /* Disco.atlas */; };
		C90E939024E1A3FC00B72742 /* Clock.atlas in Resources */ = {isa = PBXBuildFile; fileRef = C90E938F24E1A3FC00B72742 /* Clock.atlas */; };
		C9191CCB24EB5E88004E0EE3 /* FoxRun.atlas in Resources */ = {isa = PBXBuildFile; fileRef = C9191CCA24EB5E88004E0EE3 /* FoxRun.atlas */; };
		C9191CCD24EB5EFE004E0EE3 /* FoxSit.atlas in Resources */ = {isa = PBXBuildFile; fileRef = C9191CCC24EB5EFE004E0EE3 /* FoxSit.atlas */; };
		C91D437A2675556D00B166A8 /* Universals.swift in Sources */ = {isa = PBXBuildFile; fileRef = C91D43792675556D00B166A8 /* Universals.swift */; };
		C94CC55C24D9DADF00C0274C /* GameModifiersExtension.swift in Sources */ = {isa = PBXBuildFile; fileRef = C94CC55B24D9DADF00C0274C /* GameModifiersExtension.swift */; };
		C953C00C24DCDE9E0011F5F8 /* goldCoins.sks in Resources */ = {isa = PBXBuildFile; fileRef = C953C00B24DCDE9E0011F5F8 /* goldCoins.sks */; };
		C960164724E0A88B000AFCE9 /* Puffer.atlas in Resources */ = {isa = PBXBuildFile; fileRef = C960164624E0A88B000AFCE9 /* Puffer.atlas */; };
		C960164924E0CABA000AFCE9 /* Spike.atlas in Resources */ = {isa = PBXBuildFile; fileRef = C960164824E0CAB9000AFCE9 /* Spike.atlas */; };
		C9670B6E24DC35A000BD5F7B /* Disk.atlas in Resources */ = {isa = PBXBuildFile; fileRef = C9670B6D24DC35A000BD5F7B /* Disk.atlas */; };
		C9670B7424DC36C200BD5F7B /* Earth.atlas in Resources */ = {isa = PBXBuildFile; fileRef = C9670B7324DC36C200BD5F7B /* Earth.atlas */; };
		C9670B7624DC4ACA00BD5F7B /* SettingsViewController.swift in Sources */ = {isa = PBXBuildFile; fileRef = C9670B7524DC4ACA00BD5F7B /* SettingsViewController.swift */; };
		C96A53C924D65B7A00F9597E /* Tennis.atlas in Resources */ = {isa = PBXBuildFile; fileRef = C96A53C824D65B7A00F9597E /* Tennis.atlas */; };
		C96D405324E8383300E6D621 /* MickeyRun.atlas in Resources */ = {isa = PBXBuildFile; fileRef = C96D405224E8383300E6D621 /* MickeyRun.atlas */; };
		C96D405724E8385900E6D621 /* MickeySit.atlas in Resources */ = {isa = PBXBuildFile; fileRef = C96D405624E8385900E6D621 /* MickeySit.atlas */; };
		C96D405924E8393800E6D621 /* BullRun.atlas in Resources */ = {isa = PBXBuildFile; fileRef = C96D405824E8393800E6D621 /* BullRun.atlas */; };
		C96D405D24E83AF900E6D621 /* BullSit.atlas in Resources */ = {isa = PBXBuildFile; fileRef = C96D405C24E83AF900E6D621 /* BullSit.atlas */; };
		C96D406024E87A4D00E6D621 /* PoodleRun.atlas in Resources */ = {isa = PBXBuildFile; fileRef = C96D405E24E87A4C00E6D621 /* PoodleRun.atlas */; };
		C96D406124E87A4D00E6D621 /* PoodleSit.atlas in Resources */ = {isa = PBXBuildFile; fileRef = C96D405F24E87A4C00E6D621 /* PoodleSit.atlas */; };
		C96F2CFB26692D60006F99AF /* UIOverlayController.swift in Sources */ = {isa = PBXBuildFile; fileRef = C96F2CFA26692D60006F99AF /* UIOverlayController.swift */; };
		C98B0DBF24E355D2004E1C81 /* Air.atlas in Resources */ = {isa = PBXBuildFile; fileRef = C98B0DBE24E355D2004E1C81 /* Air.atlas */; };
		C98C31D924E40FD500217317 /* Stickers.xcassets in Resources */ = {isa = PBXBuildFile; fileRef = C98C31D824E40FD500217317 /* Stickers.xcassets */; };
		C98C31DD24E40FD500217317 /* Fetch - Remastered Stickers.appex in Embed App Extensions */ = {isa = PBXBuildFile; fileRef = C98C31D624E40FD200217317 /* Fetch - Remastered Stickers.appex */; settings = {ATTRIBUTES = (RemoveHeadersOnCopy, ); }; };
		C98C31E424E42BEC00217317 /* Rubix.atlas in Resources */ = {isa = PBXBuildFile; fileRef = C98C31E324E42BEC00217317 /* Rubix.atlas */; };
		C98F212124D4545200D709F9 /* GameModifiersViewController.swift in Sources */ = {isa = PBXBuildFile; fileRef = C98F212024D4545200D709F9 /* GameModifiersViewController.swift */; };
		C98F212324D4546400D709F9 /* ProfileViewController.swift in Sources */ = {isa = PBXBuildFile; fileRef = C98F212224D4546400D709F9 /* ProfileViewController.swift */; };
		C98F212524D4546E00D709F9 /* GoldViewController.swift in Sources */ = {isa = PBXBuildFile; fileRef = C98F212424D4546E00D709F9 /* GoldViewController.swift */; };
		C98F212924D4C62700D709F9 /* StoreKit.framework in Frameworks */ = {isa = PBXBuildFile; fileRef = C98F212824D4C62700D709F9 /* StoreKit.framework */; };
		C99B9BCE2675BB1800B79947 /* Flipping Label.swift in Sources */ = {isa = PBXBuildFile; fileRef = C99B9BCD2675BB1800B79947 /* Flipping Label.swift */; };
		C99B9BD226767AA600B79947 /* Fetch_remasteredFont-Regular.ttf in Resources */ = {isa = PBXBuildFile; fileRef = C99B9BD12676781500B79947 /* Fetch_remasteredFont-Regular.ttf */; };
		C99B9BD42679780800B79947 /* Animation.swift in Sources */ = {isa = PBXBuildFile; fileRef = C99B9BD32679780700B79947 /* Animation.swift */; };
		C99C266F24E9C812007775D0 /* BlackRun.atlas in Resources */ = {isa = PBXBuildFile; fileRef = C99C266D24E9C812007775D0 /* BlackRun.atlas */; };
		C99C267024E9C812007775D0 /* BlackSit.atlas in Resources */ = {isa = PBXBuildFile; fileRef = C99C266E24E9C812007775D0 /* BlackSit.atlas */; };
		C99C267324E9E824007775D0 /* DalSit.atlas in Resources */ = {isa = PBXBuildFile; fileRef = C99C267124E9E824007775D0 /* DalSit.atlas */; };
		C99C267424E9E824007775D0 /* DalRun.atlas in Resources */ = {isa = PBXBuildFile; fileRef = C99C267224E9E824007775D0 /* DalRun.atlas */; };
		C9A0E7B524EC313B0063E177 /* BotRun.atlas in Resources */ = {isa = PBXBuildFile; fileRef = C9A0E7B324EC313B0063E177 /* BotRun.atlas */; };
		C9A0E7B624EC313B0063E177 /* BotSit.atlas in Resources */ = {isa = PBXBuildFile; fileRef = C9A0E7B424EC313B0063E177 /* BotSit.atlas */; };
		C9A0E7B924EC5D830063E177 /* BudSit.atlas in Resources */ = {isa = PBXBuildFile; fileRef = C9A0E7B724EC5D830063E177 /* BudSit.atlas */; };
		C9A0E7BC24EC5E880063E177 /* BudRun.atlas in Resources */ = {isa = PBXBuildFile; fileRef = C9A0E7BB24EC5E880063E177 /* BudRun.atlas */; };
		C9A0E7BF24ECA9070063E177 /* SpaceRun.atlas in Resources */ = {isa = PBXBuildFile; fileRef = C9A0E7BD24ECA9070063E177 /* SpaceRun.atlas */; };
		C9A0E7C024ECA9070063E177 /* SpaceSit.atlas in Resources */ = {isa = PBXBuildFile; fileRef = C9A0E7BE24ECA9070063E177 /* SpaceSit.atlas */; };
		C9A9CA442671351100FF8199 /* Dog.swift in Sources */ = {isa = PBXBuildFile; fileRef = C9A9CA432671351100FF8199 /* Dog.swift */; };
		C9AF7B7E24D375A10030D5A9 /* AppDelegate.swift in Sources */ = {isa = PBXBuildFile; fileRef = C9AF7B7D24D375A10030D5A9 /* AppDelegate.swift */; };
		C9AF7B8424D375A10030D5A9 /* GameScene.swift in Sources */ = {isa = PBXBuildFile; fileRef = C9AF7B8324D375A10030D5A9 /* GameScene.swift */; };
		C9AF7B8624D375A10030D5A9 /* GameViewController.swift in Sources */ = {isa = PBXBuildFile; fileRef = C9AF7B8524D375A10030D5A9 /* GameViewController.swift */; };
		C9AF7B8B24D375A20030D5A9 /* Assets.xcassets in Resources */ = {isa = PBXBuildFile; fileRef = C9AF7B8A24D375A20030D5A9 /* Assets.xcassets */; };
		C9AF7B8E24D375A20030D5A9 /* LaunchScreen.storyboard in Resources */ = {isa = PBXBuildFile; fileRef = C9AF7B8C24D375A20030D5A9 /* LaunchScreen.storyboard */; };
		C9AF7B9924D392670030D5A9 /* Main.storyboard in Resources */ = {isa = PBXBuildFile; fileRef = C9AF7B9724D392670030D5A9 /* Main.storyboard */; };
		C9AF7B9C24D3939A0030D5A9 /* PixelEmulator-xq08.ttf in Resources */ = {isa = PBXBuildFile; fileRef = C9AF7B9A24D392CD0030D5A9 /* PixelEmulator-xq08.ttf */; };
		C9B73FAB24DDF230000BE716 /* Orange.atlas in Resources */ = {isa = PBXBuildFile; fileRef = C9B73FAA24DDF230000BE716 /* Orange.atlas */; };
		C9B73FAD24DE0BB9000BE716 /* Apple.atlas in Resources */ = {isa = PBXBuildFile; fileRef = C9B73FAC24DE0BB8000BE716 /* Apple.atlas */; };
		C9B73FAF24DE2AB4000BE716 /* Lemon.atlas in Resources */ = {isa = PBXBuildFile; fileRef = C9B73FAE24DE2AB4000BE716 /* Lemon.atlas */; };
		C9BCEB19267318F7002DF882 /* CameraObject.swift in Sources */ = {isa = PBXBuildFile; fileRef = C9BCEB18267318F6002DF882 /* CameraObject.swift */; };
		C9BDD8CC24DA02C100D9E516 /* Rubber.atlas in Resources */ = {isa = PBXBuildFile; fileRef = C9BDD8CB24DA02C100D9E516 /* Rubber.atlas */; };
		C9CA3C3324E1CB6A003027CD /* Saturn.atlas in Resources */ = {isa = PBXBuildFile; fileRef = C9CA3C3224E1CB6A003027CD /* Saturn.atlas */; };
		C9CA3C3524E1FFE7003027CD /* Moon.atlas in Resources */ = {isa = PBXBuildFile; fileRef = C9CA3C3424E1FFE7003027CD /* Moon.atlas */; };
		C9CAC15524DEF66100C9E543 /* Beach.atlas in Resources */ = {isa = PBXBuildFile; fileRef = C9CAC15424DEF66100C9E543 /* Beach.atlas */; };
		C9CAC15724DF71E300C9E543 /* Death.atlas in Resources */ = {isa = PBXBuildFile; fileRef = C9CAC15624DF71E200C9E543 /* Death.atlas */; };
		C9D9A46A24DAEA65001784ED /* Foot.atlas in Resources */ = {isa = PBXBuildFile; fileRef = C9D9A46924DAEA65001784ED /* Foot.atlas */; };
		C9D9A46C24DAFFBA001784ED /* Base.atlas in Resources */ = {isa = PBXBuildFile; fileRef = C9D9A46B24DAFFBA001784ED /* Base.atlas */; };
		C9D9A46E24DB7AFB001784ED /* Basket.atlas in Resources */ = {isa = PBXBuildFile; fileRef = C9D9A46D24DB7AFB001784ED /* Basket.atlas */; };
		C9D9A47124DB8E39001784ED /* clouds.sks in Resources */ = {isa = PBXBuildFile; fileRef = C9D9A46F24DB8E39001784ED /* clouds.sks */; };
		C9D9A47224DB8E39001784ED /* Assets.xcassets in Resources */ = {isa = PBXBuildFile; fileRef = C9D9A47024DB8E39001784ED /* Assets.xcassets */; };
		C9E98DB624FFE7380081FE9C /* File.swift in Sources */ = {isa = PBXBuildFile; fileRef = C9E98DB524FFE7380081FE9C /* File.swift */; };
		C9FD364824FE945B00409963 /* Fire.sks in Resources */ = {isa = PBXBuildFile; fileRef = C9FD364724FE945B00409963 /* Fire.sks */; };
		C9FD364A24FE954000409963 /* Smoke.sks in Resources */ = {isa = PBXBuildFile; fileRef = C9FD364924FE954000409963 /* Smoke.sks */; };
		C9FD364C24FE9FB600409963 /* Snow.sks in Resources */ = {isa = PBXBuildFile; fileRef = C9FD364B24FE9FB600409963 /* Snow.sks */; };
		C9FD364E24FEA3ED00409963 /* Rain.sks in Resources */ = {isa = PBXBuildFile; fileRef = C9FD364D24FEA3ED00409963 /* Rain.sks */; };
		C9FF4E6D24EB14FC00E43A3F /* HoundSit.atlas in Resources */ = {isa = PBXBuildFile; fileRef = C9FF4E6B24EB14FC00E43A3F /* HoundSit.atlas */; };
		C9FF4E7A24EB188400E43A3F /* HoundRun.atlas in Resources */ = {isa = PBXBuildFile; fileRef = C9FF4E7924EB188400E43A3F /* HoundRun.atlas */; };
		E03F9075C1729E9D9F5F2CD1 /* Pods_Fetch___Remastered_Stickers.framework in Frameworks */ = {isa = PBXBuildFile; fileRef = CF2ECECC7528590D8C35F81A /* Pods_Fetch___Remastered_Stickers.framework */; };
/* End PBXBuildFile section */

/* Begin PBXContainerItemProxy section */
		C98C31DB24E40FD500217317 /* PBXContainerItemProxy */ = {
			isa = PBXContainerItemProxy;
			containerPortal = C9AF7B7224D375A10030D5A9 /* Project object */;
			proxyType = 1;
			remoteGlobalIDString = C98C31D524E40FD200217317;
			remoteInfo = "Fetch - Remastered Stickers";
		};
/* End PBXContainerItemProxy section */

/* Begin PBXCopyFilesBuildPhase section */
		C9CAC16524DF7B2E00C9E543 /* Embed App Extensions */ = {
			isa = PBXCopyFilesBuildPhase;
			buildActionMask = 2147483647;
			dstPath = "";
			dstSubfolderSpec = 13;
			files = (
				C98C31DD24E40FD500217317 /* Fetch - Remastered Stickers.appex in Embed App Extensions */,
			);
			name = "Embed App Extensions";
			runOnlyForDeploymentPostprocessing = 0;
		};
/* End PBXCopyFilesBuildPhase section */

/* Begin PBXFileReference section */
		1537978B994E633AB3040499 /* Pods-Fetch - Remastered Stickers.release.xcconfig */ = {isa = PBXFileReference; includeInIndex = 1; lastKnownFileType = text.xcconfig; name = "Pods-Fetch - Remastered Stickers.release.xcconfig"; path = "Target Support Files/Pods-Fetch - Remastered Stickers/Pods-Fetch - Remastered Stickers.release.xcconfig"; sourceTree = "<group>"; };
		24B2C114BEC5BA9CD572FD77 /* Pods_Fetch___Remastered.framework */ = {isa = PBXFileReference; explicitFileType = wrapper.framework; includeInIndex = 0; path = "Pods_Fetch___Remastered.framework"; sourceTree = BUILT_PRODUCTS_DIR; };
		76F129A63FD81F5274790A73 /* Pods-Fetch - Remastered.release.xcconfig */ = {isa = PBXFileReference; includeInIndex = 1; lastKnownFileType = text.xcconfig; name = "Pods-Fetch - Remastered.release.xcconfig"; path = "Target Support Files/Pods-Fetch - Remastered/Pods-Fetch - Remastered.release.xcconfig"; sourceTree = "<group>"; };
		7F39160D1199E40C84AB5A8B /* Pods-Fetch - Remastered Stickers.debug.xcconfig */ = {isa = PBXFileReference; includeInIndex = 1; lastKnownFileType = text.xcconfig; name = "Pods-Fetch - Remastered Stickers.debug.xcconfig"; path = "Target Support Files/Pods-Fetch - Remastered Stickers/Pods-Fetch - Remastered Stickers.debug.xcconfig"; sourceTree = "<group>"; };
		C9042C0E24E5712200783805 /* gold1.wav */ = {isa = PBXFileReference; lastKnownFileType = audio.wav; path = gold1.wav; sourceTree = "<group>"; };
		C9042C0F24E5712200783805 /* gold2.mp3 */ = {isa = PBXFileReference; lastKnownFileType = audio.mp3; path = gold2.mp3; sourceTree = "<group>"; };
		C9042C1024E5712200783805 /* wind.wav */ = {isa = PBXFileReference; lastKnownFileType = audio.wav; path = wind.wav; sourceTree = "<group>"; };
		C9042C1524E5EC3700783805 /* beep.mp3 */ = {isa = PBXFileReference; lastKnownFileType = audio.mp3; path = beep.mp3; sourceTree = "<group>"; };
		C90A513524DA4A730063A10D /* Disco.atlas */ = {isa = PBXFileReference; lastKnownFileType = folder.skatlas; path = Disco.atlas; sourceTree = "<group>"; };
		C90E938F24E1A3FC00B72742 /* Clock.atlas */ = {isa = PBXFileReference; lastKnownFileType = folder.skatlas; path = Clock.atlas; sourceTree = "<group>"; };
		C9191CCA24EB5E88004E0EE3 /* FoxRun.atlas */ = {isa = PBXFileReference; lastKnownFileType = folder.skatlas; path = FoxRun.atlas; sourceTree = "<group>"; };
		C9191CCC24EB5EFE004E0EE3 /* FoxSit.atlas */ = {isa = PBXFileReference; lastKnownFileType = folder.skatlas; path = FoxSit.atlas; sourceTree = "<group>"; };
		C91D43792675556D00B166A8 /* Universals.swift */ = {isa = PBXFileReference; lastKnownFileType = sourcecode.swift; path = Universals.swift; sourceTree = "<group>"; };
		C92C43A824D79810003EF9CC /* Fetch-Remastered.kra */ = {isa = PBXFileReference; lastKnownFileType = file; path = "Fetch-Remastered.kra"; sourceTree = "<group>"; };
		C94CC55B24D9DADF00C0274C /* GameModifiersExtension.swift */ = {isa = PBXFileReference; lastKnownFileType = sourcecode.swift; path = GameModifiersExtension.swift; sourceTree = "<group>"; };
		C953C00B24DCDE9E0011F5F8 /* goldCoins.sks */ = {isa = PBXFileReference; lastKnownFileType = file.sks; path = goldCoins.sks; sourceTree = "<group>"; };
		C960164624E0A88B000AFCE9 /* Puffer.atlas */ = {isa = PBXFileReference; lastKnownFileType = folder.skatlas; path = Puffer.atlas; sourceTree = "<group>"; };
		C960164824E0CAB9000AFCE9 /* Spike.atlas */ = {isa = PBXFileReference; lastKnownFileType = folder.skatlas; path = Spike.atlas; sourceTree = "<group>"; };
		C9670B6D24DC35A000BD5F7B /* Disk.atlas */ = {isa = PBXFileReference; lastKnownFileType = folder.skatlas; path = Disk.atlas; sourceTree = "<group>"; };
		C9670B7324DC36C200BD5F7B /* Earth.atlas */ = {isa = PBXFileReference; lastKnownFileType = folder.skatlas; path = Earth.atlas; sourceTree = "<group>"; };
		C9670B7524DC4ACA00BD5F7B /* SettingsViewController.swift */ = {isa = PBXFileReference; lastKnownFileType = sourcecode.swift; path = SettingsViewController.swift; sourceTree = "<group>"; };
		C96A53C824D65B7A00F9597E /* Tennis.atlas */ = {isa = PBXFileReference; lastKnownFileType = folder.skatlas; path = Tennis.atlas; sourceTree = "<group>"; };
		C96D405224E8383300E6D621 /* MickeyRun.atlas */ = {isa = PBXFileReference; lastKnownFileType = folder.skatlas; path = MickeyRun.atlas; sourceTree = "<group>"; };
		C96D405624E8385900E6D621 /* MickeySit.atlas */ = {isa = PBXFileReference; lastKnownFileType = folder.skatlas; path = MickeySit.atlas; sourceTree = "<group>"; };
		C96D405824E8393800E6D621 /* BullRun.atlas */ = {isa = PBXFileReference; lastKnownFileType = folder.skatlas; path = BullRun.atlas; sourceTree = "<group>"; };
		C96D405C24E83AF900E6D621 /* BullSit.atlas */ = {isa = PBXFileReference; lastKnownFileType = folder.skatlas; path = BullSit.atlas; sourceTree = "<group>"; };
		C96D405E24E87A4C00E6D621 /* PoodleRun.atlas */ = {isa = PBXFileReference; lastKnownFileType = folder.skatlas; path = PoodleRun.atlas; sourceTree = "<group>"; };
		C96D405F24E87A4C00E6D621 /* PoodleSit.atlas */ = {isa = PBXFileReference; lastKnownFileType = folder.skatlas; path = PoodleSit.atlas; sourceTree = "<group>"; };
		C96F2CFA26692D60006F99AF /* UIOverlayController.swift */ = {isa = PBXFileReference; fileEncoding = 4; lastKnownFileType = sourcecode.swift; path = UIOverlayController.swift; sourceTree = "<group>"; };
		C98B0DBE24E355D2004E1C81 /* Air.atlas */ = {isa = PBXFileReference; lastKnownFileType = folder.skatlas; path = Air.atlas; sourceTree = "<group>"; };
		C98C31D624E40FD200217317 /* Fetch - Remastered Stickers.appex */ = {isa = PBXFileReference; explicitFileType = "wrapper.app-extension"; includeInIndex = 0; path = "Fetch - Remastered Stickers.appex"; sourceTree = BUILT_PRODUCTS_DIR; };
		C98C31D824E40FD500217317 /* Stickers.xcassets */ = {isa = PBXFileReference; lastKnownFileType = folder.assetcatalog; path = Stickers.xcassets; sourceTree = "<group>"; };
		C98C31DA24E40FD500217317 /* Info.plist */ = {isa = PBXFileReference; lastKnownFileType = text.plist.xml; path = Info.plist; sourceTree = "<group>"; };
		C98C31E324E42BEC00217317 /* Rubix.atlas */ = {isa = PBXFileReference; lastKnownFileType = folder.skatlas; path = Rubix.atlas; sourceTree = "<group>"; };
		C98F212024D4545200D709F9 /* GameModifiersViewController.swift */ = {isa = PBXFileReference; lastKnownFileType = sourcecode.swift; path = GameModifiersViewController.swift; sourceTree = "<group>"; };
		C98F212224D4546400D709F9 /* ProfileViewController.swift */ = {isa = PBXFileReference; lastKnownFileType = sourcecode.swift; path = ProfileViewController.swift; sourceTree = "<group>"; };
		C98F212424D4546E00D709F9 /* GoldViewController.swift */ = {isa = PBXFileReference; lastKnownFileType = sourcecode.swift; path = GoldViewController.swift; sourceTree = "<group>"; };
		C98F212824D4C62700D709F9 /* StoreKit.framework */ = {isa = PBXFileReference; lastKnownFileType = wrapper.framework; name = StoreKit.framework; path = System/Library/Frameworks/StoreKit.framework; sourceTree = SDKROOT; };
		C99B9BCB2675B68300B79947 /* GoogleMobileAds.xcframework */ = {isa = PBXFileReference; lastKnownFileType = wrapper.xcframework; name = GoogleMobileAds.xcframework; path = "Pods/Google-Mobile-Ads-SDK/Frameworks/GoogleMobileAdsFramework-Current/GoogleMobileAds.xcframework"; sourceTree = "<group>"; };
		C99B9BCD2675BB1800B79947 /* Flipping Label.swift */ = {isa = PBXFileReference; lastKnownFileType = sourcecode.swift; path = "Flipping Label.swift"; sourceTree = "<group>"; };
		C99B9BD12676781500B79947 /* Fetch_remasteredFont-Regular.ttf */ = {isa = PBXFileReference; lastKnownFileType = file; path = "Fetch_remasteredFont-Regular.ttf"; sourceTree = "<group>"; };
		C99B9BD32679780700B79947 /* Animation.swift */ = {isa = PBXFileReference; lastKnownFileType = sourcecode.swift; path = Animation.swift; sourceTree = "<group>"; };
		C99C266D24E9C812007775D0 /* BlackRun.atlas */ = {isa = PBXFileReference; lastKnownFileType = folder.skatlas; path = BlackRun.atlas; sourceTree = "<group>"; };
		C99C266E24E9C812007775D0 /* BlackSit.atlas */ = {isa = PBXFileReference; lastKnownFileType = folder.skatlas; path = BlackSit.atlas; sourceTree = "<group>"; };
		C99C267124E9E824007775D0 /* DalSit.atlas */ = {isa = PBXFileReference; lastKnownFileType = folder.skatlas; path = DalSit.atlas; sourceTree = "<group>"; };
		C99C267224E9E824007775D0 /* DalRun.atlas */ = {isa = PBXFileReference; lastKnownFileType = folder.skatlas; path = DalRun.atlas; sourceTree = "<group>"; };
		C9A0E7B324EC313B0063E177 /* BotRun.atlas */ = {isa = PBXFileReference; lastKnownFileType = folder.skatlas; path = BotRun.atlas; sourceTree = "<group>"; };
		C9A0E7B424EC313B0063E177 /* BotSit.atlas */ = {isa = PBXFileReference; lastKnownFileType = folder.skatlas; path = BotSit.atlas; sourceTree = "<group>"; };
		C9A0E7B724EC5D830063E177 /* BudSit.atlas */ = {isa = PBXFileReference; lastKnownFileType = folder.skatlas; path = BudSit.atlas; sourceTree = "<group>"; };
		C9A0E7BB24EC5E880063E177 /* BudRun.atlas */ = {isa = PBXFileReference; lastKnownFileType = folder.skatlas; path = BudRun.atlas; sourceTree = "<group>"; };
		C9A0E7BD24ECA9070063E177 /* SpaceRun.atlas */ = {isa = PBXFileReference; lastKnownFileType = folder.skatlas; path = SpaceRun.atlas; sourceTree = "<group>"; };
		C9A0E7BE24ECA9070063E177 /* SpaceSit.atlas */ = {isa = PBXFileReference; lastKnownFileType = folder.skatlas; path = SpaceSit.atlas; sourceTree = "<group>"; };
		C9A9CA432671351100FF8199 /* Dog.swift */ = {isa = PBXFileReference; explicitFileType = sourcecode.swift; path = Dog.swift; sourceTree = "<group>"; };
		C9AF7B7A24D375A10030D5A9 /* Fetch - Remastered.app */ = {isa = PBXFileReference; explicitFileType = wrapper.application; includeInIndex = 0; path = "Fetch - Remastered.app"; sourceTree = BUILT_PRODUCTS_DIR; };
		C9AF7B7D24D375A10030D5A9 /* AppDelegate.swift */ = {isa = PBXFileReference; lastKnownFileType = sourcecode.swift; path = AppDelegate.swift; sourceTree = "<group>"; };
		C9AF7B8324D375A10030D5A9 /* GameScene.swift */ = {isa = PBXFileReference; lastKnownFileType = sourcecode.swift; path = GameScene.swift; sourceTree = "<group>"; };
		C9AF7B8524D375A10030D5A9 /* GameViewController.swift */ = {isa = PBXFileReference; lastKnownFileType = sourcecode.swift; path = GameViewController.swift; sourceTree = "<group>"; };
		C9AF7B8A24D375A20030D5A9 /* Assets.xcassets */ = {isa = PBXFileReference; lastKnownFileType = folder.assetcatalog; path = Assets.xcassets; sourceTree = "<group>"; };
		C9AF7B8D24D375A20030D5A9 /* Base */ = {isa = PBXFileReference; lastKnownFileType = file.storyboard; name = Base; path = Base.lproj/LaunchScreen.storyboard; sourceTree = "<group>"; };
		C9AF7B8F24D375A20030D5A9 /* Info.plist */ = {isa = PBXFileReference; lastKnownFileType = text.plist.xml; path = Info.plist; sourceTree = "<group>"; };
		C9AF7B9824D392670030D5A9 /* Base */ = {isa = PBXFileReference; lastKnownFileType = file.storyboard; name = Base; path = Base.lproj/Main.storyboard; sourceTree = "<group>"; };
		C9AF7B9A24D392CD0030D5A9 /* PixelEmulator-xq08.ttf */ = {isa = PBXFileReference; lastKnownFileType = file; path = "PixelEmulator-xq08.ttf"; sourceTree = "<group>"; };
		C9B73FAA24DDF230000BE716 /* Orange.atlas */ = {isa = PBXFileReference; lastKnownFileType = folder.skatlas; path = Orange.atlas; sourceTree = "<group>"; };
		C9B73FAC24DE0BB8000BE716 /* Apple.atlas */ = {isa = PBXFileReference; lastKnownFileType = folder.skatlas; path = Apple.atlas; sourceTree = "<group>"; };
		C9B73FAE24DE2AB4000BE716 /* Lemon.atlas */ = {isa = PBXFileReference; lastKnownFileType = folder.skatlas; path = Lemon.atlas; sourceTree = "<group>"; };
		C9BCEB18267318F6002DF882 /* CameraObject.swift */ = {isa = PBXFileReference; lastKnownFileType = sourcecode.swift; path = CameraObject.swift; sourceTree = "<group>"; };
		C9BDD8CB24DA02C100D9E516 /* Rubber.atlas */ = {isa = PBXFileReference; lastKnownFileType = folder.skatlas; path = Rubber.atlas; sourceTree = "<group>"; };
		C9CA3C3224E1CB6A003027CD /* Saturn.atlas */ = {isa = PBXFileReference; lastKnownFileType = folder.skatlas; path = Saturn.atlas; sourceTree = "<group>"; };
		C9CA3C3424E1FFE7003027CD /* Moon.atlas */ = {isa = PBXFileReference; lastKnownFileType = folder.skatlas; path = Moon.atlas; sourceTree = "<group>"; };
		C9CAC15424DEF66100C9E543 /* Beach.atlas */ = {isa = PBXFileReference; lastKnownFileType = folder.skatlas; path = Beach.atlas; sourceTree = "<group>"; };
		C9CAC15624DF71E200C9E543 /* Death.atlas */ = {isa = PBXFileReference; lastKnownFileType = folder.skatlas; path = Death.atlas; sourceTree = "<group>"; };
		C9D9A46924DAEA65001784ED /* Foot.atlas */ = {isa = PBXFileReference; lastKnownFileType = folder.skatlas; path = Foot.atlas; sourceTree = "<group>"; };
		C9D9A46B24DAFFBA001784ED /* Base.atlas */ = {isa = PBXFileReference; lastKnownFileType = folder.skatlas; path = Base.atlas; sourceTree = "<group>"; };
		C9D9A46D24DB7AFB001784ED /* Basket.atlas */ = {isa = PBXFileReference; lastKnownFileType = folder.skatlas; path = Basket.atlas; sourceTree = "<group>"; };
		C9D9A46F24DB8E39001784ED /* clouds.sks */ = {isa = PBXFileReference; lastKnownFileType = file.sks; path = clouds.sks; sourceTree = "<group>"; };
		C9D9A47024DB8E39001784ED /* Assets.xcassets */ = {isa = PBXFileReference; lastKnownFileType = folder.assetcatalog; path = Assets.xcassets; sourceTree = "<group>"; };
		C9E98DB524FFE7380081FE9C /* File.swift */ = {isa = PBXFileReference; lastKnownFileType = sourcecode.swift; path = File.swift; sourceTree = "<group>"; };
		C9FD364724FE945B00409963 /* Fire.sks */ = {isa = PBXFileReference; lastKnownFileType = file.sks; path = Fire.sks; sourceTree = "<group>"; };
		C9FD364924FE954000409963 /* Smoke.sks */ = {isa = PBXFileReference; lastKnownFileType = file.sks; path = Smoke.sks; sourceTree = "<group>"; };
		C9FD364B24FE9FB600409963 /* Snow.sks */ = {isa = PBXFileReference; lastKnownFileType = file.sks; path = Snow.sks; sourceTree = "<group>"; };
		C9FD364D24FEA3ED00409963 /* Rain.sks */ = {isa = PBXFileReference; lastKnownFileType = file.sks; path = Rain.sks; sourceTree = "<group>"; };
		C9FF4E6B24EB14FC00E43A3F /* HoundSit.atlas */ = {isa = PBXFileReference; lastKnownFileType = folder.skatlas; path = HoundSit.atlas; sourceTree = "<group>"; };
		C9FF4E7924EB188400E43A3F /* HoundRun.atlas */ = {isa = PBXFileReference; lastKnownFileType = folder.skatlas; path = HoundRun.atlas; sourceTree = "<group>"; };
		CF2ECECC7528590D8C35F81A /* Pods_Fetch___Remastered_Stickers.framework */ = {isa = PBXFileReference; explicitFileType = wrapper.framework; includeInIndex = 0; path = "Pods_Fetch___Remastered_Stickers.framework"; sourceTree = BUILT_PRODUCTS_DIR; };
		F32032213D10C29FFEE270AB /* Pods-Fetch - Remastered.debug.xcconfig */ = {isa = PBXFileReference; includeInIndex = 1; lastKnownFileType = text.xcconfig; name = "Pods-Fetch - Remastered.debug.xcconfig"; path = "Target Support Files/Pods-Fetch - Remastered/Pods-Fetch - Remastered.debug.xcconfig"; sourceTree = "<group>"; };
/* End PBXFileReference section */

/* Begin PBXFrameworksBuildPhase section */
		C9AF7B7724D375A10030D5A9 /* Frameworks */ = {
			isa = PBXFrameworksBuildPhase;
			buildActionMask = 2147483647;
			files = (
				C98F212924D4C62700D709F9 /* StoreKit.framework in Frameworks */,
				41CC8F7976D19EAE759EA3FA /* Pods_Fetch___Remastered.framework in Frameworks */,
			);
			runOnlyForDeploymentPostprocessing = 0;
		};
		CCA81482816D666CFE0D1996 /* Frameworks */ = {
			isa = PBXFrameworksBuildPhase;
			buildActionMask = 2147483647;
			files = (
				E03F9075C1729E9D9F5F2CD1 /* Pods_Fetch___Remastered_Stickers.framework in Frameworks */,
			);
			runOnlyForDeploymentPostprocessing = 0;
		};
/* End PBXFrameworksBuildPhase section */

/* Begin PBXGroup section */
		9EEFAA530CB7594466B22AB2 /* Pods */ = {
			isa = PBXGroup;
			children = (
				F32032213D10C29FFEE270AB /* Pods-Fetch - Remastered.debug.xcconfig */,
				76F129A63FD81F5274790A73 /* Pods-Fetch - Remastered.release.xcconfig */,
				7F39160D1199E40C84AB5A8B /* Pods-Fetch - Remastered Stickers.debug.xcconfig */,
				1537978B994E633AB3040499 /* Pods-Fetch - Remastered Stickers.release.xcconfig */,
			);
			path = Pods;
			sourceTree = "<group>";
		};
		C9042C1424E5712700783805 /* Music and Sounds */ = {
			isa = PBXGroup;
			children = (
				C9042C0E24E5712200783805 /* gold1.wav */,
				C9042C0F24E5712200783805 /* gold2.mp3 */,
				C9042C1024E5712200783805 /* wind.wav */,
				C9042C1524E5EC3700783805 /* beep.mp3 */,
			);
			path = "Music and Sounds";
			sourceTree = "<group>";
		};
		C92C43A924D79813003EF9CC /* Drawings */ = {
			isa = PBXGroup;
			children = (
				C92C43A824D79810003EF9CC /* Fetch-Remastered.kra */,
				C96D405024E837C200E6D621 /* Dog Atlases */,
				C96A53C724D65B7A00F9597E /* Ball Atlases */,
			);
			path = Drawings;
			sourceTree = "<group>";
		};
		C96A53C724D65B7A00F9597E /* Ball Atlases */ = {
			isa = PBXGroup;
			children = (
				C98C31E324E42BEC00217317 /* Rubix.atlas */,
				C98B0DBE24E355D2004E1C81 /* Air.atlas */,
				C9CA3C3424E1FFE7003027CD /* Moon.atlas */,
				C9CA3C3224E1CB6A003027CD /* Saturn.atlas */,
				C90E938F24E1A3FC00B72742 /* Clock.atlas */,
				C960164824E0CAB9000AFCE9 /* Spike.atlas */,
				C960164624E0A88B000AFCE9 /* Puffer.atlas */,
				C9CAC15624DF71E200C9E543 /* Death.atlas */,
				C9CAC15424DEF66100C9E543 /* Beach.atlas */,
				C9B73FAE24DE2AB4000BE716 /* Lemon.atlas */,
				C9B73FAC24DE0BB8000BE716 /* Apple.atlas */,
				C9B73FAA24DDF230000BE716 /* Orange.atlas */,
				C9670B7324DC36C200BD5F7B /* Earth.atlas */,
				C9670B6D24DC35A000BD5F7B /* Disk.atlas */,
				C9D9A46D24DB7AFB001784ED /* Basket.atlas */,
				C9D9A46B24DAFFBA001784ED /* Base.atlas */,
				C9D9A46924DAEA65001784ED /* Foot.atlas */,
				C90A513524DA4A730063A10D /* Disco.atlas */,
				C9BDD8CB24DA02C100D9E516 /* Rubber.atlas */,
				C96A53C824D65B7A00F9597E /* Tennis.atlas */,
			);
			path = "Ball Atlases";
			sourceTree = "<group>";
		};
		C96D405024E837C200E6D621 /* Dog Atlases */ = {
			isa = PBXGroup;
			children = (
				C9A0E7BD24ECA9070063E177 /* SpaceRun.atlas */,
				C9A0E7BE24ECA9070063E177 /* SpaceSit.atlas */,
				C9A0E7BB24EC5E880063E177 /* BudRun.atlas */,
				C9A0E7B724EC5D830063E177 /* BudSit.atlas */,
				C9A0E7B324EC313B0063E177 /* BotRun.atlas */,
				C9A0E7B424EC313B0063E177 /* BotSit.atlas */,
				C9191CCC24EB5EFE004E0EE3 /* FoxSit.atlas */,
				C9191CCA24EB5E88004E0EE3 /* FoxRun.atlas */,
				C9FF4E7924EB188400E43A3F /* HoundRun.atlas */,
				C9FF4E6B24EB14FC00E43A3F /* HoundSit.atlas */,
				C99C267224E9E824007775D0 /* DalRun.atlas */,
				C99C267124E9E824007775D0 /* DalSit.atlas */,
				C99C266D24E9C812007775D0 /* BlackRun.atlas */,
				C99C266E24E9C812007775D0 /* BlackSit.atlas */,
				C96D405E24E87A4C00E6D621 /* PoodleRun.atlas */,
				C96D405F24E87A4C00E6D621 /* PoodleSit.atlas */,
				C96D405C24E83AF900E6D621 /* BullSit.atlas */,
				C96D405824E8393800E6D621 /* BullRun.atlas */,
				C96D405624E8385900E6D621 /* MickeySit.atlas */,
				C96D405224E8383300E6D621 /* MickeyRun.atlas */,
			);
			path = "Dog Atlases";
			sourceTree = "<group>";
		};
		C98C31D724E40FD200217317 /* Fetch - Remastered Stickers */ = {
			isa = PBXGroup;
			children = (
				C98C31D824E40FD500217317 /* Stickers.xcassets */,
				C98C31DA24E40FD500217317 /* Info.plist */,
			);
			path = "Fetch - Remastered Stickers";
			sourceTree = "<group>";
		};
		C98F212624D4548000D709F9 /* View Controllers */ = {
			isa = PBXGroup;
			children = (
				C9AF7B8524D375A10030D5A9 /* GameViewController.swift */,
				C98F212024D4545200D709F9 /* GameModifiersViewController.swift */,
				C94CC55B24D9DADF00C0274C /* GameModifiersExtension.swift */,
				C98F212224D4546400D709F9 /* ProfileViewController.swift */,
				C98F212424D4546E00D709F9 /* GoldViewController.swift */,
				C9670B7524DC4ACA00BD5F7B /* SettingsViewController.swift */,
			);
			path = "View Controllers";
			sourceTree = "<group>";
		};
		C98F212724D4C62700D709F9 /* Frameworks */ = {
			isa = PBXGroup;
			children = (
				C99B9BCB2675B68300B79947 /* GoogleMobileAds.xcframework */,
				C98F212824D4C62700D709F9 /* StoreKit.framework */,
				24B2C114BEC5BA9CD572FD77 /* Pods_Fetch___Remastered.framework */,
				CF2ECECC7528590D8C35F81A /* Pods_Fetch___Remastered_Stickers.framework */,
			);
			name = Frameworks;
			sourceTree = "<group>";
		};
		C9AF7B7124D375A10030D5A9 = {
			isa = PBXGroup;
			children = (
				C9042C1424E5712700783805 /* Music and Sounds */,
				C9D9A47324DB8E44001784ED /* Particles */,
				C92C43A924D79813003EF9CC /* Drawings */,
				C9AF7B7C24D375A10030D5A9 /* Fetch - Remastered */,
				C98C31D724E40FD200217317 /* Fetch - Remastered Stickers */,
				C9AF7B7B24D375A10030D5A9 /* Products */,
				C9AF7B9B24D392D50030D5A9 /* fonts */,
				C98F212724D4C62700D709F9 /* Frameworks */,
				9EEFAA530CB7594466B22AB2 /* Pods */,
			);
			sourceTree = "<group>";
		};
		C9AF7B7B24D375A10030D5A9 /* Products */ = {
			isa = PBXGroup;
			children = (
				C9AF7B7A24D375A10030D5A9 /* Fetch - Remastered.app */,
				C98C31D624E40FD200217317 /* Fetch - Remastered Stickers.appex */,
			);
			name = Products;
			sourceTree = "<group>";
		};
		C9AF7B7C24D375A10030D5A9 /* Fetch - Remastered */ = {
			isa = PBXGroup;
			children = (
				C9E98DB524FFE7380081FE9C /* File.swift */,
				C9AF7B7D24D375A10030D5A9 /* AppDelegate.swift */,
				C9AF7B8324D375A10030D5A9 /* GameScene.swift */,
				C9BCEB18267318F6002DF882 /* CameraObject.swift */,
				C91D43792675556D00B166A8 /* Universals.swift */,
				C99B9BCD2675BB1800B79947 /* Flipping Label.swift */,
				C99B9BD32679780700B79947 /* Animation.swift */,
				C96F2CFA26692D60006F99AF /* UIOverlayController.swift */,
				C9A9CA432671351100FF8199 /* Dog.swift */,
				C98F212624D4548000D709F9 /* View Controllers */,
				C9AF7B8A24D375A20030D5A9 /* Assets.xcassets */,
				C9AF7B9724D392670030D5A9 /* Main.storyboard */,
				C9AF7B8C24D375A20030D5A9 /* LaunchScreen.storyboard */,
				C9AF7B8F24D375A20030D5A9 /* Info.plist */,
			);
			path = "Fetch - Remastered";
			sourceTree = "<group>";
		};
		C9AF7B9B24D392D50030D5A9 /* fonts */ = {
			isa = PBXGroup;
			children = (
				C9AF7B9A24D392CD0030D5A9 /* PixelEmulator-xq08.ttf */,
				C99B9BD12676781500B79947 /* Fetch_remasteredFont-Regular.ttf */,
			);
			path = fonts;
			sourceTree = "<group>";
		};
		C9D9A47324DB8E44001784ED /* Particles */ = {
			isa = PBXGroup;
			children = (
				C9D9A46F24DB8E39001784ED /* clouds.sks */,
				C9D9A47024DB8E39001784ED /* Assets.xcassets */,
				C953C00B24DCDE9E0011F5F8 /* goldCoins.sks */,
				C9FD364724FE945B00409963 /* Fire.sks */,
				C9FD364924FE954000409963 /* Smoke.sks */,
				C9FD364B24FE9FB600409963 /* Snow.sks */,
				C9FD364D24FEA3ED00409963 /* Rain.sks */,
			);
			path = Particles;
			sourceTree = "<group>";
		};
/* End PBXGroup section */

/* Begin PBXNativeTarget section */
		C98C31D524E40FD200217317 /* Fetch - Remastered Stickers */ = {
			isa = PBXNativeTarget;
			buildConfigurationList = C98C31E024E40FD500217317 /* Build configuration list for PBXNativeTarget "Fetch - Remastered Stickers" */;
			buildPhases = (
				756F432E49413E73B29D3F21 /* [CP] Check Pods Manifest.lock */,
				C98C31D424E40FD200217317 /* Resources */,
				CCA81482816D666CFE0D1996 /* Frameworks */,
			);
			buildRules = (
			);
			dependencies = (
			);
			name = "Fetch - Remastered Stickers";
			productName = "Fetch - Remastered Stickers";
			productReference = C98C31D624E40FD200217317 /* Fetch - Remastered Stickers.appex */;
			productType = "com.apple.product-type.app-extension.messages-sticker-pack";
		};
		C9AF7B7924D375A10030D5A9 /* Fetch - Remastered */ = {
			isa = PBXNativeTarget;
			buildConfigurationList = C9AF7B9224D375A20030D5A9 /* Build configuration list for PBXNativeTarget "Fetch - Remastered" */;
			buildPhases = (
				B4BA9275BC23A8B6946C3211 /* [CP] Check Pods Manifest.lock */,
				C9AF7B7624D375A10030D5A9 /* Sources */,
				C9AF7B7724D375A10030D5A9 /* Frameworks */,
				C9AF7B7824D375A10030D5A9 /* Resources */,
				C9CAC16524DF7B2E00C9E543 /* Embed App Extensions */,
				AEBE618436D8388E5097F958 /* [CP] Embed Pods Frameworks */,
			);
			buildRules = (
			);
			dependencies = (
				C98C31DC24E40FD500217317 /* PBXTargetDependency */,
			);
			name = "Fetch - Remastered";
			productName = "Fetch - Remastered";
			productReference = C9AF7B7A24D375A10030D5A9 /* Fetch - Remastered.app */;
			productType = "com.apple.product-type.application";
		};
/* End PBXNativeTarget section */

/* Begin PBXProject section */
		C9AF7B7224D375A10030D5A9 /* Project object */ = {
			isa = PBXProject;
			attributes = {
				LastSwiftUpdateCheck = 1160;
				LastUpgradeCheck = 1250;
				ORGANIZATIONNAME = "Brian Masse";
				TargetAttributes = {
					C98C31D524E40FD200217317 = {
						CreatedOnToolsVersion = 11.6;
					};
					C9AF7B7924D375A10030D5A9 = {
						CreatedOnToolsVersion = 11.6;
					};
				};
			};
			buildConfigurationList = C9AF7B7524D375A10030D5A9 /* Build configuration list for PBXProject "Fetch - Remastered" */;
			compatibilityVersion = "Xcode 9.3";
			developmentRegion = en;
			hasScannedForEncodings = 0;
			knownRegions = (
				en,
				Base,
			);
			mainGroup = C9AF7B7124D375A10030D5A9;
			productRefGroup = C9AF7B7B24D375A10030D5A9 /* Products */;
			projectDirPath = "";
			projectRoot = "";
			targets = (
				C9AF7B7924D375A10030D5A9 /* Fetch - Remastered */,
				C98C31D524E40FD200217317 /* Fetch - Remastered Stickers */,
			);
		};
/* End PBXProject section */

/* Begin PBXResourcesBuildPhase section */
		C98C31D424E40FD200217317 /* Resources */ = {
			isa = PBXResourcesBuildPhase;
			buildActionMask = 2147483647;
			files = (
				C98C31D924E40FD500217317 /* Stickers.xcassets in Resources */,
			);
			runOnlyForDeploymentPostprocessing = 0;
		};
		C9AF7B7824D375A10030D5A9 /* Resources */ = {
			isa = PBXResourcesBuildPhase;
			buildActionMask = 2147483647;
			files = (
				C9A0E7B624EC313B0063E177 /* BotSit.atlas in Resources */,
				C99C267324E9E824007775D0 /* DalSit.atlas in Resources */,
				C9042C1124E5712200783805 /* gold1.wav in Resources */,
				C99C266F24E9C812007775D0 /* BlackRun.atlas in Resources */,
				C9B73FAD24DE0BB9000BE716 /* Apple.atlas in Resources */,
				C9042C1624E5EC3800783805 /* beep.mp3 in Resources */,
				C90A513624DA4A730063A10D /* Disco.atlas in Resources */,
				C9D9A46C24DAFFBA001784ED /* Base.atlas in Resources */,
				C9FD364A24FE954000409963 /* Smoke.sks in Resources */,
				C9A0E7C024ECA9070063E177 /* SpaceSit.atlas in Resources */,
				C9191CCB24EB5E88004E0EE3 /* FoxRun.atlas in Resources */,
				C9670B7424DC36C200BD5F7B /* Earth.atlas in Resources */,
				C9FF4E7A24EB188400E43A3F /* HoundRun.atlas in Resources */,
				C9D9A47124DB8E39001784ED /* clouds.sks in Resources */,
				C9AF7B9924D392670030D5A9 /* Main.storyboard in Resources */,
				C960164724E0A88B000AFCE9 /* Puffer.atlas in Resources */,
				C96D405324E8383300E6D621 /* MickeyRun.atlas in Resources */,
				C9D9A47224DB8E39001784ED /* Assets.xcassets in Resources */,
				C9BDD8CC24DA02C100D9E516 /* Rubber.atlas in Resources */,
				C9CAC15524DEF66100C9E543 /* Beach.atlas in Resources */,
				C90E939024E1A3FC00B72742 /* Clock.atlas in Resources */,
				C960164924E0CABA000AFCE9 /* Spike.atlas in Resources */,
				C96D405D24E83AF900E6D621 /* BullSit.atlas in Resources */,
				C98B0DBF24E355D2004E1C81 /* Air.atlas in Resources */,
				C9FF4E6D24EB14FC00E43A3F /* HoundSit.atlas in Resources */,
				C9B73FAF24DE2AB4000BE716 /* Lemon.atlas in Resources */,
				C99C267024E9C812007775D0 /* BlackSit.atlas in Resources */,
				C9D9A46E24DB7AFB001784ED /* Basket.atlas in Resources */,
				C99C267424E9E824007775D0 /* DalRun.atlas in Resources */,
				C9670B6E24DC35A000BD5F7B /* Disk.atlas in Resources */,
				C96D406124E87A4D00E6D621 /* PoodleSit.atlas in Resources */,
				C9AF7B8B24D375A20030D5A9 /* Assets.xcassets in Resources */,
				C96D405924E8393800E6D621 /* BullRun.atlas in Resources */,
				C96D406024E87A4D00E6D621 /* PoodleRun.atlas in Resources */,
				C9A0E7BF24ECA9070063E177 /* SpaceRun.atlas in Resources */,
				C9B73FAB24DDF230000BE716 /* Orange.atlas in Resources */,
				C9FD364C24FE9FB600409963 /* Snow.sks in Resources */,
				C9042C1224E5712200783805 /* gold2.mp3 in Resources */,
				C96A53C924D65B7A00F9597E /* Tennis.atlas in Resources */,
				C9FD364E24FEA3ED00409963 /* Rain.sks in Resources */,
				C9042C1324E5712200783805 /* wind.wav in Resources */,
				C98C31E424E42BEC00217317 /* Rubix.atlas in Resources */,
				C9CA3C3324E1CB6A003027CD /* Saturn.atlas in Resources */,
				C9CA3C3524E1FFE7003027CD /* Moon.atlas in Resources */,
				C9D9A46A24DAEA65001784ED /* Foot.atlas in Resources */,
				C9AF7B9C24D3939A0030D5A9 /* PixelEmulator-xq08.ttf in Resources */,
				C9FD364824FE945B00409963 /* Fire.sks in Resources */,
				C9A0E7BC24EC5E880063E177 /* BudRun.atlas in Resources */,
				C9191CCD24EB5EFE004E0EE3 /* FoxSit.atlas in Resources */,
				C9A0E7B924EC5D830063E177 /* BudSit.atlas in Resources */,
				C96D405724E8385900E6D621 /* MickeySit.atlas in Resources */,
				C9AF7B8E24D375A20030D5A9 /* LaunchScreen.storyboard in Resources */,
				C9A0E7B524EC313B0063E177 /* BotRun.atlas in Resources */,
				C9CAC15724DF71E300C9E543 /* Death.atlas in Resources */,
				C99B9BD226767AA600B79947 /* Fetch_remasteredFont-Regular.ttf in Resources */,
				C953C00C24DCDE9E0011F5F8 /* goldCoins.sks in Resources */,
			);
			runOnlyForDeploymentPostprocessing = 0;
		};
/* End PBXResourcesBuildPhase section */

/* Begin PBXShellScriptBuildPhase section */
		756F432E49413E73B29D3F21 /* [CP] Check Pods Manifest.lock */ = {
			isa = PBXShellScriptBuildPhase;
			buildActionMask = 2147483647;
			files = (
			);
			inputFileListPaths = (
			);
			inputPaths = (
				"${PODS_PODFILE_DIR_PATH}/Podfile.lock",
				"${PODS_ROOT}/Manifest.lock",
			);
			name = "[CP] Check Pods Manifest.lock";
			outputFileListPaths = (
			);
			outputPaths = (
				"$(DERIVED_FILE_DIR)/Pods-Fetch - Remastered Stickers-checkManifestLockResult.txt",
			);
			runOnlyForDeploymentPostprocessing = 0;
			shellPath = /bin/sh;
			shellScript = "diff \"${PODS_PODFILE_DIR_PATH}/Podfile.lock\" \"${PODS_ROOT}/Manifest.lock\" > /dev/null\nif [ $? != 0 ] ; then\n    # print error to STDERR\n    echo \"error: The sandbox is not in sync with the Podfile.lock. Run 'pod install' or update your CocoaPods installation.\" >&2\n    exit 1\nfi\n# This output is used by Xcode 'outputs' to avoid re-running this script phase.\necho \"SUCCESS\" > \"${SCRIPT_OUTPUT_FILE_0}\"\n";
			showEnvVarsInLog = 0;
		};
		AEBE618436D8388E5097F958 /* [CP] Embed Pods Frameworks */ = {
			isa = PBXShellScriptBuildPhase;
			buildActionMask = 2147483647;
			files = (
			);
			inputFileListPaths = (
				"${PODS_ROOT}/Target Support Files/Pods-Fetch - Remastered/Pods-Fetch - Remastered-frameworks-${CONFIGURATION}-input-files.xcfilelist",
			);
			name = "[CP] Embed Pods Frameworks";
			outputFileListPaths = (
				"${PODS_ROOT}/Target Support Files/Pods-Fetch - Remastered/Pods-Fetch - Remastered-frameworks-${CONFIGURATION}-output-files.xcfilelist",
			);
			runOnlyForDeploymentPostprocessing = 0;
			shellPath = /bin/sh;
			shellScript = "\"${PODS_ROOT}/Target Support Files/Pods-Fetch - Remastered/Pods-Fetch - Remastered-frameworks.sh\"\n";
			showEnvVarsInLog = 0;
		};
		B4BA9275BC23A8B6946C3211 /* [CP] Check Pods Manifest.lock */ = {
			isa = PBXShellScriptBuildPhase;
			buildActionMask = 2147483647;
			files = (
			);
			inputFileListPaths = (
			);
			inputPaths = (
				"${PODS_PODFILE_DIR_PATH}/Podfile.lock",
				"${PODS_ROOT}/Manifest.lock",
			);
			name = "[CP] Check Pods Manifest.lock";
			outputFileListPaths = (
			);
			outputPaths = (
				"$(DERIVED_FILE_DIR)/Pods-Fetch - Remastered-checkManifestLockResult.txt",
			);
			runOnlyForDeploymentPostprocessing = 0;
			shellPath = /bin/sh;
			shellScript = "diff \"${PODS_PODFILE_DIR_PATH}/Podfile.lock\" \"${PODS_ROOT}/Manifest.lock\" > /dev/null\nif [ $? != 0 ] ; then\n    # print error to STDERR\n    echo \"error: The sandbox is not in sync with the Podfile.lock. Run 'pod install' or update your CocoaPods installation.\" >&2\n    exit 1\nfi\n# This output is used by Xcode 'outputs' to avoid re-running this script phase.\necho \"SUCCESS\" > \"${SCRIPT_OUTPUT_FILE_0}\"\n";
			showEnvVarsInLog = 0;
		};
/* End PBXShellScriptBuildPhase section */

/* Begin PBXSourcesBuildPhase section */
		C9AF7B7624D375A10030D5A9 /* Sources */ = {
			isa = PBXSourcesBuildPhase;
			buildActionMask = 2147483647;
			files = (
				C9AF7B8424D375A10030D5A9 /* GameScene.swift in Sources */,
				C9A9CA442671351100FF8199 /* Dog.swift in Sources */,
				C99B9BCE2675BB1800B79947 /* Flipping Label.swift in Sources */,
				C94CC55C24D9DADF00C0274C /* GameModifiersExtension.swift in Sources */,
				C96F2CFB26692D60006F99AF /* UIOverlayController.swift in Sources */,
				C98F212124D4545200D709F9 /* GameModifiersViewController.swift in Sources */,
				C98F212324D4546400D709F9 /* ProfileViewController.swift in Sources */,
				C9AF7B8624D375A10030D5A9 /* GameViewController.swift in Sources */,
				C9AF7B7E24D375A10030D5A9 /* AppDelegate.swift in Sources */,
				C98F212524D4546E00D709F9 /* GoldViewController.swift in Sources */,
				C9BCEB19267318F7002DF882 /* CameraObject.swift in Sources */,
				C91D437A2675556D00B166A8 /* Universals.swift in Sources */,
				C9E98DB624FFE7380081FE9C /* File.swift in Sources */,
				C99B9BD42679780800B79947 /* Animation.swift in Sources */,
				C9670B7624DC4ACA00BD5F7B /* SettingsViewController.swift in Sources */,
			);
			runOnlyForDeploymentPostprocessing = 0;
		};
/* End PBXSourcesBuildPhase section */

/* Begin PBXTargetDependency section */
		C98C31DC24E40FD500217317 /* PBXTargetDependency */ = {
			isa = PBXTargetDependency;
			target = C98C31D524E40FD200217317 /* Fetch - Remastered Stickers */;
			targetProxy = C98C31DB24E40FD500217317 /* PBXContainerItemProxy */;
		};
/* End PBXTargetDependency section */

/* Begin PBXVariantGroup section */
		C9AF7B8C24D375A20030D5A9 /* LaunchScreen.storyboard */ = {
			isa = PBXVariantGroup;
			children = (
				C9AF7B8D24D375A20030D5A9 /* Base */,
			);
			name = LaunchScreen.storyboard;
			sourceTree = "<group>";
		};
		C9AF7B9724D392670030D5A9 /* Main.storyboard */ = {
			isa = PBXVariantGroup;
			children = (
				C9AF7B9824D392670030D5A9 /* Base */,
			);
			name = Main.storyboard;
			sourceTree = "<group>";
		};
/* End PBXVariantGroup section */

/* Begin XCBuildConfiguration section */
		C98C31DE24E40FD500217317 /* Debug */ = {
			isa = XCBuildConfiguration;
			baseConfigurationReference = 7F39160D1199E40C84AB5A8B /* Pods-Fetch - Remastered Stickers.debug.xcconfig */;
			buildSettings = {
				ASSETCATALOG_COMPILER_APPICON_NAME = "iMessage App Icon";
				CODE_SIGN_IDENTITY = "Apple Development";
				CODE_SIGN_STYLE = Automatic;
				CURRENT_PROJECT_VERSION = 1.8;
				DEVELOPMENT_TEAM = LN4JU8GNV7;
				INFOPLIST_FILE = "Fetch - Remastered Stickers/Info.plist";
				IPHONEOS_DEPLOYMENT_TARGET = 12.0;
				MARKETING_VERSION = 1.1;
				PRODUCT_BUNDLE_IDENTIFIER = "Brian-Masse.Fetch---Remastered.Fetch---Remastered-Stickers";
				PRODUCT_NAME = "$(TARGET_NAME)";
				SKIP_INSTALL = YES;
				TARGETED_DEVICE_FAMILY = 1;
			};
			name = Debug;
		};
		C98C31DF24E40FD500217317 /* Release */ = {
			isa = XCBuildConfiguration;
			baseConfigurationReference = 1537978B994E633AB3040499 /* Pods-Fetch - Remastered Stickers.release.xcconfig */;
			buildSettings = {
				ASSETCATALOG_COMPILER_APPICON_NAME = "iMessage App Icon";
				CODE_SIGN_IDENTITY = "Apple Development";
				CODE_SIGN_STYLE = Automatic;
				CURRENT_PROJECT_VERSION = 1.8;
				DEVELOPMENT_TEAM = LN4JU8GNV7;
				INFOPLIST_FILE = "Fetch - Remastered Stickers/Info.plist";
				IPHONEOS_DEPLOYMENT_TARGET = 12.0;
				MARKETING_VERSION = 1.1;
				PRODUCT_BUNDLE_IDENTIFIER = "Brian-Masse.Fetch---Remastered.Fetch---Remastered-Stickers";
				PRODUCT_NAME = "$(TARGET_NAME)";
				SKIP_INSTALL = YES;
				TARGETED_DEVICE_FAMILY = 1;
			};
			name = Release;
		};
		C9AF7B9024D375A20030D5A9 /* Debug */ = {
			isa = XCBuildConfiguration;
			buildSettings = {
				ALWAYS_SEARCH_USER_PATHS = NO;
				CLANG_ANALYZER_NONNULL = YES;
				CLANG_ANALYZER_NUMBER_OBJECT_CONVERSION = YES_AGGRESSIVE;
				CLANG_CXX_LANGUAGE_STANDARD = "gnu++14";
				CLANG_CXX_LIBRARY = "libc++";
				CLANG_ENABLE_MODULES = YES;
				CLANG_ENABLE_OBJC_ARC = YES;
				CLANG_ENABLE_OBJC_WEAK = YES;
				CLANG_WARN_BLOCK_CAPTURE_AUTORELEASING = YES;
				CLANG_WARN_BOOL_CONVERSION = YES;
				CLANG_WARN_COMMA = YES;
				CLANG_WARN_CONSTANT_CONVERSION = YES;
				CLANG_WARN_DEPRECATED_OBJC_IMPLEMENTATIONS = YES;
				CLANG_WARN_DIRECT_OBJC_ISA_USAGE = YES_ERROR;
				CLANG_WARN_DOCUMENTATION_COMMENTS = YES;
				CLANG_WARN_EMPTY_BODY = YES;
				CLANG_WARN_ENUM_CONVERSION = YES;
				CLANG_WARN_INFINITE_RECURSION = YES;
				CLANG_WARN_INT_CONVERSION = YES;
				CLANG_WARN_NON_LITERAL_NULL_CONVERSION = YES;
				CLANG_WARN_OBJC_IMPLICIT_RETAIN_SELF = YES;
				CLANG_WARN_OBJC_LITERAL_CONVERSION = YES;
				CLANG_WARN_OBJC_ROOT_CLASS = YES_ERROR;
				CLANG_WARN_QUOTED_INCLUDE_IN_FRAMEWORK_HEADER = YES;
				CLANG_WARN_RANGE_LOOP_ANALYSIS = YES;
				CLANG_WARN_STRICT_PROTOTYPES = YES;
				CLANG_WARN_SUSPICIOUS_MOVE = YES;
				CLANG_WARN_UNGUARDED_AVAILABILITY = YES_AGGRESSIVE;
				CLANG_WARN_UNREACHABLE_CODE = YES;
				CLANG_WARN__DUPLICATE_METHOD_MATCH = YES;
				COPY_PHASE_STRIP = NO;
				DEBUG_INFORMATION_FORMAT = dwarf;
				ENABLE_STRICT_OBJC_MSGSEND = YES;
				ENABLE_TESTABILITY = YES;
				GCC_C_LANGUAGE_STANDARD = gnu11;
				GCC_DYNAMIC_NO_PIC = NO;
				GCC_NO_COMMON_BLOCKS = YES;
				GCC_OPTIMIZATION_LEVEL = 0;
				GCC_PREPROCESSOR_DEFINITIONS = (
					"DEBUG=1",
					"$(inherited)",
				);
				GCC_WARN_64_TO_32_BIT_CONVERSION = YES;
				GCC_WARN_ABOUT_RETURN_TYPE = YES_ERROR;
				GCC_WARN_UNDECLARED_SELECTOR = YES;
				GCC_WARN_UNINITIALIZED_AUTOS = YES_AGGRESSIVE;
				GCC_WARN_UNUSED_FUNCTION = YES;
				GCC_WARN_UNUSED_VARIABLE = YES;
				IPHONEOS_DEPLOYMENT_TARGET = 13.6;
				MTL_ENABLE_DEBUG_INFO = INCLUDE_SOURCE;
				MTL_FAST_MATH = YES;
				ONLY_ACTIVE_ARCH = YES;
				SDKROOT = iphoneos;
				SWIFT_ACTIVE_COMPILATION_CONDITIONS = DEBUG;
				SWIFT_OPTIMIZATION_LEVEL = "-Onone";
			};
			name = Debug;
		};
		C9AF7B9124D375A20030D5A9 /* Release */ = {
			isa = XCBuildConfiguration;
			buildSettings = {
				ALWAYS_SEARCH_USER_PATHS = NO;
				CLANG_ANALYZER_NONNULL = YES;
				CLANG_ANALYZER_NUMBER_OBJECT_CONVERSION = YES_AGGRESSIVE;
				CLANG_CXX_LANGUAGE_STANDARD = "gnu++14";
				CLANG_CXX_LIBRARY = "libc++";
				CLANG_ENABLE_MODULES = YES;
				CLANG_ENABLE_OBJC_ARC = YES;
				CLANG_ENABLE_OBJC_WEAK = YES;
				CLANG_WARN_BLOCK_CAPTURE_AUTORELEASING = YES;
				CLANG_WARN_BOOL_CONVERSION = YES;
				CLANG_WARN_COMMA = YES;
				CLANG_WARN_CONSTANT_CONVERSION = YES;
				CLANG_WARN_DEPRECATED_OBJC_IMPLEMENTATIONS = YES;
				CLANG_WARN_DIRECT_OBJC_ISA_USAGE = YES_ERROR;
				CLANG_WARN_DOCUMENTATION_COMMENTS = YES;
				CLANG_WARN_EMPTY_BODY = YES;
				CLANG_WARN_ENUM_CONVERSION = YES;
				CLANG_WARN_INFINITE_RECURSION = YES;
				CLANG_WARN_INT_CONVERSION = YES;
				CLANG_WARN_NON_LITERAL_NULL_CONVERSION = YES;
				CLANG_WARN_OBJC_IMPLICIT_RETAIN_SELF = YES;
				CLANG_WARN_OBJC_LITERAL_CONVERSION = YES;
				CLANG_WARN_OBJC_ROOT_CLASS = YES_ERROR;
				CLANG_WARN_QUOTED_INCLUDE_IN_FRAMEWORK_HEADER = YES;
				CLANG_WARN_RANGE_LOOP_ANALYSIS = YES;
				CLANG_WARN_STRICT_PROTOTYPES = YES;
				CLANG_WARN_SUSPICIOUS_MOVE = YES;
				CLANG_WARN_UNGUARDED_AVAILABILITY = YES_AGGRESSIVE;
				CLANG_WARN_UNREACHABLE_CODE = YES;
				CLANG_WARN__DUPLICATE_METHOD_MATCH = YES;
				COPY_PHASE_STRIP = NO;
				DEBUG_INFORMATION_FORMAT = "dwarf-with-dsym";
				ENABLE_NS_ASSERTIONS = NO;
				ENABLE_STRICT_OBJC_MSGSEND = YES;
				GCC_C_LANGUAGE_STANDARD = gnu11;
				GCC_NO_COMMON_BLOCKS = YES;
				GCC_WARN_64_TO_32_BIT_CONVERSION = YES;
				GCC_WARN_ABOUT_RETURN_TYPE = YES_ERROR;
				GCC_WARN_UNDECLARED_SELECTOR = YES;
				GCC_WARN_UNINITIALIZED_AUTOS = YES_AGGRESSIVE;
				GCC_WARN_UNUSED_FUNCTION = YES;
				GCC_WARN_UNUSED_VARIABLE = YES;
				IPHONEOS_DEPLOYMENT_TARGET = 13.6;
				MTL_ENABLE_DEBUG_INFO = NO;
				MTL_FAST_MATH = YES;
				SDKROOT = iphoneos;
				SWIFT_COMPILATION_MODE = wholemodule;
				SWIFT_OPTIMIZATION_LEVEL = "-O";
				VALIDATE_PRODUCT = YES;
			};
			name = Release;
		};
		C9AF7B9324D375A20030D5A9 /* Debug */ = {
			isa = XCBuildConfiguration;
			baseConfigurationReference = F32032213D10C29FFEE270AB /* Pods-Fetch - Remastered.debug.xcconfig */;
			buildSettings = {
				ASSETCATALOG_COMPILER_APPICON_NAME = AppIcon;
				CODE_SIGN_IDENTITY = "Apple Development";
				CODE_SIGN_STYLE = Automatic;
				CURRENT_PROJECT_VERSION = 1.8;
				DEVELOPMENT_TEAM = LN4JU8GNV7;
				INFOPLIST_FILE = "Fetch - Remastered/Info.plist";
				IPHONEOS_DEPLOYMENT_TARGET = 13.0;
				LD_RUNPATH_SEARCH_PATHS = (
					"$(inherited)",
					"@executable_path/Frameworks",
				);
				MARKETING_VERSION = 1.1;
				PRODUCT_BUNDLE_IDENTIFIER = "Brian-Masse.Fetch---Remastered";
				PRODUCT_NAME = "$(TARGET_NAME)";
				PROVISIONING_PROFILE_SPECIFIER = "";
				SWIFT_VERSION = 5.0;
				TARGETED_DEVICE_FAMILY = "1,2";
			};
			name = Debug;
		};
		C9AF7B9424D375A20030D5A9 /* Release */ = {
			isa = XCBuildConfiguration;
			baseConfigurationReference = 76F129A63FD81F5274790A73 /* Pods-Fetch - Remastered.release.xcconfig */;
			buildSettings = {
				ASSETCATALOG_COMPILER_APPICON_NAME = AppIcon;
				CODE_SIGN_IDENTITY = "Apple Development";
				CODE_SIGN_STYLE = Automatic;
				CURRENT_PROJECT_VERSION = 1.8;
				DEVELOPMENT_TEAM = LN4JU8GNV7;
				INFOPLIST_FILE = "Fetch - Remastered/Info.plist";
				IPHONEOS_DEPLOYMENT_TARGET = 13.0;
				LD_RUNPATH_SEARCH_PATHS = (
					"$(inherited)",
					"@executable_path/Frameworks",
				);
				MARKETING_VERSION = 1.1;
				PRODUCT_BUNDLE_IDENTIFIER = "Brian-Masse.Fetch---Remastered";
				PRODUCT_NAME = "$(TARGET_NAME)";
				PROVISIONING_PROFILE_SPECIFIER = "";
				SWIFT_VERSION = 5.0;
				TARGETED_DEVICE_FAMILY = "1,2";
			};
			name = Release;
		};
/* End XCBuildConfiguration section */

/* Begin XCConfigurationList section */
		C98C31E024E40FD500217317 /* Build configuration list for PBXNativeTarget "Fetch - Remastered Stickers" */ = {
			isa = XCConfigurationList;
			buildConfigurations = (
				C98C31DE24E40FD500217317 /* Debug */,
				C98C31DF24E40FD500217317 /* Release */,
			);
			defaultConfigurationIsVisible = 0;
			defaultConfigurationName = Release;
		};
		C9AF7B7524D375A10030D5A9 /* Build configuration list for PBXProject "Fetch - Remastered" */ = {
			isa = XCConfigurationList;
			buildConfigurations = (
				C9AF7B9024D375A20030D5A9 /* Debug */,
				C9AF7B9124D375A20030D5A9 /* Release */,
			);
			defaultConfigurationIsVisible = 0;
			defaultConfigurationName = Release;
		};
		C9AF7B9224D375A20030D5A9 /* Build configuration list for PBXNativeTarget "Fetch - Remastered" */ = {
			isa = XCConfigurationList;
			buildConfigurations = (
				C9AF7B9324D375A20030D5A9 /* Debug */,
				C9AF7B9424D375A20030D5A9 /* Release */,
			);
			defaultConfigurationIsVisible = 0;
			defaultConfigurationName = Release;
		};
/* End XCConfigurationList section */
	};
	rootObject = C9AF7B7224D375A10030D5A9 /* Project object */;
}
